// !$*UTF8*$!
{
	archiveVersion = 1;
	classes = {
	};
	objectVersion = 46;
	objects = {

/* Begin PBXBuildFile section */
		F4167B111AD5B15000345DCB /* User.swift in Sources */ = {isa = PBXBuildFile; fileRef = F4167B0D1AD5B15000345DCB /* User.swift */; };
		F4167B121AD5B15000345DCB /* User.swift in Sources */ = {isa = PBXBuildFile; fileRef = F4167B0D1AD5B15000345DCB /* User.swift */; };
		F4167B161AD5B17300345DCB /* Error.swift in Sources */ = {isa = PBXBuildFile; fileRef = F4167B151AD5B17300345DCB /* Error.swift */; };
		F4167B171AD5B17300345DCB /* Error.swift in Sources */ = {isa = PBXBuildFile; fileRef = F4167B151AD5B17300345DCB /* Error.swift */; };
		F4167B1C1AD5B1A900345DCB /* BaseResponse.swift in Sources */ = {isa = PBXBuildFile; fileRef = F4167B1B1AD5B1A900345DCB /* BaseResponse.swift */; };
		F4167B1D1AD5B1A900345DCB /* BaseResponse.swift in Sources */ = {isa = PBXBuildFile; fileRef = F4167B1B1AD5B1A900345DCB /* BaseResponse.swift */; };
		F4167B1F1AD5B1B000345DCB /* UserResponse.swift in Sources */ = {isa = PBXBuildFile; fileRef = F4167B1E1AD5B1B000345DCB /* UserResponse.swift */; };
		F4167B201AD5B1B000345DCB /* UserResponse.swift in Sources */ = {isa = PBXBuildFile; fileRef = F4167B1E1AD5B1B000345DCB /* UserResponse.swift */; };
		F4167B221AD5B31D00345DCB /* Wallet.swift in Sources */ = {isa = PBXBuildFile; fileRef = F4167B211AD5B31D00345DCB /* Wallet.swift */; };
		F4167B231AD5B31D00345DCB /* Wallet.swift in Sources */ = {isa = PBXBuildFile; fileRef = F4167B211AD5B31D00345DCB /* Wallet.swift */; };
		F4167B261AD5D15900345DCB /* Comment.swift in Sources */ = {isa = PBXBuildFile; fileRef = F4167B241AD5D15900345DCB /* Comment.swift */; };
		F4167B271AD5D15900345DCB /* Comment.swift in Sources */ = {isa = PBXBuildFile; fileRef = F4167B241AD5D15900345DCB /* Comment.swift */; };
		F4167B281AD5D15900345DCB /* CommentResponse.swift in Sources */ = {isa = PBXBuildFile; fileRef = F4167B251AD5D15900345DCB /* CommentResponse.swift */; };
		F4167B291AD5D15900345DCB /* CommentResponse.swift in Sources */ = {isa = PBXBuildFile; fileRef = F4167B251AD5D15900345DCB /* CommentResponse.swift */; };
		F4167B2C1AD5DC7100345DCB /* Favorite.swift in Sources */ = {isa = PBXBuildFile; fileRef = F4167B2A1AD5DC7100345DCB /* Favorite.swift */; };
		F4167B2D1AD5DC7100345DCB /* Favorite.swift in Sources */ = {isa = PBXBuildFile; fileRef = F4167B2A1AD5DC7100345DCB /* Favorite.swift */; };
		F4167B2E1AD5DC7100345DCB /* FavoriteResponse.swift in Sources */ = {isa = PBXBuildFile; fileRef = F4167B2B1AD5DC7100345DCB /* FavoriteResponse.swift */; };
		F4167B2F1AD5DC7100345DCB /* FavoriteResponse.swift in Sources */ = {isa = PBXBuildFile; fileRef = F4167B2B1AD5DC7100345DCB /* FavoriteResponse.swift */; };
		F41B6FB21B4ACB8700B66B1A /* VideoService.swift in Sources */ = {isa = PBXBuildFile; fileRef = F41B6FB11B4ACB8700B66B1A /* VideoService.swift */; };
		F41B6FB41B4AD58200B66B1A /* VideoTest.swift in Sources */ = {isa = PBXBuildFile; fileRef = F41B6FB31B4AD58200B66B1A /* VideoTest.swift */; };
		F41B6FB51B4AD79A00B66B1A /* VideoService.swift in Sources */ = {isa = PBXBuildFile; fileRef = F41B6FB11B4ACB8700B66B1A /* VideoService.swift */; };
		F41B6FC71B4AEA4400B66B1A /* Behavior.swift in Sources */ = {isa = PBXBuildFile; fileRef = F41B6FC11B4AEA4400B66B1A /* Behavior.swift */; };
		F41B6FC81B4AEA4400B66B1A /* Behavior.swift in Sources */ = {isa = PBXBuildFile; fileRef = F41B6FC11B4AEA4400B66B1A /* Behavior.swift */; };
		F41B6FC91B4AEA4400B66B1A /* Catalog.swift in Sources */ = {isa = PBXBuildFile; fileRef = F41B6FC21B4AEA4400B66B1A /* Catalog.swift */; };
		F41B6FCA1B4AEA4400B66B1A /* Catalog.swift in Sources */ = {isa = PBXBuildFile; fileRef = F41B6FC21B4AEA4400B66B1A /* Catalog.swift */; };
		F41B6FCD1B4AEA4400B66B1A /* Video.swift in Sources */ = {isa = PBXBuildFile; fileRef = F41B6FC41B4AEA4400B66B1A /* Video.swift */; };
		F41B6FCE1B4AEA4400B66B1A /* Video.swift in Sources */ = {isa = PBXBuildFile; fileRef = F41B6FC41B4AEA4400B66B1A /* Video.swift */; };
		F41B6FCF1B4AEA4400B66B1A /* UseUploaded.swift in Sources */ = {isa = PBXBuildFile; fileRef = F41B6FC51B4AEA4400B66B1A /* UseUploaded.swift */; };
		F41B6FD01B4AEA4400B66B1A /* UseUploaded.swift in Sources */ = {isa = PBXBuildFile; fileRef = F41B6FC51B4AEA4400B66B1A /* UseUploaded.swift */; };
		F41B6FD11B4AEA4400B66B1A /* VideoResponse.swift in Sources */ = {isa = PBXBuildFile; fileRef = F41B6FC61B4AEA4400B66B1A /* VideoResponse.swift */; };
		F41B6FD21B4AEA4400B66B1A /* VideoResponse.swift in Sources */ = {isa = PBXBuildFile; fileRef = F41B6FC61B4AEA4400B66B1A /* VideoResponse.swift */; };
		F41B6FD41B4AEC4300B66B1A /* Asset.swift in Sources */ = {isa = PBXBuildFile; fileRef = F41B6FD31B4AEC4300B66B1A /* Asset.swift */; };
		F41B6FD51B4AEC4300B66B1A /* Asset.swift in Sources */ = {isa = PBXBuildFile; fileRef = F41B6FD31B4AEC4300B66B1A /* Asset.swift */; };
		F423DECE1B8CB4E100720B8B /* SimpleUser.swift in Sources */ = {isa = PBXBuildFile; fileRef = F423DECD1B8CB4E100720B8B /* SimpleUser.swift */; };
		F423DECF1B8CE8E300720B8B /* SimpleUser.swift in Sources */ = {isa = PBXBuildFile; fileRef = F423DECD1B8CB4E100720B8B /* SimpleUser.swift */; };
		F423DED11B8CF1AD00720B8B /* Contributor.swift in Sources */ = {isa = PBXBuildFile; fileRef = F423DED01B8CF1AD00720B8B /* Contributor.swift */; };
		F423DED21B8CF1AD00720B8B /* Contributor.swift in Sources */ = {isa = PBXBuildFile; fileRef = F423DED01B8CF1AD00720B8B /* Contributor.swift */; };
		F423DED41B8CF1C800720B8B /* Artist.swift in Sources */ = {isa = PBXBuildFile; fileRef = F423DED31B8CF1C800720B8B /* Artist.swift */; };
		F423DED51B8CF1C800720B8B /* Artist.swift in Sources */ = {isa = PBXBuildFile; fileRef = F423DED31B8CF1C800720B8B /* Artist.swift */; };
		F43EED791ADD4ADE001EFC8B /* Friend.swift in Sources */ = {isa = PBXBuildFile; fileRef = F43EED771ADD4ADE001EFC8B /* Friend.swift */; };
		F43EED7A1ADD4ADE001EFC8B /* Friend.swift in Sources */ = {isa = PBXBuildFile; fileRef = F43EED771ADD4ADE001EFC8B /* Friend.swift */; };
		F43EED7B1ADD4ADE001EFC8B /* FriendsResponse.swift in Sources */ = {isa = PBXBuildFile; fileRef = F43EED781ADD4ADE001EFC8B /* FriendsResponse.swift */; };
		F43EED7C1ADD4ADE001EFC8B /* FriendsResponse.swift in Sources */ = {isa = PBXBuildFile; fileRef = F43EED781ADD4ADE001EFC8B /* FriendsResponse.swift */; };
		F43EED891ADD5E3E001EFC8B /* Page.swift in Sources */ = {isa = PBXBuildFile; fileRef = F43EED801ADD5E3E001EFC8B /* Page.swift */; };
		F43EED8A1ADD5E3E001EFC8B /* Page.swift in Sources */ = {isa = PBXBuildFile; fileRef = F43EED801ADD5E3E001EFC8B /* Page.swift */; };
		F43EED8B1ADD5E3E001EFC8B /* Sku.swift in Sources */ = {isa = PBXBuildFile; fileRef = F43EED811ADD5E3E001EFC8B /* Sku.swift */; };
		F43EED8C1ADD5E3E001EFC8B /* Sku.swift in Sources */ = {isa = PBXBuildFile; fileRef = F43EED811ADD5E3E001EFC8B /* Sku.swift */; };
		F43EED8D1ADD5E3E001EFC8B /* StoreResponse.swift in Sources */ = {isa = PBXBuildFile; fileRef = F43EED821ADD5E3E001EFC8B /* StoreResponse.swift */; };
		F43EED8E1ADD5E3E001EFC8B /* StoreResponse.swift in Sources */ = {isa = PBXBuildFile; fileRef = F43EED821ADD5E3E001EFC8B /* StoreResponse.swift */; };
		F43EED901ADD5E65001EFC8B /* Related.swift in Sources */ = {isa = PBXBuildFile; fileRef = F43EED8F1ADD5E65001EFC8B /* Related.swift */; };
		F43EED911ADD5E65001EFC8B /* Related.swift in Sources */ = {isa = PBXBuildFile; fileRef = F43EED8F1ADD5E65001EFC8B /* Related.swift */; };
		F43EED941ADD6EE3001EFC8B /* GuestUser.swift in Sources */ = {isa = PBXBuildFile; fileRef = F43EED921ADD6EE3001EFC8B /* GuestUser.swift */; };
		F43EED951ADD6EE3001EFC8B /* GuestUser.swift in Sources */ = {isa = PBXBuildFile; fileRef = F43EED921ADD6EE3001EFC8B /* GuestUser.swift */; };
		F43EED961ADD6EE3001EFC8B /* GuestUserResponse.swift in Sources */ = {isa = PBXBuildFile; fileRef = F43EED931ADD6EE3001EFC8B /* GuestUserResponse.swift */; };
		F43EED971ADD6EE3001EFC8B /* GuestUserResponse.swift in Sources */ = {isa = PBXBuildFile; fileRef = F43EED931ADD6EE3001EFC8B /* GuestUserResponse.swift */; };
		F43EED991ADD8519001EFC8B /* CartResponse.swift in Sources */ = {isa = PBXBuildFile; fileRef = F43EED981ADD8519001EFC8B /* CartResponse.swift */; };
		F43EED9A1ADD8519001EFC8B /* CartResponse.swift in Sources */ = {isa = PBXBuildFile; fileRef = F43EED981ADD8519001EFC8B /* CartResponse.swift */; };
		F43EED9D1ADD8B50001EFC8B /* Cartsku.swift in Sources */ = {isa = PBXBuildFile; fileRef = F43EED9B1ADD8B50001EFC8B /* Cartsku.swift */; };
		F43EED9E1ADD8B50001EFC8B /* Cartsku.swift in Sources */ = {isa = PBXBuildFile; fileRef = F43EED9B1ADD8B50001EFC8B /* Cartsku.swift */; };
		F43EED9F1ADD8B50001EFC8B /* CartSKUResponse.swift in Sources */ = {isa = PBXBuildFile; fileRef = F43EED9C1ADD8B50001EFC8B /* CartSKUResponse.swift */; };
		F43EEDA01ADD8B50001EFC8B /* CartSKUResponse.swift in Sources */ = {isa = PBXBuildFile; fileRef = F43EED9C1ADD8B50001EFC8B /* CartSKUResponse.swift */; };
		F43EEDA51ADD949F001EFC8B /* Cart.swift in Sources */ = {isa = PBXBuildFile; fileRef = F43EEDA11ADD949F001EFC8B /* Cart.swift */; };
		F43EEDA61ADD949F001EFC8B /* Cart.swift in Sources */ = {isa = PBXBuildFile; fileRef = F43EEDA11ADD949F001EFC8B /* Cart.swift */; };
		F43EEDA71ADD949F001EFC8B /* CartDetails.swift in Sources */ = {isa = PBXBuildFile; fileRef = F43EEDA21ADD949F001EFC8B /* CartDetails.swift */; };
		F43EEDA81ADD949F001EFC8B /* CartDetails.swift in Sources */ = {isa = PBXBuildFile; fileRef = F43EEDA21ADD949F001EFC8B /* CartDetails.swift */; };
		F43EEDA91ADD949F001EFC8B /* GetCartResponse.swift in Sources */ = {isa = PBXBuildFile; fileRef = F43EEDA31ADD949F001EFC8B /* GetCartResponse.swift */; };
		F43EEDAA1ADD949F001EFC8B /* GetCartResponse.swift in Sources */ = {isa = PBXBuildFile; fileRef = F43EEDA31ADD949F001EFC8B /* GetCartResponse.swift */; };
		F43EEDAB1ADD949F001EFC8B /* Item.swift in Sources */ = {isa = PBXBuildFile; fileRef = F43EEDA41ADD949F001EFC8B /* Item.swift */; };
		F43EEDAC1ADD949F001EFC8B /* Item.swift in Sources */ = {isa = PBXBuildFile; fileRef = F43EEDA41ADD949F001EFC8B /* Item.swift */; };
		F43EEDAF1ADDA005001EFC8B /* Shippable.swift in Sources */ = {isa = PBXBuildFile; fileRef = F43EEDAD1ADDA005001EFC8B /* Shippable.swift */; };
		F43EEDB01ADDA005001EFC8B /* Shippable.swift in Sources */ = {isa = PBXBuildFile; fileRef = F43EEDAD1ADDA005001EFC8B /* Shippable.swift */; };
		F43EEDB11ADDA005001EFC8B /* ShippableResponse.swift in Sources */ = {isa = PBXBuildFile; fileRef = F43EEDAE1ADDA005001EFC8B /* ShippableResponse.swift */; };
		F43EEDB21ADDA005001EFC8B /* ShippableResponse.swift in Sources */ = {isa = PBXBuildFile; fileRef = F43EEDAE1ADDA005001EFC8B /* ShippableResponse.swift */; };
		F43EEDB61ADDA34C001EFC8B /* Countries.swift in Sources */ = {isa = PBXBuildFile; fileRef = F43EEDB31ADDA34C001EFC8B /* Countries.swift */; };
		F43EEDB71ADDA34C001EFC8B /* Countries.swift in Sources */ = {isa = PBXBuildFile; fileRef = F43EEDB31ADDA34C001EFC8B /* Countries.swift */; };
		F43EEDB81ADDA34C001EFC8B /* CountriesResponse.swift in Sources */ = {isa = PBXBuildFile; fileRef = F43EEDB41ADDA34C001EFC8B /* CountriesResponse.swift */; };
		F43EEDB91ADDA34C001EFC8B /* CountriesResponse.swift in Sources */ = {isa = PBXBuildFile; fileRef = F43EEDB41ADDA34C001EFC8B /* CountriesResponse.swift */; };
		F43EEDBA1ADDA34C001EFC8B /* Country.swift in Sources */ = {isa = PBXBuildFile; fileRef = F43EEDB51ADDA34C001EFC8B /* Country.swift */; };
		F43EEDBB1ADDA34C001EFC8B /* Country.swift in Sources */ = {isa = PBXBuildFile; fileRef = F43EEDB51ADDA34C001EFC8B /* Country.swift */; };
		F43EEDBF1ADDA60A001EFC8B /* CheckoutResponse.swift in Sources */ = {isa = PBXBuildFile; fileRef = F43EEDBC1ADDA60A001EFC8B /* CheckoutResponse.swift */; };
		F43EEDC01ADDA60A001EFC8B /* CheckoutResponse.swift in Sources */ = {isa = PBXBuildFile; fileRef = F43EEDBC1ADDA60A001EFC8B /* CheckoutResponse.swift */; };
		F43EEDC11ADDA60A001EFC8B /* Checkout.swift in Sources */ = {isa = PBXBuildFile; fileRef = F43EEDBD1ADDA60A001EFC8B /* Checkout.swift */; };
		F43EEDC21ADDA60A001EFC8B /* Checkout.swift in Sources */ = {isa = PBXBuildFile; fileRef = F43EEDBD1ADDA60A001EFC8B /* Checkout.swift */; };
		F43EEDC31ADDA60A001EFC8B /* Invoice.swift in Sources */ = {isa = PBXBuildFile; fileRef = F43EEDBE1ADDA60A001EFC8B /* Invoice.swift */; };
		F43EEDC41ADDA60A001EFC8B /* Invoice.swift in Sources */ = {isa = PBXBuildFile; fileRef = F43EEDBE1ADDA60A001EFC8B /* Invoice.swift */; };
		F43EEDC71ADDB00B001EFC8B /* RegisteredUser.swift in Sources */ = {isa = PBXBuildFile; fileRef = F43EEDC51ADDB00B001EFC8B /* RegisteredUser.swift */; };
		F43EEDC81ADDB00B001EFC8B /* RegisteredUser.swift in Sources */ = {isa = PBXBuildFile; fileRef = F43EEDC51ADDB00B001EFC8B /* RegisteredUser.swift */; };
		F43EEDC91ADDB00B001EFC8B /* RegisteredUserResponse.swift in Sources */ = {isa = PBXBuildFile; fileRef = F43EEDC61ADDB00B001EFC8B /* RegisteredUserResponse.swift */; };
		F43EEDCA1ADDB00B001EFC8B /* RegisteredUserResponse.swift in Sources */ = {isa = PBXBuildFile; fileRef = F43EEDC61ADDB00B001EFC8B /* RegisteredUserResponse.swift */; };
		F44231881BA370FD0004810F /* MetricService.swift in Sources */ = {isa = PBXBuildFile; fileRef = F44231871BA370FD0004810F /* MetricService.swift */; };
		F44231891BA371240004810F /* MetricService.swift in Sources */ = {isa = PBXBuildFile; fileRef = F44231871BA370FD0004810F /* MetricService.swift */; };
		F442318B1BA371CF0004810F /* LeaderboardService.swift in Sources */ = {isa = PBXBuildFile; fileRef = F442318A1BA371CF0004810F /* LeaderboardService.swift */; };
		F442318C1BA371D40004810F /* LeaderboardService.swift in Sources */ = {isa = PBXBuildFile; fileRef = F442318A1BA371CF0004810F /* LeaderboardService.swift */; };
		F44231901BA372C40004810F /* Entrie.swift in Sources */ = {isa = PBXBuildFile; fileRef = F442318E1BA372C40004810F /* Entrie.swift */; };
		F44231911BA372C40004810F /* Entrie.swift in Sources */ = {isa = PBXBuildFile; fileRef = F442318E1BA372C40004810F /* Entrie.swift */; };
		F44231921BA372C40004810F /* Leaderboard.swift in Sources */ = {isa = PBXBuildFile; fileRef = F442318F1BA372C40004810F /* Leaderboard.swift */; };
		F44231931BA372C40004810F /* Leaderboard.swift in Sources */ = {isa = PBXBuildFile; fileRef = F442318F1BA372C40004810F /* Leaderboard.swift */; };
		F46ABB0B1BA70AC5004DF427 /* LeaderboardTest.swift in Sources */ = {isa = PBXBuildFile; fileRef = F46ABB0A1BA70AC5004DF427 /* LeaderboardTest.swift */; };
		F46ABB0D1BA71517004DF427 /* LeaderboardResponse.swift in Sources */ = {isa = PBXBuildFile; fileRef = F46ABB0C1BA71517004DF427 /* LeaderboardResponse.swift */; };
		F46ABB0E1BA7151B004DF427 /* LeaderboardResponse.swift in Sources */ = {isa = PBXBuildFile; fileRef = F46ABB0C1BA71517004DF427 /* LeaderboardResponse.swift */; };
		F46ABB111BA71AA0004DF427 /* StrategiesResponse.swift in Sources */ = {isa = PBXBuildFile; fileRef = F46ABB101BA71AA0004DF427 /* StrategiesResponse.swift */; };
		F46ABB121BA71AA0004DF427 /* StrategiesResponse.swift in Sources */ = {isa = PBXBuildFile; fileRef = F46ABB101BA71AA0004DF427 /* StrategiesResponse.swift */; };
		F46ABB151BA72043004DF427 /* UserRankResponse.swift in Sources */ = {isa = PBXBuildFile; fileRef = F46ABB141BA72043004DF427 /* UserRankResponse.swift */; };
		F46ABB161BA72043004DF427 /* UserRankResponse.swift in Sources */ = {isa = PBXBuildFile; fileRef = F46ABB141BA72043004DF427 /* UserRankResponse.swift */; };
		F46ABB181BA721C0004DF427 /* MetricTest.swift in Sources */ = {isa = PBXBuildFile; fileRef = F46ABB171BA721C0004DF427 /* MetricTest.swift */; };
		F46ABB1B1BA7222C004DF427 /* Metric.swift in Sources */ = {isa = PBXBuildFile; fileRef = F46ABB1A1BA7222C004DF427 /* Metric.swift */; };
		F46ABB1C1BA7222C004DF427 /* Metric.swift in Sources */ = {isa = PBXBuildFile; fileRef = F46ABB1A1BA7222C004DF427 /* Metric.swift */; };
		F4759B781BAB1D220047C6BA /* WalletService.swift in Sources */ = {isa = PBXBuildFile; fileRef = F4759B771BAB1D220047C6BA /* WalletService.swift */; };
		F4759B791BAB1D220047C6BA /* WalletService.swift in Sources */ = {isa = PBXBuildFile; fileRef = F4759B771BAB1D220047C6BA /* WalletService.swift */; };
		F4759B7D1BAB20500047C6BA /* WalletRequest.swift in Sources */ = {isa = PBXBuildFile; fileRef = F4759B7C1BAB20500047C6BA /* WalletRequest.swift */; };
		F4759B7E1BAB20500047C6BA /* WalletRequest.swift in Sources */ = {isa = PBXBuildFile; fileRef = F4759B7C1BAB20500047C6BA /* WalletRequest.swift */; };
		F4759B811BAB208A0047C6BA /* WalletTest.swift in Sources */ = {isa = PBXBuildFile; fileRef = F4759B7F1BAB208A0047C6BA /* WalletTest.swift */; };
		F4759B831BAB2CB40047C6BA /* WalletResponse.swift in Sources */ = {isa = PBXBuildFile; fileRef = F4759B821BAB2CB40047C6BA /* WalletResponse.swift */; };
		F4759B841BAB2CB40047C6BA /* WalletResponse.swift in Sources */ = {isa = PBXBuildFile; fileRef = F4759B821BAB2CB40047C6BA /* WalletResponse.swift */; };
		F47822F41AA7967F004464E1 /* JsapiApi.swift in Sources */ = {isa = PBXBuildFile; fileRef = F4A1AAD71AA6172C00D17F43 /* JsapiApi.swift */; };
		F47822F51AA7967F004464E1 /* JSAPIConstant.swift in Sources */ = {isa = PBXBuildFile; fileRef = F48006631AA656F600B27561 /* JSAPIConstant.swift */; };
		F47861931AB1BD7400A10B02 /* Utilities.swift in Sources */ = {isa = PBXBuildFile; fileRef = F47861921AB1BD7400A10B02 /* Utilities.swift */; };
		F47861941AB1BD7400A10B02 /* Utilities.swift in Sources */ = {isa = PBXBuildFile; fileRef = F47861921AB1BD7400A10B02 /* Utilities.swift */; };
		F47861961AB1E62B00A10B02 /* JsapiRest.swift in Sources */ = {isa = PBXBuildFile; fileRef = F47861951AB1E62B00A10B02 /* JsapiRest.swift */; };
		F47861971AB1E62B00A10B02 /* JsapiRest.swift in Sources */ = {isa = PBXBuildFile; fileRef = F47861951AB1E62B00A10B02 /* JsapiRest.swift */; };
		F47BB5A51ABC8457009AD1F6 /* UserService.swift in Sources */ = {isa = PBXBuildFile; fileRef = F47BB5A41ABC8457009AD1F6 /* UserService.swift */; };
		F47BB5A61ABC8457009AD1F6 /* UserService.swift in Sources */ = {isa = PBXBuildFile; fileRef = F47BB5A41ABC8457009AD1F6 /* UserService.swift */; };
		F47BF4E91AC2096200F2FB17 /* CommentService.swift in Sources */ = {isa = PBXBuildFile; fileRef = F47BF4E81AC2096200F2FB17 /* CommentService.swift */; };
		F47BF4EA1AC2096200F2FB17 /* CommentService.swift in Sources */ = {isa = PBXBuildFile; fileRef = F47BF4E81AC2096200F2FB17 /* CommentService.swift */; };
		F47F8F811B45A5A400934807 /* RegistrationTest.swift in Sources */ = {isa = PBXBuildFile; fileRef = F47F8F7F1B45A5A400934807 /* RegistrationTest.swift */; };
		F47F8F831B45A5FD00934807 /* CommentsTest.swift in Sources */ = {isa = PBXBuildFile; fileRef = F47F8F821B45A5FD00934807 /* CommentsTest.swift */; };
		F47F8F851B45A61100934807 /* StoreTest.swift in Sources */ = {isa = PBXBuildFile; fileRef = F47F8F841B45A61100934807 /* StoreTest.swift */; };
		F47F8F871B45A63200934807 /* FriendShipTest.swift in Sources */ = {isa = PBXBuildFile; fileRef = F47F8F861B45A63200934807 /* FriendShipTest.swift */; };
		F47F8F891B45A64700934807 /* UserTest.swift in Sources */ = {isa = PBXBuildFile; fileRef = F47F8F881B45A64700934807 /* UserTest.swift */; };
		F47F8F8B1B45A66F00934807 /* FavoriteTest.swift in Sources */ = {isa = PBXBuildFile; fileRef = F47F8F8A1B45A66F00934807 /* FavoriteTest.swift */; };
		F48006641AA656F600B27561 /* JSAPIConstant.swift in Sources */ = {isa = PBXBuildFile; fileRef = F48006631AA656F600B27561 /* JSAPIConstant.swift */; };
		F483B3E11AC5A48300A869C5 /* FriendshipService.swift in Sources */ = {isa = PBXBuildFile; fileRef = F483B3E01AC5A48300A869C5 /* FriendshipService.swift */; };
		F483B3E21AC5A48300A869C5 /* FriendshipService.swift in Sources */ = {isa = PBXBuildFile; fileRef = F483B3E01AC5A48300A869C5 /* FriendshipService.swift */; };
		F48B9BC41AB0EBDC0069DBFA /* CartService.swift in Sources */ = {isa = PBXBuildFile; fileRef = F48B9BC31AB0EBDC0069DBFA /* CartService.swift */; };
		F48B9BC51AB0EBDC0069DBFA /* CartService.swift in Sources */ = {isa = PBXBuildFile; fileRef = F48B9BC31AB0EBDC0069DBFA /* CartService.swift */; };
		F48BBD231ABB135B00EAFE09 /* Registration.swift in Sources */ = {isa = PBXBuildFile; fileRef = F48BBD221ABB135B00EAFE09 /* Registration.swift */; };
		F48BBD241ABB135B00EAFE09 /* Registration.swift in Sources */ = {isa = PBXBuildFile; fileRef = F48BBD221ABB135B00EAFE09 /* Registration.swift */; };
		F49EB5301ACAE8240030437F /* StoreService.swift in Sources */ = {isa = PBXBuildFile; fileRef = F49EB52F1ACAE8240030437F /* StoreService.swift */; };
		F49EB5311ACAE8240030437F /* StoreService.swift in Sources */ = {isa = PBXBuildFile; fileRef = F49EB52F1ACAE8240030437F /* StoreService.swift */; };
		F4A1AAC11AA6147500D17F43 /* JsapiApi.h in Headers */ = {isa = PBXBuildFile; fileRef = F4A1AAC01AA6147500D17F43 /* JsapiApi.h */; settings = {ATTRIBUTES = (Public, ); }; };
		F4A1AAC71AA6147600D17F43 /* JsapiApi.framework in Frameworks */ = {isa = PBXBuildFile; fileRef = F4A1AABB1AA6147500D17F43 /* JsapiApi.framework */; };
		F4A1AACE1AA6147600D17F43 /* JsapiApiTests.swift in Sources */ = {isa = PBXBuildFile; fileRef = F4A1AACD1AA6147600D17F43 /* JsapiApiTests.swift */; };
		F4A1AAD81AA6172C00D17F43 /* JsapiApi.swift in Sources */ = {isa = PBXBuildFile; fileRef = F4A1AAD71AA6172C00D17F43 /* JsapiApi.swift */; };
		F4AEA4211B8E1D0C0001F61A /* DispositionService.swift in Sources */ = {isa = PBXBuildFile; fileRef = F4AEA4201B8E1D0C0001F61A /* DispositionService.swift */; };
		F4AEA4231B8E1DD40001F61A /* DispositionTest.swift in Sources */ = {isa = PBXBuildFile; fileRef = F4AEA4221B8E1DD40001F61A /* DispositionTest.swift */; };
		F4AEA4241B8E1E420001F61A /* DispositionService.swift in Sources */ = {isa = PBXBuildFile; fileRef = F4AEA4201B8E1D0C0001F61A /* DispositionService.swift */; };
		F4AEA42B1B8E26AC0001F61A /* Disposition.swift in Sources */ = {isa = PBXBuildFile; fileRef = F4AEA4261B8E26AC0001F61A /* Disposition.swift */; };
		F4AEA42C1B8E26AC0001F61A /* Disposition.swift in Sources */ = {isa = PBXBuildFile; fileRef = F4AEA4261B8E26AC0001F61A /* Disposition.swift */; };
		F4AEA42D1B8E26AC0001F61A /* DispositionResponse.swift in Sources */ = {isa = PBXBuildFile; fileRef = F4AEA4271B8E26AC0001F61A /* DispositionResponse.swift */; };
		F4AEA42E1B8E26AC0001F61A /* DispositionResponse.swift in Sources */ = {isa = PBXBuildFile; fileRef = F4AEA4271B8E26AC0001F61A /* DispositionResponse.swift */; };
		F4AEA4311B8E26AC0001F61A /* Dispositions.swift in Sources */ = {isa = PBXBuildFile; fileRef = F4AEA4291B8E26AC0001F61A /* Dispositions.swift */; };
		F4AEA4321B8E26AC0001F61A /* Dispositions.swift in Sources */ = {isa = PBXBuildFile; fileRef = F4AEA4291B8E26AC0001F61A /* Dispositions.swift */; };
		F4AEA4361B8E2E100001F61A /* NewDispositionResponse.swift in Sources */ = {isa = PBXBuildFile; fileRef = F4AEA4351B8E2E100001F61A /* NewDispositionResponse.swift */; };
		F4AEA4371B8E2E100001F61A /* NewDispositionResponse.swift in Sources */ = {isa = PBXBuildFile; fileRef = F4AEA4351B8E2E100001F61A /* NewDispositionResponse.swift */; };
		F4C41C691B46D6CF0057F1A6 /* CartTest.swift in Sources */ = {isa = PBXBuildFile; fileRef = F4C41C681B46D6CF0057F1A6 /* CartTest.swift */; };
		F4D5867C1ACDC0AA001B47CA /* FavoriteService.swift in Sources */ = {isa = PBXBuildFile; fileRef = F4D5867B1ACDC0AA001B47CA /* FavoriteService.swift */; };
		F4D5867D1ACDC0AA001B47CA /* FavoriteService.swift in Sources */ = {isa = PBXBuildFile; fileRef = F4D5867B1ACDC0AA001B47CA /* FavoriteService.swift */; };
		F4F800321B4B3BE10048DEEC /* NewVideo.swift in Sources */ = {isa = PBXBuildFile; fileRef = F4F800301B4B3BE10048DEEC /* NewVideo.swift */; };
		F4F800331B4B3BE10048DEEC /* NewVideo.swift in Sources */ = {isa = PBXBuildFile; fileRef = F4F800301B4B3BE10048DEEC /* NewVideo.swift */; };
		F4F800341B4B3BE10048DEEC /* AddVideoResponse.swift in Sources */ = {isa = PBXBuildFile; fileRef = F4F800311B4B3BE10048DEEC /* AddVideoResponse.swift */; };
		F4F800351B4B3BE10048DEEC /* AddVideoResponse.swift in Sources */ = {isa = PBXBuildFile; fileRef = F4F800311B4B3BE10048DEEC /* AddVideoResponse.swift */; };
/* End PBXBuildFile section */

/* Begin PBXContainerItemProxy section */
		F4A1AAC81AA6147600D17F43 /* PBXContainerItemProxy */ = {
			isa = PBXContainerItemProxy;
			containerPortal = F4A1AAB21AA6147500D17F43 /* Project object */;
			proxyType = 1;
			remoteGlobalIDString = F4A1AABA1AA6147500D17F43;
			remoteInfo = JsapiApi;
		};
/* End PBXContainerItemProxy section */

/* Begin PBXFileReference section */
		F4167B0D1AD5B15000345DCB /* User.swift */ = {isa = PBXFileReference; fileEncoding = 4; lastKnownFileType = sourcecode.swift; path = User.swift; sourceTree = "<group>"; };
		F4167B151AD5B17300345DCB /* Error.swift */ = {isa = PBXFileReference; fileEncoding = 4; lastKnownFileType = sourcecode.swift; path = Error.swift; sourceTree = "<group>"; };
		F4167B1B1AD5B1A900345DCB /* BaseResponse.swift */ = {isa = PBXFileReference; fileEncoding = 4; lastKnownFileType = sourcecode.swift; path = BaseResponse.swift; sourceTree = "<group>"; };
		F4167B1E1AD5B1B000345DCB /* UserResponse.swift */ = {isa = PBXFileReference; fileEncoding = 4; lastKnownFileType = sourcecode.swift; path = UserResponse.swift; sourceTree = "<group>"; };
		F4167B211AD5B31D00345DCB /* Wallet.swift */ = {isa = PBXFileReference; fileEncoding = 4; lastKnownFileType = sourcecode.swift; path = Wallet.swift; sourceTree = "<group>"; };
		F4167B241AD5D15900345DCB /* Comment.swift */ = {isa = PBXFileReference; fileEncoding = 4; lastKnownFileType = sourcecode.swift; path = Comment.swift; sourceTree = "<group>"; };
		F4167B251AD5D15900345DCB /* CommentResponse.swift */ = {isa = PBXFileReference; fileEncoding = 4; lastKnownFileType = sourcecode.swift; path = CommentResponse.swift; sourceTree = "<group>"; };
		F4167B2A1AD5DC7100345DCB /* Favorite.swift */ = {isa = PBXFileReference; fileEncoding = 4; lastKnownFileType = sourcecode.swift; path = Favorite.swift; sourceTree = "<group>"; };
		F4167B2B1AD5DC7100345DCB /* FavoriteResponse.swift */ = {isa = PBXFileReference; fileEncoding = 4; lastKnownFileType = sourcecode.swift; path = FavoriteResponse.swift; sourceTree = "<group>"; };
		F41B6FB11B4ACB8700B66B1A /* VideoService.swift */ = {isa = PBXFileReference; fileEncoding = 4; lastKnownFileType = sourcecode.swift; path = VideoService.swift; sourceTree = "<group>"; };
		F41B6FB31B4AD58200B66B1A /* VideoTest.swift */ = {isa = PBXFileReference; fileEncoding = 4; lastKnownFileType = sourcecode.swift; path = VideoTest.swift; sourceTree = "<group>"; };
		F41B6FC11B4AEA4400B66B1A /* Behavior.swift */ = {isa = PBXFileReference; fileEncoding = 4; lastKnownFileType = sourcecode.swift; name = Behavior.swift; path = ../Video/Behavior.swift; sourceTree = "<group>"; };
		F41B6FC21B4AEA4400B66B1A /* Catalog.swift */ = {isa = PBXFileReference; fileEncoding = 4; lastKnownFileType = sourcecode.swift; name = Catalog.swift; path = ../Video/Catalog.swift; sourceTree = "<group>"; };
		F41B6FC41B4AEA4400B66B1A /* Video.swift */ = {isa = PBXFileReference; fileEncoding = 4; lastKnownFileType = sourcecode.swift; path = Video.swift; sourceTree = "<group>"; };
		F41B6FC51B4AEA4400B66B1A /* UseUploaded.swift */ = {isa = PBXFileReference; fileEncoding = 4; lastKnownFileType = sourcecode.swift; name = UseUploaded.swift; path = ../Video/UseUploaded.swift; sourceTree = "<group>"; };
		F41B6FC61B4AEA4400B66B1A /* VideoResponse.swift */ = {isa = PBXFileReference; fileEncoding = 4; lastKnownFileType = sourcecode.swift; path = VideoResponse.swift; sourceTree = "<group>"; };
		F41B6FD31B4AEC4300B66B1A /* Asset.swift */ = {isa = PBXFileReference; fileEncoding = 4; lastKnownFileType = sourcecode.swift; name = Asset.swift; path = ../Video/Asset.swift; sourceTree = "<group>"; };
		F423DECD1B8CB4E100720B8B /* SimpleUser.swift */ = {isa = PBXFileReference; fileEncoding = 4; lastKnownFileType = sourcecode.swift; path = SimpleUser.swift; sourceTree = "<group>"; };
		F423DED01B8CF1AD00720B8B /* Contributor.swift */ = {isa = PBXFileReference; fileEncoding = 4; lastKnownFileType = sourcecode.swift; path = Contributor.swift; sourceTree = "<group>"; };
		F423DED31B8CF1C800720B8B /* Artist.swift */ = {isa = PBXFileReference; fileEncoding = 4; lastKnownFileType = sourcecode.swift; path = Artist.swift; sourceTree = "<group>"; };
		F43EED771ADD4ADE001EFC8B /* Friend.swift */ = {isa = PBXFileReference; fileEncoding = 4; lastKnownFileType = sourcecode.swift; path = Friend.swift; sourceTree = "<group>"; };
		F43EED781ADD4ADE001EFC8B /* FriendsResponse.swift */ = {isa = PBXFileReference; fileEncoding = 4; lastKnownFileType = sourcecode.swift; path = FriendsResponse.swift; sourceTree = "<group>"; };
		F43EED801ADD5E3E001EFC8B /* Page.swift */ = {isa = PBXFileReference; fileEncoding = 4; lastKnownFileType = sourcecode.swift; path = Page.swift; sourceTree = "<group>"; };
		F43EED811ADD5E3E001EFC8B /* Sku.swift */ = {isa = PBXFileReference; fileEncoding = 4; lastKnownFileType = sourcecode.swift; path = Sku.swift; sourceTree = "<group>"; };
		F43EED821ADD5E3E001EFC8B /* StoreResponse.swift */ = {isa = PBXFileReference; fileEncoding = 4; lastKnownFileType = sourcecode.swift; path = StoreResponse.swift; sourceTree = "<group>"; };
		F43EED8F1ADD5E65001EFC8B /* Related.swift */ = {isa = PBXFileReference; fileEncoding = 4; lastKnownFileType = sourcecode.swift; path = Related.swift; sourceTree = "<group>"; };
		F43EED921ADD6EE3001EFC8B /* GuestUser.swift */ = {isa = PBXFileReference; fileEncoding = 4; lastKnownFileType = sourcecode.swift; path = GuestUser.swift; sourceTree = "<group>"; };
		F43EED931ADD6EE3001EFC8B /* GuestUserResponse.swift */ = {isa = PBXFileReference; fileEncoding = 4; lastKnownFileType = sourcecode.swift; path = GuestUserResponse.swift; sourceTree = "<group>"; };
		F43EED981ADD8519001EFC8B /* CartResponse.swift */ = {isa = PBXFileReference; fileEncoding = 4; lastKnownFileType = sourcecode.swift; path = CartResponse.swift; sourceTree = "<group>"; };
		F43EED9B1ADD8B50001EFC8B /* Cartsku.swift */ = {isa = PBXFileReference; fileEncoding = 4; lastKnownFileType = sourcecode.swift; path = Cartsku.swift; sourceTree = "<group>"; };
		F43EED9C1ADD8B50001EFC8B /* CartSKUResponse.swift */ = {isa = PBXFileReference; fileEncoding = 4; lastKnownFileType = sourcecode.swift; path = CartSKUResponse.swift; sourceTree = "<group>"; };
		F43EEDA11ADD949F001EFC8B /* Cart.swift */ = {isa = PBXFileReference; fileEncoding = 4; lastKnownFileType = sourcecode.swift; path = Cart.swift; sourceTree = "<group>"; };
		F43EEDA21ADD949F001EFC8B /* CartDetails.swift */ = {isa = PBXFileReference; fileEncoding = 4; lastKnownFileType = sourcecode.swift; path = CartDetails.swift; sourceTree = "<group>"; };
		F43EEDA31ADD949F001EFC8B /* GetCartResponse.swift */ = {isa = PBXFileReference; fileEncoding = 4; lastKnownFileType = sourcecode.swift; path = GetCartResponse.swift; sourceTree = "<group>"; };
		F43EEDA41ADD949F001EFC8B /* Item.swift */ = {isa = PBXFileReference; fileEncoding = 4; lastKnownFileType = sourcecode.swift; path = Item.swift; sourceTree = "<group>"; };
		F43EEDAD1ADDA005001EFC8B /* Shippable.swift */ = {isa = PBXFileReference; fileEncoding = 4; lastKnownFileType = sourcecode.swift; path = Shippable.swift; sourceTree = "<group>"; };
		F43EEDAE1ADDA005001EFC8B /* ShippableResponse.swift */ = {isa = PBXFileReference; fileEncoding = 4; lastKnownFileType = sourcecode.swift; path = ShippableResponse.swift; sourceTree = "<group>"; };
		F43EEDB31ADDA34C001EFC8B /* Countries.swift */ = {isa = PBXFileReference; fileEncoding = 4; lastKnownFileType = sourcecode.swift; path = Countries.swift; sourceTree = "<group>"; };
		F43EEDB41ADDA34C001EFC8B /* CountriesResponse.swift */ = {isa = PBXFileReference; fileEncoding = 4; lastKnownFileType = sourcecode.swift; path = CountriesResponse.swift; sourceTree = "<group>"; };
		F43EEDB51ADDA34C001EFC8B /* Country.swift */ = {isa = PBXFileReference; fileEncoding = 4; lastKnownFileType = sourcecode.swift; path = Country.swift; sourceTree = "<group>"; };
		F43EEDBC1ADDA60A001EFC8B /* CheckoutResponse.swift */ = {isa = PBXFileReference; fileEncoding = 4; lastKnownFileType = sourcecode.swift; path = CheckoutResponse.swift; sourceTree = "<group>"; };
		F43EEDBD1ADDA60A001EFC8B /* Checkout.swift */ = {isa = PBXFileReference; fileEncoding = 4; lastKnownFileType = sourcecode.swift; path = Checkout.swift; sourceTree = "<group>"; };
		F43EEDBE1ADDA60A001EFC8B /* Invoice.swift */ = {isa = PBXFileReference; fileEncoding = 4; lastKnownFileType = sourcecode.swift; path = Invoice.swift; sourceTree = "<group>"; };
		F43EEDC51ADDB00B001EFC8B /* RegisteredUser.swift */ = {isa = PBXFileReference; fileEncoding = 4; lastKnownFileType = sourcecode.swift; path = RegisteredUser.swift; sourceTree = "<group>"; };
		F43EEDC61ADDB00B001EFC8B /* RegisteredUserResponse.swift */ = {isa = PBXFileReference; fileEncoding = 4; lastKnownFileType = sourcecode.swift; path = RegisteredUserResponse.swift; sourceTree = "<group>"; };
		F44231871BA370FD0004810F /* MetricService.swift */ = {isa = PBXFileReference; fileEncoding = 4; lastKnownFileType = sourcecode.swift; path = MetricService.swift; sourceTree = "<group>"; };
		F442318A1BA371CF0004810F /* LeaderboardService.swift */ = {isa = PBXFileReference; fileEncoding = 4; lastKnownFileType = sourcecode.swift; path = LeaderboardService.swift; sourceTree = "<group>"; };
		F442318E1BA372C40004810F /* Entrie.swift */ = {isa = PBXFileReference; fileEncoding = 4; lastKnownFileType = sourcecode.swift; path = Entrie.swift; sourceTree = "<group>"; };
		F442318F1BA372C40004810F /* Leaderboard.swift */ = {isa = PBXFileReference; fileEncoding = 4; lastKnownFileType = sourcecode.swift; path = Leaderboard.swift; sourceTree = "<group>"; };
		F46ABB0A1BA70AC5004DF427 /* LeaderboardTest.swift */ = {isa = PBXFileReference; fileEncoding = 4; lastKnownFileType = sourcecode.swift; path = LeaderboardTest.swift; sourceTree = "<group>"; };
		F46ABB0C1BA71517004DF427 /* LeaderboardResponse.swift */ = {isa = PBXFileReference; fileEncoding = 4; lastKnownFileType = sourcecode.swift; path = LeaderboardResponse.swift; sourceTree = "<group>"; };
		F46ABB101BA71AA0004DF427 /* StrategiesResponse.swift */ = {isa = PBXFileReference; fileEncoding = 4; lastKnownFileType = sourcecode.swift; path = StrategiesResponse.swift; sourceTree = "<group>"; };
		F46ABB141BA72043004DF427 /* UserRankResponse.swift */ = {isa = PBXFileReference; fileEncoding = 4; lastKnownFileType = sourcecode.swift; path = UserRankResponse.swift; sourceTree = "<group>"; };
		F46ABB171BA721C0004DF427 /* MetricTest.swift */ = {isa = PBXFileReference; fileEncoding = 4; lastKnownFileType = sourcecode.swift; path = MetricTest.swift; sourceTree = "<group>"; };
		F46ABB1A1BA7222C004DF427 /* Metric.swift */ = {isa = PBXFileReference; fileEncoding = 4; lastKnownFileType = sourcecode.swift; path = Metric.swift; sourceTree = "<group>"; };
		F4759B771BAB1D220047C6BA /* WalletService.swift */ = {isa = PBXFileReference; fileEncoding = 4; lastKnownFileType = sourcecode.swift; path = WalletService.swift; sourceTree = "<group>"; };
		F4759B7C1BAB20500047C6BA /* WalletRequest.swift */ = {isa = PBXFileReference; fileEncoding = 4; lastKnownFileType = sourcecode.swift; path = WalletRequest.swift; sourceTree = "<group>"; };
		F4759B7F1BAB208A0047C6BA /* WalletTest.swift */ = {isa = PBXFileReference; fileEncoding = 4; lastKnownFileType = sourcecode.swift; path = WalletTest.swift; sourceTree = "<group>"; };
		F4759B821BAB2CB40047C6BA /* WalletResponse.swift */ = {isa = PBXFileReference; fileEncoding = 4; lastKnownFileType = sourcecode.swift; path = WalletResponse.swift; sourceTree = "<group>"; };
		F47861921AB1BD7400A10B02 /* Utilities.swift */ = {isa = PBXFileReference; fileEncoding = 4; lastKnownFileType = sourcecode.swift; path = Utilities.swift; sourceTree = "<group>"; };
		F47861951AB1E62B00A10B02 /* JsapiRest.swift */ = {isa = PBXFileReference; fileEncoding = 4; lastKnownFileType = sourcecode.swift; path = JsapiRest.swift; sourceTree = "<group>"; };
		F47BB5A41ABC8457009AD1F6 /* UserService.swift */ = {isa = PBXFileReference; fileEncoding = 4; lastKnownFileType = sourcecode.swift; path = UserService.swift; sourceTree = "<group>"; };
		F47BF4E81AC2096200F2FB17 /* CommentService.swift */ = {isa = PBXFileReference; fileEncoding = 4; lastKnownFileType = sourcecode.swift; path = CommentService.swift; sourceTree = "<group>"; };
		F47F8F7F1B45A5A400934807 /* RegistrationTest.swift */ = {isa = PBXFileReference; fileEncoding = 4; lastKnownFileType = sourcecode.swift; path = RegistrationTest.swift; sourceTree = "<group>"; };
		F47F8F821B45A5FD00934807 /* CommentsTest.swift */ = {isa = PBXFileReference; fileEncoding = 4; lastKnownFileType = sourcecode.swift; path = CommentsTest.swift; sourceTree = "<group>"; };
		F47F8F841B45A61100934807 /* StoreTest.swift */ = {isa = PBXFileReference; fileEncoding = 4; lastKnownFileType = sourcecode.swift; path = StoreTest.swift; sourceTree = "<group>"; };
		F47F8F861B45A63200934807 /* FriendShipTest.swift */ = {isa = PBXFileReference; fileEncoding = 4; lastKnownFileType = sourcecode.swift; path = FriendShipTest.swift; sourceTree = "<group>"; };
		F47F8F881B45A64700934807 /* UserTest.swift */ = {isa = PBXFileReference; fileEncoding = 4; lastKnownFileType = sourcecode.swift; path = UserTest.swift; sourceTree = "<group>"; };
		F47F8F8A1B45A66F00934807 /* FavoriteTest.swift */ = {isa = PBXFileReference; fileEncoding = 4; lastKnownFileType = sourcecode.swift; path = FavoriteTest.swift; sourceTree = "<group>"; };
		F48006631AA656F600B27561 /* JSAPIConstant.swift */ = {isa = PBXFileReference; fileEncoding = 4; lastKnownFileType = sourcecode.swift; path = JSAPIConstant.swift; sourceTree = "<group>"; };
		F483B3E01AC5A48300A869C5 /* FriendshipService.swift */ = {isa = PBXFileReference; fileEncoding = 4; lastKnownFileType = sourcecode.swift; path = FriendshipService.swift; sourceTree = "<group>"; };
		F48B9BC31AB0EBDC0069DBFA /* CartService.swift */ = {isa = PBXFileReference; fileEncoding = 4; lastKnownFileType = sourcecode.swift; path = CartService.swift; sourceTree = "<group>"; };
		F48BBD221ABB135B00EAFE09 /* Registration.swift */ = {isa = PBXFileReference; fileEncoding = 4; lastKnownFileType = sourcecode.swift; path = Registration.swift; sourceTree = "<group>"; };
		F49EB52F1ACAE8240030437F /* StoreService.swift */ = {isa = PBXFileReference; fileEncoding = 4; lastKnownFileType = sourcecode.swift; path = StoreService.swift; sourceTree = "<group>"; };
		F4A1AABB1AA6147500D17F43 /* JsapiApi.framework */ = {isa = PBXFileReference; explicitFileType = wrapper.framework; includeInIndex = 0; path = JsapiApi.framework; sourceTree = BUILT_PRODUCTS_DIR; };
		F4A1AABF1AA6147500D17F43 /* Info.plist */ = {isa = PBXFileReference; lastKnownFileType = text.plist.xml; path = Info.plist; sourceTree = "<group>"; };
		F4A1AAC01AA6147500D17F43 /* JsapiApi.h */ = {isa = PBXFileReference; lastKnownFileType = sourcecode.c.h; path = JsapiApi.h; sourceTree = "<group>"; };
		F4A1AAC61AA6147600D17F43 /* JsapiApiTests.xctest */ = {isa = PBXFileReference; explicitFileType = wrapper.cfbundle; includeInIndex = 0; path = JsapiApiTests.xctest; sourceTree = BUILT_PRODUCTS_DIR; };
		F4A1AACC1AA6147600D17F43 /* Info.plist */ = {isa = PBXFileReference; lastKnownFileType = text.plist.xml; path = Info.plist; sourceTree = "<group>"; };
		F4A1AACD1AA6147600D17F43 /* JsapiApiTests.swift */ = {isa = PBXFileReference; lastKnownFileType = sourcecode.swift; path = JsapiApiTests.swift; sourceTree = "<group>"; };
		F4A1AAD71AA6172C00D17F43 /* JsapiApi.swift */ = {isa = PBXFileReference; fileEncoding = 4; lastKnownFileType = sourcecode.swift; path = JsapiApi.swift; sourceTree = "<group>"; };
		F4AEA4201B8E1D0C0001F61A /* DispositionService.swift */ = {isa = PBXFileReference; fileEncoding = 4; lastKnownFileType = sourcecode.swift; path = DispositionService.swift; sourceTree = "<group>"; };
		F4AEA4221B8E1DD40001F61A /* DispositionTest.swift */ = {isa = PBXFileReference; fileEncoding = 4; lastKnownFileType = sourcecode.swift; path = DispositionTest.swift; sourceTree = "<group>"; };
		F4AEA4261B8E26AC0001F61A /* Disposition.swift */ = {isa = PBXFileReference; fileEncoding = 4; lastKnownFileType = sourcecode.swift; path = Disposition.swift; sourceTree = "<group>"; };
		F4AEA4271B8E26AC0001F61A /* DispositionResponse.swift */ = {isa = PBXFileReference; fileEncoding = 4; lastKnownFileType = sourcecode.swift; path = DispositionResponse.swift; sourceTree = "<group>"; };
		F4AEA4291B8E26AC0001F61A /* Dispositions.swift */ = {isa = PBXFileReference; fileEncoding = 4; lastKnownFileType = sourcecode.swift; path = Dispositions.swift; sourceTree = "<group>"; };
		F4AEA4351B8E2E100001F61A /* NewDispositionResponse.swift */ = {isa = PBXFileReference; fileEncoding = 4; lastKnownFileType = sourcecode.swift; path = NewDispositionResponse.swift; sourceTree = "<group>"; };
		F4C41C681B46D6CF0057F1A6 /* CartTest.swift */ = {isa = PBXFileReference; fileEncoding = 4; lastKnownFileType = sourcecode.swift; path = CartTest.swift; sourceTree = "<group>"; };
		F4D5867B1ACDC0AA001B47CA /* FavoriteService.swift */ = {isa = PBXFileReference; fileEncoding = 4; lastKnownFileType = sourcecode.swift; path = FavoriteService.swift; sourceTree = "<group>"; };
		F4F800301B4B3BE10048DEEC /* NewVideo.swift */ = {isa = PBXFileReference; fileEncoding = 4; lastKnownFileType = sourcecode.swift; path = NewVideo.swift; sourceTree = "<group>"; };
		F4F800311B4B3BE10048DEEC /* AddVideoResponse.swift */ = {isa = PBXFileReference; fileEncoding = 4; lastKnownFileType = sourcecode.swift; path = AddVideoResponse.swift; sourceTree = "<group>"; };
/* End PBXFileReference section */

/* Begin PBXFrameworksBuildPhase section */
		F4A1AAB71AA6147500D17F43 /* Frameworks */ = {
			isa = PBXFrameworksBuildPhase;
			buildActionMask = 2147483647;
			files = (
			);
			runOnlyForDeploymentPostprocessing = 0;
		};
		F4A1AAC31AA6147600D17F43 /* Frameworks */ = {
			isa = PBXFrameworksBuildPhase;
			buildActionMask = 2147483647;
			files = (
				F4A1AAC71AA6147600D17F43 /* JsapiApi.framework in Frameworks */,
			);
			runOnlyForDeploymentPostprocessing = 0;
		};
/* End PBXFrameworksBuildPhase section */

/* Begin PBXGroup section */
		F4167B031AD5993300345DCB /* Model */ = {
			isa = PBXGroup;
			children = (
				F4759B7B1BAB20500047C6BA /* Wallet */,
				F4AEA4251B8E26980001F61A /* Disposition */,
				F41B6FBD1B4AE49300B66B1A /* Video */,
				F4167B0B1AD5B04D00345DCB /* Common */,
				F4167B041AD5B03000345DCB /* Cart */,
				F4167B051AD5B03000345DCB /* Comment */,
				F4167B061AD5B03000345DCB /* Favorite */,
				F4167B071AD5B03100345DCB /* Friendship */,
				F4167B091AD5B03100345DCB /* Store */,
				F4167B081AD5B03100345DCB /* Registration */,
				F46ABB0F1BA71AA0004DF427 /* strategies */,
				F442318D1BA372C40004810F /* leaderboard */,
				F46ABB191BA7222C004DF427 /* metric */,
				F46ABB131BA72043004DF427 /* userrank */,
				F4167B0A1AD5B03100345DCB /* User */,
			);
			path = Model;
			sourceTree = "<group>";
		};
		F4167B041AD5B03000345DCB /* Cart */ = {
			isa = PBXGroup;
			children = (
				F43EEDBC1ADDA60A001EFC8B /* CheckoutResponse.swift */,
				F43EEDBD1ADDA60A001EFC8B /* Checkout.swift */,
				F43EEDBE1ADDA60A001EFC8B /* Invoice.swift */,
				F43EEDB31ADDA34C001EFC8B /* Countries.swift */,
				F43EEDB41ADDA34C001EFC8B /* CountriesResponse.swift */,
				F43EEDB51ADDA34C001EFC8B /* Country.swift */,
				F43EEDAD1ADDA005001EFC8B /* Shippable.swift */,
				F43EEDAE1ADDA005001EFC8B /* ShippableResponse.swift */,
				F43EEDA11ADD949F001EFC8B /* Cart.swift */,
				F43EEDA21ADD949F001EFC8B /* CartDetails.swift */,
				F43EEDA31ADD949F001EFC8B /* GetCartResponse.swift */,
				F43EEDA41ADD949F001EFC8B /* Item.swift */,
				F43EED9B1ADD8B50001EFC8B /* Cartsku.swift */,
				F43EED9C1ADD8B50001EFC8B /* CartSKUResponse.swift */,
				F43EED981ADD8519001EFC8B /* CartResponse.swift */,
			);
			path = Cart;
			sourceTree = "<group>";
		};
		F4167B051AD5B03000345DCB /* Comment */ = {
			isa = PBXGroup;
			children = (
				F4167B241AD5D15900345DCB /* Comment.swift */,
				F4167B251AD5D15900345DCB /* CommentResponse.swift */,
			);
			path = Comment;
			sourceTree = "<group>";
		};
		F4167B061AD5B03000345DCB /* Favorite */ = {
			isa = PBXGroup;
			children = (
				F4167B2A1AD5DC7100345DCB /* Favorite.swift */,
				F4167B2B1AD5DC7100345DCB /* FavoriteResponse.swift */,
			);
			path = Favorite;
			sourceTree = "<group>";
		};
		F4167B071AD5B03100345DCB /* Friendship */ = {
			isa = PBXGroup;
			children = (
				F43EED771ADD4ADE001EFC8B /* Friend.swift */,
				F43EED781ADD4ADE001EFC8B /* FriendsResponse.swift */,
			);
			path = Friendship;
			sourceTree = "<group>";
		};
		F4167B081AD5B03100345DCB /* Registration */ = {
			isa = PBXGroup;
			children = (
				F43EEDC51ADDB00B001EFC8B /* RegisteredUser.swift */,
				F43EEDC61ADDB00B001EFC8B /* RegisteredUserResponse.swift */,
				F43EED921ADD6EE3001EFC8B /* GuestUser.swift */,
				F43EED931ADD6EE3001EFC8B /* GuestUserResponse.swift */,
			);
			path = Registration;
			sourceTree = "<group>";
		};
		F4167B091AD5B03100345DCB /* Store */ = {
			isa = PBXGroup;
			children = (
				F43EED8F1ADD5E65001EFC8B /* Related.swift */,
				F43EED801ADD5E3E001EFC8B /* Page.swift */,
				F43EED811ADD5E3E001EFC8B /* Sku.swift */,
				F43EED821ADD5E3E001EFC8B /* StoreResponse.swift */,
			);
			path = Store;
			sourceTree = "<group>";
		};
		F4167B0A1AD5B03100345DCB /* User */ = {
			isa = PBXGroup;
			children = (
				F423DECD1B8CB4E100720B8B /* SimpleUser.swift */,
				F4167B211AD5B31D00345DCB /* Wallet.swift */,
				F4167B1E1AD5B1B000345DCB /* UserResponse.swift */,
				F4167B0D1AD5B15000345DCB /* User.swift */,
			);
			path = User;
			sourceTree = "<group>";
		};
		F4167B0B1AD5B04D00345DCB /* Common */ = {
			isa = PBXGroup;
			children = (
				F41B6FD31B4AEC4300B66B1A /* Asset.swift */,
				F41B6FC51B4AEA4400B66B1A /* UseUploaded.swift */,
				F4167B1B1AD5B1A900345DCB /* BaseResponse.swift */,
				F41B6FC11B4AEA4400B66B1A /* Behavior.swift */,
				F41B6FC21B4AEA4400B66B1A /* Catalog.swift */,
				F4167B151AD5B17300345DCB /* Error.swift */,
			);
			path = Common;
			sourceTree = "<group>";
		};
		F41B6FBD1B4AE49300B66B1A /* Video */ = {
			isa = PBXGroup;
			children = (
				F423DED31B8CF1C800720B8B /* Artist.swift */,
				F423DED01B8CF1AD00720B8B /* Contributor.swift */,
				F4F800301B4B3BE10048DEEC /* NewVideo.swift */,
				F4F800311B4B3BE10048DEEC /* AddVideoResponse.swift */,
				F41B6FC41B4AEA4400B66B1A /* Video.swift */,
				F41B6FC61B4AEA4400B66B1A /* VideoResponse.swift */,
			);
			path = Video;
			sourceTree = "<group>";
		};
		F442318D1BA372C40004810F /* leaderboard */ = {
			isa = PBXGroup;
			children = (
				F46ABB0C1BA71517004DF427 /* LeaderboardResponse.swift */,
				F442318E1BA372C40004810F /* Entrie.swift */,
				F442318F1BA372C40004810F /* Leaderboard.swift */,
			);
			path = leaderboard;
			sourceTree = "<group>";
		};
		F46ABB0F1BA71AA0004DF427 /* strategies */ = {
			isa = PBXGroup;
			children = (
				F46ABB101BA71AA0004DF427 /* StrategiesResponse.swift */,
			);
			name = strategies;
			path = User/strategies;
			sourceTree = "<group>";
		};
		F46ABB131BA72043004DF427 /* userrank */ = {
			isa = PBXGroup;
			children = (
				F46ABB141BA72043004DF427 /* UserRankResponse.swift */,
			);
			name = userrank;
			path = leaderboard/userrank;
			sourceTree = "<group>";
		};
		F46ABB191BA7222C004DF427 /* metric */ = {
			isa = PBXGroup;
			children = (
				F46ABB1A1BA7222C004DF427 /* Metric.swift */,
			);
			path = metric;
			sourceTree = "<group>";
		};
		F4759B7B1BAB20500047C6BA /* Wallet */ = {
			isa = PBXGroup;
			children = (
				F4759B821BAB2CB40047C6BA /* WalletResponse.swift */,
				F4759B7C1BAB20500047C6BA /* WalletRequest.swift */,
			);
			name = Wallet;
			path = wallet;
			sourceTree = "<group>";
		};
		F4A1AAB11AA6147500D17F43 = {
			isa = PBXGroup;
			children = (
				F4A1AABD1AA6147500D17F43 /* JsapiApi */,
				F4A1AACA1AA6147600D17F43 /* JsapiApiTests */,
				F4A1AABC1AA6147500D17F43 /* Products */,
			);
			sourceTree = "<group>";
		};
		F4A1AABC1AA6147500D17F43 /* Products */ = {
			isa = PBXGroup;
			children = (
				F4A1AABB1AA6147500D17F43 /* JsapiApi.framework */,
				F4A1AAC61AA6147600D17F43 /* JsapiApiTests.xctest */,
			);
			name = Products;
			sourceTree = "<group>";
		};
		F4A1AABD1AA6147500D17F43 /* JsapiApi */ = {
			isa = PBXGroup;
			children = (
				F4167B031AD5993300345DCB /* Model */,
				F4A1AAC01AA6147500D17F43 /* JsapiApi.h */,
				F4A1AAD71AA6172C00D17F43 /* JsapiApi.swift */,
				F48006631AA656F600B27561 /* JSAPIConstant.swift */,
				F47BB5A41ABC8457009AD1F6 /* UserService.swift */,
				F48B9BC31AB0EBDC0069DBFA /* CartService.swift */,
				F47BF4E81AC2096200F2FB17 /* CommentService.swift */,
				F483B3E01AC5A48300A869C5 /* FriendshipService.swift */,
				F4D5867B1ACDC0AA001B47CA /* FavoriteService.swift */,
				F48BBD221ABB135B00EAFE09 /* Registration.swift */,
				F49EB52F1ACAE8240030437F /* StoreService.swift */,
				F41B6FB11B4ACB8700B66B1A /* VideoService.swift */,
				F4AEA4201B8E1D0C0001F61A /* DispositionService.swift */,
				F44231871BA370FD0004810F /* MetricService.swift */,
				F442318A1BA371CF0004810F /* LeaderboardService.swift */,
				F4759B771BAB1D220047C6BA /* WalletService.swift */,
				F47861951AB1E62B00A10B02 /* JsapiRest.swift */,
				F47861921AB1BD7400A10B02 /* Utilities.swift */,
				F4A1AABE1AA6147500D17F43 /* Supporting Files */,
			);
			path = JsapiApi;
			sourceTree = "<group>";
		};
		F4A1AABE1AA6147500D17F43 /* Supporting Files */ = {
			isa = PBXGroup;
			children = (
				F4A1AABF1AA6147500D17F43 /* Info.plist */,
			);
			name = "Supporting Files";
			sourceTree = "<group>";
		};
		F4A1AACA1AA6147600D17F43 /* JsapiApiTests */ = {
			isa = PBXGroup;
			children = (
				F4759B7F1BAB208A0047C6BA /* WalletTest.swift */,
				F46ABB0A1BA70AC5004DF427 /* LeaderboardTest.swift */,
				F46ABB171BA721C0004DF427 /* MetricTest.swift */,
				F41B6FB31B4AD58200B66B1A /* VideoTest.swift */,
				F4C41C681B46D6CF0057F1A6 /* CartTest.swift */,
				F47F8F8A1B45A66F00934807 /* FavoriteTest.swift */,
				F47F8F861B45A63200934807 /* FriendShipTest.swift */,
				F47F8F881B45A64700934807 /* UserTest.swift */,
				F47F8F841B45A61100934807 /* StoreTest.swift */,
				F4AEA4221B8E1DD40001F61A /* DispositionTest.swift */,
				F47F8F821B45A5FD00934807 /* CommentsTest.swift */,
				F4A1AACD1AA6147600D17F43 /* JsapiApiTests.swift */,
				F47F8F7F1B45A5A400934807 /* RegistrationTest.swift */,
				F4A1AACB1AA6147600D17F43 /* Supporting Files */,
			);
			path = JsapiApiTests;
			sourceTree = "<group>";
		};
		F4A1AACB1AA6147600D17F43 /* Supporting Files */ = {
			isa = PBXGroup;
			children = (
				F4A1AACC1AA6147600D17F43 /* Info.plist */,
			);
			name = "Supporting Files";
			sourceTree = "<group>";
		};
		F4AEA4251B8E26980001F61A /* Disposition */ = {
			isa = PBXGroup;
			children = (
				F4AEA4351B8E2E100001F61A /* NewDispositionResponse.swift */,
				F4AEA4261B8E26AC0001F61A /* Disposition.swift */,
				F4AEA4271B8E26AC0001F61A /* DispositionResponse.swift */,
				F4AEA4291B8E26AC0001F61A /* Dispositions.swift */,
			);
			path = Disposition;
			sourceTree = "<group>";
		};
/* End PBXGroup section */

/* Begin PBXHeadersBuildPhase section */
		F4A1AAB81AA6147500D17F43 /* Headers */ = {
			isa = PBXHeadersBuildPhase;
			buildActionMask = 2147483647;
			files = (
				F4A1AAC11AA6147500D17F43 /* JsapiApi.h in Headers */,
			);
			runOnlyForDeploymentPostprocessing = 0;
		};
/* End PBXHeadersBuildPhase section */

/* Begin PBXNativeTarget section */
		F4A1AABA1AA6147500D17F43 /* JsapiApi */ = {
			isa = PBXNativeTarget;
			buildConfigurationList = F4A1AAD11AA6147600D17F43 /* Build configuration list for PBXNativeTarget "JsapiApi" */;
			buildPhases = (
				F4A1AAB61AA6147500D17F43 /* Sources */,
				F4A1AAB71AA6147500D17F43 /* Frameworks */,
				F4A1AAB81AA6147500D17F43 /* Headers */,
				F4A1AAB91AA6147500D17F43 /* Resources */,
			);
			buildRules = (
			);
			dependencies = (
			);
			name = JsapiApi;
			productName = JsapiApi;
			productReference = F4A1AABB1AA6147500D17F43 /* JsapiApi.framework */;
			productType = "com.apple.product-type.framework";
		};
		F4A1AAC51AA6147600D17F43 /* JsapiApiTests */ = {
			isa = PBXNativeTarget;
			buildConfigurationList = F4A1AAD41AA6147600D17F43 /* Build configuration list for PBXNativeTarget "JsapiApiTests" */;
			buildPhases = (
				F4A1AAC21AA6147600D17F43 /* Sources */,
				F4A1AAC31AA6147600D17F43 /* Frameworks */,
				F4A1AAC41AA6147600D17F43 /* Resources */,
			);
			buildRules = (
			);
			dependencies = (
				F4A1AAC91AA6147600D17F43 /* PBXTargetDependency */,
			);
			name = JsapiApiTests;
			productName = JsapiApiTests;
			productReference = F4A1AAC61AA6147600D17F43 /* JsapiApiTests.xctest */;
			productType = "com.apple.product-type.bundle.unit-test";
		};
/* End PBXNativeTarget section */

/* Begin PBXProject section */
		F4A1AAB21AA6147500D17F43 /* Project object */ = {
			isa = PBXProject;
			attributes = {
				LastSwiftMigration = 0700;
				LastSwiftUpdateCheck = 0700;
				LastUpgradeCheck = 0700;
				ORGANIZATIONNAME = Knetik;
				TargetAttributes = {
					F4A1AABA1AA6147500D17F43 = {
						CreatedOnToolsVersion = 6.1.1;
					};
					F4A1AAC51AA6147600D17F43 = {
						CreatedOnToolsVersion = 6.1.1;
					};
				};
			};
			buildConfigurationList = F4A1AAB51AA6147500D17F43 /* Build configuration list for PBXProject "JsapiApi" */;
			compatibilityVersion = "Xcode 3.2";
			developmentRegion = English;
			hasScannedForEncodings = 0;
			knownRegions = (
				en,
			);
			mainGroup = F4A1AAB11AA6147500D17F43;
			productRefGroup = F4A1AABC1AA6147500D17F43 /* Products */;
			projectDirPath = "";
			projectRoot = "";
			targets = (
				F4A1AABA1AA6147500D17F43 /* JsapiApi */,
				F4A1AAC51AA6147600D17F43 /* JsapiApiTests */,
			);
		};
/* End PBXProject section */

/* Begin PBXResourcesBuildPhase section */
		F4A1AAB91AA6147500D17F43 /* Resources */ = {
			isa = PBXResourcesBuildPhase;
			buildActionMask = 2147483647;
			files = (
			);
			runOnlyForDeploymentPostprocessing = 0;
		};
		F4A1AAC41AA6147600D17F43 /* Resources */ = {
			isa = PBXResourcesBuildPhase;
			buildActionMask = 2147483647;
			files = (
			);
			runOnlyForDeploymentPostprocessing = 0;
		};
/* End PBXResourcesBuildPhase section */

/* Begin PBXSourcesBuildPhase section */
		F4A1AAB61AA6147500D17F43 /* Sources */ = {
			isa = PBXSourcesBuildPhase;
			buildActionMask = 2147483647;
			files = (
				F4167B1C1AD5B1A900345DCB /* BaseResponse.swift in Sources */,
				F4167B161AD5B17300345DCB /* Error.swift in Sources */,
				F48BBD231ABB135B00EAFE09 /* Registration.swift in Sources */,
				F43EEDC71ADDB00B001EFC8B /* RegisteredUser.swift in Sources */,
				F4AEA42D1B8E26AC0001F61A /* DispositionResponse.swift in Sources */,
				F43EEDB61ADDA34C001EFC8B /* Countries.swift in Sources */,
				F47861931AB1BD7400A10B02 /* Utilities.swift in Sources */,
				F423DECE1B8CB4E100720B8B /* SimpleUser.swift in Sources */,
				F43EED901ADD5E65001EFC8B /* Related.swift in Sources */,
				F4A1AAD81AA6172C00D17F43 /* JsapiApi.swift in Sources */,
				F43EEDAF1ADDA005001EFC8B /* Shippable.swift in Sources */,
				F4AEA42B1B8E26AC0001F61A /* Disposition.swift in Sources */,
				F44231881BA370FD0004810F /* MetricService.swift in Sources */,
				F44231921BA372C40004810F /* Leaderboard.swift in Sources */,
				F43EEDA91ADD949F001EFC8B /* GetCartResponse.swift in Sources */,
				F43EED991ADD8519001EFC8B /* CartResponse.swift in Sources */,
				F4167B2C1AD5DC7100345DCB /* Favorite.swift in Sources */,
				F43EEDC11ADDA60A001EFC8B /* Checkout.swift in Sources */,
				F49EB5301ACAE8240030437F /* StoreService.swift in Sources */,
				F43EEDBA1ADDA34C001EFC8B /* Country.swift in Sources */,
				F43EED941ADD6EE3001EFC8B /* GuestUser.swift in Sources */,
				F41B6FD41B4AEC4300B66B1A /* Asset.swift in Sources */,
				F46ABB151BA72043004DF427 /* UserRankResponse.swift in Sources */,
				F4167B2E1AD5DC7100345DCB /* FavoriteResponse.swift in Sources */,
				F43EED961ADD6EE3001EFC8B /* GuestUserResponse.swift in Sources */,
				F4759B781BAB1D220047C6BA /* WalletService.swift in Sources */,
				F43EEDC91ADDB00B001EFC8B /* RegisteredUserResponse.swift in Sources */,
				F41B6FCD1B4AEA4400B66B1A /* Video.swift in Sources */,
				F46ABB0D1BA71517004DF427 /* LeaderboardResponse.swift in Sources */,
				F43EEDAB1ADD949F001EFC8B /* Item.swift in Sources */,
				F4AEA4211B8E1D0C0001F61A /* DispositionService.swift in Sources */,
				F423DED11B8CF1AD00720B8B /* Contributor.swift in Sources */,
				F4759B7D1BAB20500047C6BA /* WalletRequest.swift in Sources */,
				F41B6FC71B4AEA4400B66B1A /* Behavior.swift in Sources */,
				F43EED9D1ADD8B50001EFC8B /* Cartsku.swift in Sources */,
				F43EED8D1ADD5E3E001EFC8B /* StoreResponse.swift in Sources */,
				F4F800321B4B3BE10048DEEC /* NewVideo.swift in Sources */,
				F48006641AA656F600B27561 /* JSAPIConstant.swift in Sources */,
				F442318B1BA371CF0004810F /* LeaderboardService.swift in Sources */,
				F4167B261AD5D15900345DCB /* Comment.swift in Sources */,
				F43EEDA51ADD949F001EFC8B /* Cart.swift in Sources */,
				F43EED8B1ADD5E3E001EFC8B /* Sku.swift in Sources */,
				F41B6FD11B4AEA4400B66B1A /* VideoResponse.swift in Sources */,
				F48B9BC41AB0EBDC0069DBFA /* CartService.swift in Sources */,
				F4AEA4361B8E2E100001F61A /* NewDispositionResponse.swift in Sources */,
				F4167B111AD5B15000345DCB /* User.swift in Sources */,
				F41B6FC91B4AEA4400B66B1A /* Catalog.swift in Sources */,
				F47BF4E91AC2096200F2FB17 /* CommentService.swift in Sources */,
				F4759B831BAB2CB40047C6BA /* WalletResponse.swift in Sources */,
				F43EEDB11ADDA005001EFC8B /* ShippableResponse.swift in Sources */,
				F46ABB1B1BA7222C004DF427 /* Metric.swift in Sources */,
				F4F800341B4B3BE10048DEEC /* AddVideoResponse.swift in Sources */,
				F43EED7B1ADD4ADE001EFC8B /* FriendsResponse.swift in Sources */,
				F47BB5A51ABC8457009AD1F6 /* UserService.swift in Sources */,
				F43EEDB81ADDA34C001EFC8B /* CountriesResponse.swift in Sources */,
				F4167B1F1AD5B1B000345DCB /* UserResponse.swift in Sources */,
				F43EEDC31ADDA60A001EFC8B /* Invoice.swift in Sources */,
				F47861961AB1E62B00A10B02 /* JsapiRest.swift in Sources */,
				F46ABB111BA71AA0004DF427 /* StrategiesResponse.swift in Sources */,
				F41B6FB21B4ACB8700B66B1A /* VideoService.swift in Sources */,
				F4D5867C1ACDC0AA001B47CA /* FavoriteService.swift in Sources */,
				F483B3E11AC5A48300A869C5 /* FriendshipService.swift in Sources */,
				F41B6FCF1B4AEA4400B66B1A /* UseUploaded.swift in Sources */,
				F44231901BA372C40004810F /* Entrie.swift in Sources */,
				F4167B221AD5B31D00345DCB /* Wallet.swift in Sources */,
				F4AEA4311B8E26AC0001F61A /* Dispositions.swift in Sources */,
				F43EEDBF1ADDA60A001EFC8B /* CheckoutResponse.swift in Sources */,
				F423DED41B8CF1C800720B8B /* Artist.swift in Sources */,
				F43EED9F1ADD8B50001EFC8B /* CartSKUResponse.swift in Sources */,
				F43EED891ADD5E3E001EFC8B /* Page.swift in Sources */,
				F43EEDA71ADD949F001EFC8B /* CartDetails.swift in Sources */,
				F4167B281AD5D15900345DCB /* CommentResponse.swift in Sources */,
				F43EED791ADD4ADE001EFC8B /* Friend.swift in Sources */,
			);
			runOnlyForDeploymentPostprocessing = 0;
		};
		F4A1AAC21AA6147600D17F43 /* Sources */ = {
			isa = PBXSourcesBuildPhase;
			buildActionMask = 2147483647;
			files = (
				F43EEDA81ADD949F001EFC8B /* CartDetails.swift in Sources */,
				F43EEDAA1ADD949F001EFC8B /* GetCartResponse.swift in Sources */,
				F43EEDB01ADDA005001EFC8B /* Shippable.swift in Sources */,
				F47822F41AA7967F004464E1 /* JsapiApi.swift in Sources */,
				F46ABB0E1BA7151B004DF427 /* LeaderboardResponse.swift in Sources */,
				F4759B811BAB208A0047C6BA /* WalletTest.swift in Sources */,
				F47F8F891B45A64700934807 /* UserTest.swift in Sources */,
				F48B9BC51AB0EBDC0069DBFA /* CartService.swift in Sources */,
				F43EEDC21ADDA60A001EFC8B /* Checkout.swift in Sources */,
				F4D5867D1ACDC0AA001B47CA /* FavoriteService.swift in Sources */,
				F4F800331B4B3BE10048DEEC /* NewVideo.swift in Sources */,
				F44231931BA372C40004810F /* Leaderboard.swift in Sources */,
				F41B6FD51B4AEC4300B66B1A /* Asset.swift in Sources */,
				F47861941AB1BD7400A10B02 /* Utilities.swift in Sources */,
				F4AEA4231B8E1DD40001F61A /* DispositionTest.swift in Sources */,
				F41B6FD01B4AEA4400B66B1A /* UseUploaded.swift in Sources */,
				F46ABB1C1BA7222C004DF427 /* Metric.swift in Sources */,
				F4AEA4371B8E2E100001F61A /* NewDispositionResponse.swift in Sources */,
				F41B6FB41B4AD58200B66B1A /* VideoTest.swift in Sources */,
				F43EED951ADD6EE3001EFC8B /* GuestUser.swift in Sources */,
				F43EEDAC1ADD949F001EFC8B /* Item.swift in Sources */,
				F43EEDB21ADDA005001EFC8B /* ShippableResponse.swift in Sources */,
				F4C41C691B46D6CF0057F1A6 /* CartTest.swift in Sources */,
				F47822F51AA7967F004464E1 /* JSAPIConstant.swift in Sources */,
				F41B6FCA1B4AEA4400B66B1A /* Catalog.swift in Sources */,
				F43EEDC81ADDB00B001EFC8B /* RegisteredUser.swift in Sources */,
				F48BBD241ABB135B00EAFE09 /* Registration.swift in Sources */,
				F46ABB0B1BA70AC5004DF427 /* LeaderboardTest.swift in Sources */,
				F43EEDCA1ADDB00B001EFC8B /* RegisteredUserResponse.swift in Sources */,
				F4167B2F1AD5DC7100345DCB /* FavoriteResponse.swift in Sources */,
				F41B6FB51B4AD79A00B66B1A /* VideoService.swift in Sources */,
				F43EED971ADD6EE3001EFC8B /* GuestUserResponse.swift in Sources */,
				F43EEDB91ADDA34C001EFC8B /* CountriesResponse.swift in Sources */,
				F4167B231AD5B31D00345DCB /* Wallet.swift in Sources */,
				F4F800351B4B3BE10048DEEC /* AddVideoResponse.swift in Sources */,
				F46ABB181BA721C0004DF427 /* MetricTest.swift in Sources */,
				F4A1AACE1AA6147600D17F43 /* JsapiApiTests.swift in Sources */,
				F43EED9E1ADD8B50001EFC8B /* Cartsku.swift in Sources */,
				F43EED911ADD5E65001EFC8B /* Related.swift in Sources */,
				F4167B201AD5B1B000345DCB /* UserResponse.swift in Sources */,
				F4AEA4241B8E1E420001F61A /* DispositionService.swift in Sources */,
				F4759B841BAB2CB40047C6BA /* WalletResponse.swift in Sources */,
				F41B6FC81B4AEA4400B66B1A /* Behavior.swift in Sources */,
				F43EEDC41ADDA60A001EFC8B /* Invoice.swift in Sources */,
				F47F8F8B1B45A66F00934807 /* FavoriteTest.swift in Sources */,
				F4167B1D1AD5B1A900345DCB /* BaseResponse.swift in Sources */,
				F4167B121AD5B15000345DCB /* User.swift in Sources */,
				F47F8F811B45A5A400934807 /* RegistrationTest.swift in Sources */,
				F47F8F851B45A61100934807 /* StoreTest.swift in Sources */,
				F43EEDA01ADD8B50001EFC8B /* CartSKUResponse.swift in Sources */,
				F43EEDA61ADD949F001EFC8B /* Cart.swift in Sources */,
				F4167B171AD5B17300345DCB /* Error.swift in Sources */,
				F49EB5311ACAE8240030437F /* StoreService.swift in Sources */,
				F44231891BA371240004810F /* MetricService.swift in Sources */,
				F483B3E21AC5A48300A869C5 /* FriendshipService.swift in Sources */,
				F43EED8A1ADD5E3E001EFC8B /* Page.swift in Sources */,
				F43EEDC01ADDA60A001EFC8B /* CheckoutResponse.swift in Sources */,
				F44231911BA372C40004810F /* Entrie.swift in Sources */,
				F4167B2D1AD5DC7100345DCB /* Favorite.swift in Sources */,
				F47BB5A61ABC8457009AD1F6 /* UserService.swift in Sources */,
				F43EED9A1ADD8519001EFC8B /* CartResponse.swift in Sources */,
				F43EED7C1ADD4ADE001EFC8B /* FriendsResponse.swift in Sources */,
				F4167B271AD5D15900345DCB /* Comment.swift in Sources */,
				F46ABB161BA72043004DF427 /* UserRankResponse.swift in Sources */,
				F4AEA4321B8E26AC0001F61A /* Dispositions.swift in Sources */,
				F4AEA42C1B8E26AC0001F61A /* Disposition.swift in Sources */,
				F41B6FD21B4AEA4400B66B1A /* VideoResponse.swift in Sources */,
				F423DECF1B8CE8E300720B8B /* SimpleUser.swift in Sources */,
				F43EED7A1ADD4ADE001EFC8B /* Friend.swift in Sources */,
				F423DED51B8CF1C800720B8B /* Artist.swift in Sources */,
				F4759B7E1BAB20500047C6BA /* WalletRequest.swift in Sources */,
				F442318C1BA371D40004810F /* LeaderboardService.swift in Sources */,
				F47F8F871B45A63200934807 /* FriendShipTest.swift in Sources */,
				F47BF4EA1AC2096200F2FB17 /* CommentService.swift in Sources */,
				F423DED21B8CF1AD00720B8B /* Contributor.swift in Sources */,
				F41B6FCE1B4AEA4400B66B1A /* Video.swift in Sources */,
				F47F8F831B45A5FD00934807 /* CommentsTest.swift in Sources */,
				F4167B291AD5D15900345DCB /* CommentResponse.swift in Sources */,
				F46ABB121BA71AA0004DF427 /* StrategiesResponse.swift in Sources */,
				F4AEA42E1B8E26AC0001F61A /* DispositionResponse.swift in Sources */,
				F4759B791BAB1D220047C6BA /* WalletService.swift in Sources */,
				F47861971AB1E62B00A10B02 /* JsapiRest.swift in Sources */,
				F43EEDBB1ADDA34C001EFC8B /* Country.swift in Sources */,
				F43EED8E1ADD5E3E001EFC8B /* StoreResponse.swift in Sources */,
				F43EEDB71ADDA34C001EFC8B /* Countries.swift in Sources */,
				F43EED8C1ADD5E3E001EFC8B /* Sku.swift in Sources */,
			);
			runOnlyForDeploymentPostprocessing = 0;
		};
/* End PBXSourcesBuildPhase section */

/* Begin PBXTargetDependency section */
		F4A1AAC91AA6147600D17F43 /* PBXTargetDependency */ = {
			isa = PBXTargetDependency;
			target = F4A1AABA1AA6147500D17F43 /* JsapiApi */;
			targetProxy = F4A1AAC81AA6147600D17F43 /* PBXContainerItemProxy */;
		};
/* End PBXTargetDependency section */

/* Begin XCBuildConfiguration section */
		F4A1AACF1AA6147600D17F43 /* Debug */ = {
			isa = XCBuildConfiguration;
			buildSettings = {
				ALWAYS_SEARCH_USER_PATHS = NO;
				CLANG_CXX_LANGUAGE_STANDARD = "gnu++0x";
				CLANG_CXX_LIBRARY = "libc++";
				CLANG_ENABLE_MODULES = YES;
				CLANG_ENABLE_OBJC_ARC = YES;
				CLANG_WARN_BOOL_CONVERSION = YES;
				CLANG_WARN_CONSTANT_CONVERSION = YES;
				CLANG_WARN_DIRECT_OBJC_ISA_USAGE = YES_ERROR;
				CLANG_WARN_EMPTY_BODY = YES;
				CLANG_WARN_ENUM_CONVERSION = YES;
				CLANG_WARN_INT_CONVERSION = YES;
				CLANG_WARN_OBJC_ROOT_CLASS = YES_ERROR;
				CLANG_WARN_UNREACHABLE_CODE = YES;
				CLANG_WARN__DUPLICATE_METHOD_MATCH = YES;
				"CODE_SIGN_IDENTITY[sdk=iphoneos*]" = "iPhone Developer";
				COPY_PHASE_STRIP = NO;
				CURRENT_PROJECT_VERSION = 1;
				ENABLE_STRICT_OBJC_MSGSEND = YES;
				ENABLE_TESTABILITY = YES;
				GCC_C_LANGUAGE_STANDARD = gnu99;
				GCC_DYNAMIC_NO_PIC = NO;
				GCC_OPTIMIZATION_LEVEL = 0;
				GCC_PREPROCESSOR_DEFINITIONS = (
					"DEBUG=1",
					"$(inherited)",
				);
				GCC_SYMBOLS_PRIVATE_EXTERN = NO;
				GCC_WARN_64_TO_32_BIT_CONVERSION = YES;
				GCC_WARN_ABOUT_RETURN_TYPE = YES_ERROR;
				GCC_WARN_UNDECLARED_SELECTOR = YES;
				GCC_WARN_UNINITIALIZED_AUTOS = YES_AGGRESSIVE;
				GCC_WARN_UNUSED_FUNCTION = YES;
				GCC_WARN_UNUSED_VARIABLE = YES;
				IPHONEOS_DEPLOYMENT_TARGET = 7.0;
				MTL_ENABLE_DEBUG_INFO = YES;
				ONLY_ACTIVE_ARCH = YES;
				SDKROOT = iphoneos;
				SWIFT_OPTIMIZATION_LEVEL = "-Onone";
				TARGETED_DEVICE_FAMILY = "1,2";
				VERSIONING_SYSTEM = "apple-generic";
				VERSION_INFO_PREFIX = "";
			};
			name = Debug;
		};
		F4A1AAD01AA6147600D17F43 /* Release */ = {
			isa = XCBuildConfiguration;
			buildSettings = {
				ALWAYS_SEARCH_USER_PATHS = NO;
				CLANG_CXX_LANGUAGE_STANDARD = "gnu++0x";
				CLANG_CXX_LIBRARY = "libc++";
				CLANG_ENABLE_MODULES = YES;
				CLANG_ENABLE_OBJC_ARC = YES;
				CLANG_WARN_BOOL_CONVERSION = YES;
				CLANG_WARN_CONSTANT_CONVERSION = YES;
				CLANG_WARN_DIRECT_OBJC_ISA_USAGE = YES_ERROR;
				CLANG_WARN_EMPTY_BODY = YES;
				CLANG_WARN_ENUM_CONVERSION = YES;
				CLANG_WARN_INT_CONVERSION = YES;
				CLANG_WARN_OBJC_ROOT_CLASS = YES_ERROR;
				CLANG_WARN_UNREACHABLE_CODE = YES;
				CLANG_WARN__DUPLICATE_METHOD_MATCH = YES;
				"CODE_SIGN_IDENTITY[sdk=iphoneos*]" = "iPhone Developer";
				COPY_PHASE_STRIP = YES;
				CURRENT_PROJECT_VERSION = 1;
				ENABLE_NS_ASSERTIONS = NO;
				ENABLE_STRICT_OBJC_MSGSEND = YES;
				GCC_C_LANGUAGE_STANDARD = gnu99;
				GCC_WARN_64_TO_32_BIT_CONVERSION = YES;
				GCC_WARN_ABOUT_RETURN_TYPE = YES_ERROR;
				GCC_WARN_UNDECLARED_SELECTOR = YES;
				GCC_WARN_UNINITIALIZED_AUTOS = YES_AGGRESSIVE;
				GCC_WARN_UNUSED_FUNCTION = YES;
				GCC_WARN_UNUSED_VARIABLE = YES;
				IPHONEOS_DEPLOYMENT_TARGET = 7.0;
				MTL_ENABLE_DEBUG_INFO = NO;
				SDKROOT = iphoneos;
				TARGETED_DEVICE_FAMILY = "1,2";
				VALIDATE_PRODUCT = YES;
				VERSIONING_SYSTEM = "apple-generic";
				VERSION_INFO_PREFIX = "";
			};
			name = Release;
		};
		F4A1AAD21AA6147600D17F43 /* Debug */ = {
			isa = XCBuildConfiguration;
			buildSettings = {
				APPLICATION_EXTENSION_API_ONLY = NO;
				CLANG_ENABLE_MODULES = YES;
				DEFINES_MODULE = YES;
				DYLIB_COMPATIBILITY_VERSION = 1;
				DYLIB_CURRENT_VERSION = 1;
				DYLIB_INSTALL_NAME_BASE = "@rpath";
				INFOPLIST_FILE = JsapiApi/Info.plist;
				INSTALL_PATH = "$(LOCAL_LIBRARY_DIR)/Frameworks";
				IPHONEOS_DEPLOYMENT_TARGET = 7.0;
				LD_RUNPATH_SEARCH_PATHS = "$(inherited) @executable_path/Frameworks @loader_path/Frameworks";
				LIBRARY_SEARCH_PATHS = (
					"$(inherited)",
					"$(SDKROOT)/usr/lib/system",
				);
				MACH_O_TYPE = mh_dylib;
				PRODUCT_BUNDLE_IDENTIFIER = "Knetik.$(PRODUCT_NAME:rfc1034identifier)";
				PRODUCT_NAME = "$(TARGET_NAME)";
				SKIP_INSTALL = YES;
				SWIFT_OPTIMIZATION_LEVEL = "-Onone";
			};
			name = Debug;
		};
		F4A1AAD31AA6147600D17F43 /* Release */ = {
			isa = XCBuildConfiguration;
			buildSettings = {
				APPLICATION_EXTENSION_API_ONLY = NO;
				CLANG_ENABLE_MODULES = YES;
				DEFINES_MODULE = YES;
				DYLIB_COMPATIBILITY_VERSION = 1;
				DYLIB_CURRENT_VERSION = 1;
				DYLIB_INSTALL_NAME_BASE = "@rpath";
				INFOPLIST_FILE = JsapiApi/Info.plist;
				INSTALL_PATH = "$(LOCAL_LIBRARY_DIR)/Frameworks";
				IPHONEOS_DEPLOYMENT_TARGET = 7.0;
				LD_RUNPATH_SEARCH_PATHS = "$(inherited) @executable_path/Frameworks @loader_path/Frameworks";
				LIBRARY_SEARCH_PATHS = (
					"$(inherited)",
					"$(SDKROOT)/usr/lib/system",
				);
				MACH_O_TYPE = mh_dylib;
				PRODUCT_BUNDLE_IDENTIFIER = "Knetik.$(PRODUCT_NAME:rfc1034identifier)";
				PRODUCT_NAME = "$(TARGET_NAME)";
				SKIP_INSTALL = YES;
			};
			name = Release;
		};
		F4A1AAD51AA6147600D17F43 /* Debug */ = {
			isa = XCBuildConfiguration;
			buildSettings = {
				FRAMEWORK_SEARCH_PATHS = (
					"$(SDKROOT)/Developer/Library/Frameworks",
					"$(inherited)",
				);
				GCC_PREPROCESSOR_DEFINITIONS = (
					"DEBUG=1",
					"$(inherited)",
				);
				INFOPLIST_FILE = JsapiApiTests/Info.plist;
				LD_RUNPATH_SEARCH_PATHS = "$(inherited) @executable_path/Frameworks @loader_path/Frameworks";
				PRODUCT_BUNDLE_IDENTIFIER = "Knetik.$(PRODUCT_NAME:rfc1034identifier)";
				PRODUCT_NAME = "$(TARGET_NAME)";
			};
			name = Debug;
		};
		F4A1AAD61AA6147600D17F43 /* Release */ = {
			isa = XCBuildConfiguration;
			buildSettings = {
				FRAMEWORK_SEARCH_PATHS = (
					"$(SDKROOT)/Developer/Library/Frameworks",
					"$(inherited)",
				);
				INFOPLIST_FILE = JsapiApiTests/Info.plist;
				LD_RUNPATH_SEARCH_PATHS = "$(inherited) @executable_path/Frameworks @loader_path/Frameworks";
				PRODUCT_BUNDLE_IDENTIFIER = "Knetik.$(PRODUCT_NAME:rfc1034identifier)";
				PRODUCT_NAME = "$(TARGET_NAME)";
			};
			name = Release;
		};
/* End XCBuildConfiguration section */

/* Begin XCConfigurationList section */
		F4A1AAB51AA6147500D17F43 /* Build configuration list for PBXProject "JsapiApi" */ = {
			isa = XCConfigurationList;
			buildConfigurations = (
				F4A1AACF1AA6147600D17F43 /* Debug */,
				F4A1AAD01AA6147600D17F43 /* Release */,
			);
			defaultConfigurationIsVisible = 0;
			defaultConfigurationName = Release;
		};
		F4A1AAD11AA6147600D17F43 /* Build configuration list for PBXNativeTarget "JsapiApi" */ = {
			isa = XCConfigurationList;
			buildConfigurations = (
				F4A1AAD21AA6147600D17F43 /* Debug */,
				F4A1AAD31AA6147600D17F43 /* Release */,
			);
			defaultConfigurationIsVisible = 0;
			defaultConfigurationName = Release;
		};
		F4A1AAD41AA6147600D17F43 /* Build configuration list for PBXNativeTarget "JsapiApiTests" */ = {
			isa = XCConfigurationList;
			buildConfigurations = (
				F4A1AAD51AA6147600D17F43 /* Debug */,
				F4A1AAD61AA6147600D17F43 /* Release */,
			);
			defaultConfigurationIsVisible = 0;
			defaultConfigurationName = Release;
		};
/* End XCConfigurationList section */
	};
	rootObject = F4A1AAB21AA6147500D17F43 /* Project object */;
}
