// !$*UTF8*$!
{
	archiveVersion = 1;
	classes = {
	};
	objectVersion = 46;
	objects = {

/* Begin PBXBuildFile section */
		F41B6FB21B4ACB8700B66B1A /* VideoService.swift in Sources */ = {isa = PBXBuildFile; fileRef = F41B6FB11B4ACB8700B66B1A /* VideoService.swift */; };
		F41B6FB51B4AD79A00B66B1A /* VideoService.swift in Sources */ = {isa = PBXBuildFile; fileRef = F41B6FB11B4ACB8700B66B1A /* VideoService.swift */; };
		F43641961C52B67D0062F95E /* BREService.swift in Sources */ = {isa = PBXBuildFile; fileRef = F43641951C52B67D0062F95E /* BREService.swift */; };
		F43641971C52B67D0062F95E /* BREService.swift in Sources */ = {isa = PBXBuildFile; fileRef = F43641951C52B67D0062F95E /* BREService.swift */; };
		F43641991C52B7950062F95E /* PageRequest.swift in Sources */ = {isa = PBXBuildFile; fileRef = F43641981C52B7950062F95E /* PageRequest.swift */; };
		F436419A1C52B7950062F95E /* PageRequest.swift in Sources */ = {isa = PBXBuildFile; fileRef = F43641981C52B7950062F95E /* PageRequest.swift */; };
		F436419F1C52B8CB0062F95E /* NotificationService.swift in Sources */ = {isa = PBXBuildFile; fileRef = F436419E1C52B8CB0062F95E /* NotificationService.swift */; };
		F43641A01C52B8CB0062F95E /* NotificationService.swift in Sources */ = {isa = PBXBuildFile; fileRef = F436419E1C52B8CB0062F95E /* NotificationService.swift */; };
		F44231881BA370FD0004810F /* MetricService.swift in Sources */ = {isa = PBXBuildFile; fileRef = F44231871BA370FD0004810F /* MetricService.swift */; };
		F44231891BA371240004810F /* MetricService.swift in Sources */ = {isa = PBXBuildFile; fileRef = F44231871BA370FD0004810F /* MetricService.swift */; };
		F442318B1BA371CF0004810F /* LeaderboardService.swift in Sources */ = {isa = PBXBuildFile; fileRef = F442318A1BA371CF0004810F /* LeaderboardService.swift */; };
		F442318C1BA371D40004810F /* LeaderboardService.swift in Sources */ = {isa = PBXBuildFile; fileRef = F442318A1BA371CF0004810F /* LeaderboardService.swift */; };
		F4453B312024D6C200B58F36 /* Achievements.swift in Sources */ = {isa = PBXBuildFile; fileRef = F4453AA32024D6C200B58F36 /* Achievements.swift */; };
		F4453B322024D6C200B58F36 /* AchievementsPage.swift in Sources */ = {isa = PBXBuildFile; fileRef = F4453AA42024D6C200B58F36 /* AchievementsPage.swift */; };
		F4453B332024D6C200B58F36 /* AchievementsResponse.swift in Sources */ = {isa = PBXBuildFile; fileRef = F4453AA52024D6C200B58F36 /* AchievementsResponse.swift */; };
		F4453B342024D6C200B58F36 /* AchievementsSingleResponse.swift in Sources */ = {isa = PBXBuildFile; fileRef = F4453AA62024D6C200B58F36 /* AchievementsSingleResponse.swift */; };
		F4453B352024D6C200B58F36 /* AchievementTitle.swift in Sources */ = {isa = PBXBuildFile; fileRef = F4453AA72024D6C200B58F36 /* AchievementTitle.swift */; };
		F4453B362024D6C200B58F36 /* Order.swift in Sources */ = {isa = PBXBuildFile; fileRef = F4453AA82024D6C200B58F36 /* Order.swift */; };
		F4453B372024D6C200B58F36 /* Article.swift in Sources */ = {isa = PBXBuildFile; fileRef = F4453AAA2024D6C200B58F36 /* Article.swift */; };
		F4453B382024D6C200B58F36 /* ArticlePage.swift in Sources */ = {isa = PBXBuildFile; fileRef = F4453AAB2024D6C200B58F36 /* ArticlePage.swift */; };
		F4453B392024D6C200B58F36 /* BaseArticleResponse.swift in Sources */ = {isa = PBXBuildFile; fileRef = F4453AAC2024D6C200B58F36 /* BaseArticleResponse.swift */; };
		F4453B3A2024D6C200B58F36 /* ArtistAdditionalPropertie.swift in Sources */ = {isa = PBXBuildFile; fileRef = F4453AAE2024D6C200B58F36 /* ArtistAdditionalPropertie.swift */; };
		F4453B3B2024D6C200B58F36 /* ArtistAsset.swift in Sources */ = {isa = PBXBuildFile; fileRef = F4453AAF2024D6C200B58F36 /* ArtistAsset.swift */; };
		F4453B3C2024D6C200B58F36 /* ArtistObject.swift in Sources */ = {isa = PBXBuildFile; fileRef = F4453AB02024D6C200B58F36 /* ArtistObject.swift */; };
		F4453B3D2024D6C200B58F36 /* ArtistPage.swift in Sources */ = {isa = PBXBuildFile; fileRef = F4453AB12024D6C200B58F36 /* ArtistPage.swift */; };
		F4453B3E2024D6C200B58F36 /* BaseArtistResponse.swift in Sources */ = {isa = PBXBuildFile; fileRef = F4453AB22024D6C200B58F36 /* BaseArtistResponse.swift */; };
		F4453B3F2024D6C200B58F36 /* AssetContent.swift in Sources */ = {isa = PBXBuildFile; fileRef = F4453AB42024D6C200B58F36 /* AssetContent.swift */; };
		F4453B402024D6C200B58F36 /* BaseAssetBatchResponse.swift in Sources */ = {isa = PBXBuildFile; fileRef = F4453AB52024D6C200B58F36 /* BaseAssetBatchResponse.swift */; };
		F4453B412024D6C200B58F36 /* Batch.swift in Sources */ = {isa = PBXBuildFile; fileRef = F4453AB62024D6C200B58F36 /* Batch.swift */; };
		F4453B422024D6C200B58F36 /* BatchAssetPage.swift in Sources */ = {isa = PBXBuildFile; fileRef = F4453AB72024D6C200B58F36 /* BatchAssetPage.swift */; };
		F4453B432024D6C200B58F36 /* BatchAssetResponseItem.swift in Sources */ = {isa = PBXBuildFile; fileRef = F4453AB82024D6C200B58F36 /* BatchAssetResponseItem.swift */; };
		F4453B442024D6C200B58F36 /* BatchRequest.swift in Sources */ = {isa = PBXBuildFile; fileRef = F4453AB92024D6C200B58F36 /* BatchRequest.swift */; };
		F4453B452024D6C200B58F36 /* Cart.swift in Sources */ = {isa = PBXBuildFile; fileRef = F4453ABB2024D6C200B58F36 /* Cart.swift */; };
		F4453B462024D6C200B58F36 /* CartDetails.swift in Sources */ = {isa = PBXBuildFile; fileRef = F4453ABC2024D6C200B58F36 /* CartDetails.swift */; };
		F4453B472024D6C200B58F36 /* CartResponse.swift in Sources */ = {isa = PBXBuildFile; fileRef = F4453ABD2024D6C200B58F36 /* CartResponse.swift */; };
		F4453B482024D6C200B58F36 /* Cartsku.swift in Sources */ = {isa = PBXBuildFile; fileRef = F4453ABE2024D6C200B58F36 /* Cartsku.swift */; };
		F4453B492024D6C200B58F36 /* CartSKUResponse.swift in Sources */ = {isa = PBXBuildFile; fileRef = F4453ABF2024D6C200B58F36 /* CartSKUResponse.swift */; };
		F4453B4A2024D6C200B58F36 /* Checkout.swift in Sources */ = {isa = PBXBuildFile; fileRef = F4453AC02024D6C200B58F36 /* Checkout.swift */; };
		F4453B4B2024D6C200B58F36 /* CheckoutResponse.swift in Sources */ = {isa = PBXBuildFile; fileRef = F4453AC12024D6C200B58F36 /* CheckoutResponse.swift */; };
		F4453B4C2024D6C200B58F36 /* Countries.swift in Sources */ = {isa = PBXBuildFile; fileRef = F4453AC22024D6C200B58F36 /* Countries.swift */; };
		F4453B4D2024D6C200B58F36 /* CountriesResponse.swift in Sources */ = {isa = PBXBuildFile; fileRef = F4453AC32024D6C200B58F36 /* CountriesResponse.swift */; };
		F4453B4E2024D6C200B58F36 /* Country.swift in Sources */ = {isa = PBXBuildFile; fileRef = F4453AC42024D6C200B58F36 /* Country.swift */; };
		F4453B4F2024D6C200B58F36 /* GetCartResponse.swift in Sources */ = {isa = PBXBuildFile; fileRef = F4453AC52024D6C200B58F36 /* GetCartResponse.swift */; };
		F4453B502024D6C200B58F36 /* Invoice.swift in Sources */ = {isa = PBXBuildFile; fileRef = F4453AC62024D6C200B58F36 /* Invoice.swift */; };
		F4453B512024D6C200B58F36 /* Item.swift in Sources */ = {isa = PBXBuildFile; fileRef = F4453AC72024D6C200B58F36 /* Item.swift */; };
		F4453B522024D6C200B58F36 /* Shippable.swift in Sources */ = {isa = PBXBuildFile; fileRef = F4453AC82024D6C200B58F36 /* Shippable.swift */; };
		F4453B532024D6C200B58F36 /* ShippableResponse.swift in Sources */ = {isa = PBXBuildFile; fileRef = F4453AC92024D6C200B58F36 /* ShippableResponse.swift */; };
		F4453B542024D6C200B58F36 /* Activities.swift in Sources */ = {isa = PBXBuildFile; fileRef = F4453ACB2024D6C200B58F36 /* Activities.swift */; };
		F4453B552024D6C200B58F36 /* Activity.swift in Sources */ = {isa = PBXBuildFile; fileRef = F4453ACC2024D6C200B58F36 /* Activity.swift */; };
		F4453B562024D6C200B58F36 /* BaseChallengeActivity.swift in Sources */ = {isa = PBXBuildFile; fileRef = F4453ACD2024D6C200B58F36 /* BaseChallengeActivity.swift */; };
		F4453B572024D6C200B58F36 /* BaseChallengeResponse.swift in Sources */ = {isa = PBXBuildFile; fileRef = F4453ACE2024D6C200B58F36 /* BaseChallengeResponse.swift */; };
		F4453B582024D6C200B58F36 /* Challenge.swift in Sources */ = {isa = PBXBuildFile; fileRef = F4453ACF2024D6C200B58F36 /* Challenge.swift */; };
		F4453B592024D6C200B58F36 /* ChallengeActivity.swift in Sources */ = {isa = PBXBuildFile; fileRef = F4453AD02024D6C200B58F36 /* ChallengeActivity.swift */; };
		F4453B5A2024D6C200B58F36 /* ChallengeAdditionalPropertie.swift in Sources */ = {isa = PBXBuildFile; fileRef = F4453AD12024D6C200B58F36 /* ChallengeAdditionalPropertie.swift */; };
		F4453B5B2024D6C200B58F36 /* ChallengeAsset.swift in Sources */ = {isa = PBXBuildFile; fileRef = F4453AD22024D6C200B58F36 /* ChallengeAsset.swift */; };
		F4453B5C2024D6C200B58F36 /* challengesPage.swift in Sources */ = {isa = PBXBuildFile; fileRef = F4453AD32024D6C200B58F36 /* challengesPage.swift */; };
		F4453B5D2024D6C200B58F36 /* CurrencyReward.swift in Sources */ = {isa = PBXBuildFile; fileRef = F4453AD42024D6C200B58F36 /* CurrencyReward.swift */; };
		F4453B5E2024D6C200B58F36 /* MainChallengeActiviyResponse.swift in Sources */ = {isa = PBXBuildFile; fileRef = F4453AD52024D6C200B58F36 /* MainChallengeActiviyResponse.swift */; };
		F4453B5F2024D6C200B58F36 /* RewardSet.swift in Sources */ = {isa = PBXBuildFile; fileRef = F4453AD62024D6C200B58F36 /* RewardSet.swift */; };
		F4453B602024D6C200B58F36 /* Setting.swift in Sources */ = {isa = PBXBuildFile; fileRef = F4453AD72024D6C200B58F36 /* Setting.swift */; };
		F4453B612024D6C200B58F36 /* Comment.swift in Sources */ = {isa = PBXBuildFile; fileRef = F4453AD92024D6C200B58F36 /* Comment.swift */; };
		F4453B622024D6C200B58F36 /* CommentResponse.swift in Sources */ = {isa = PBXBuildFile; fileRef = F4453ADA2024D6C200B58F36 /* CommentResponse.swift */; };
		F4453B632024D6C200B58F36 /* BaseResponse.swift in Sources */ = {isa = PBXBuildFile; fileRef = F4453ADC2024D6C200B58F36 /* BaseResponse.swift */; };
		F4453B642024D6C200B58F36 /* Error.swift in Sources */ = {isa = PBXBuildFile; fileRef = F4453ADD2024D6C200B58F36 /* Error.swift */; };
		F4453B652024D6C200B58F36 /* BaseConfigResponse.swift in Sources */ = {isa = PBXBuildFile; fileRef = F4453ADF2024D6C200B58F36 /* BaseConfigResponse.swift */; };
		F4453B662024D6C200B58F36 /* Config.swift in Sources */ = {isa = PBXBuildFile; fileRef = F4453AE02024D6C200B58F36 /* Config.swift */; };
		F4453B672024D6C200B58F36 /* Disposition.swift in Sources */ = {isa = PBXBuildFile; fileRef = F4453AE22024D6C200B58F36 /* Disposition.swift */; };
		F4453B682024D6C200B58F36 /* DispositionResponse.swift in Sources */ = {isa = PBXBuildFile; fileRef = F4453AE32024D6C200B58F36 /* DispositionResponse.swift */; };
		F4453B692024D6C200B58F36 /* Dispositions.swift in Sources */ = {isa = PBXBuildFile; fileRef = F4453AE42024D6C200B58F36 /* Dispositions.swift */; };
		F4453B6A2024D6C200B58F36 /* NewDispositionResponse.swift in Sources */ = {isa = PBXBuildFile; fileRef = F4453AE52024D6C200B58F36 /* NewDispositionResponse.swift */; };
		F4453B6B2024D6C200B58F36 /* Favorite.swift in Sources */ = {isa = PBXBuildFile; fileRef = F4453AE72024D6C200B58F36 /* Favorite.swift */; };
		F4453B6C2024D6C200B58F36 /* FavoriteResponse.swift in Sources */ = {isa = PBXBuildFile; fileRef = F4453AE82024D6C200B58F36 /* FavoriteResponse.swift */; };
		F4453B6D2024D6C200B58F36 /* Flag.swift in Sources */ = {isa = PBXBuildFile; fileRef = F4453AEA2024D6C200B58F36 /* Flag.swift */; };
		F4453B6E2024D6C200B58F36 /* FlagBaseResponse.swift in Sources */ = {isa = PBXBuildFile; fileRef = F4453AEB2024D6C200B58F36 /* FlagBaseResponse.swift */; };
		F4453B6F2024D6C200B58F36 /* FlagContent.swift in Sources */ = {isa = PBXBuildFile; fileRef = F4453AEC2024D6C200B58F36 /* FlagContent.swift */; };
		F4453B702024D6C200B58F36 /* Friend.swift in Sources */ = {isa = PBXBuildFile; fileRef = F4453AEE2024D6C200B58F36 /* Friend.swift */; };
		F4453B712024D6C200B58F36 /* FriendsResponse.swift in Sources */ = {isa = PBXBuildFile; fileRef = F4453AEF2024D6C200B58F36 /* FriendsResponse.swift */; };
		F4453B722024D6C200B58F36 /* Entrie.swift in Sources */ = {isa = PBXBuildFile; fileRef = F4453AF12024D6C200B58F36 /* Entrie.swift */; };
		F4453B732024D6C200B58F36 /* Leaderboard.swift in Sources */ = {isa = PBXBuildFile; fileRef = F4453AF22024D6C200B58F36 /* Leaderboard.swift */; };
		F4453B742024D6C200B58F36 /* LeaderboardResponse.swift in Sources */ = {isa = PBXBuildFile; fileRef = F4453AF32024D6C200B58F36 /* LeaderboardResponse.swift */; };
		F4453B752024D6C200B58F36 /* UserRankResponse.swift in Sources */ = {isa = PBXBuildFile; fileRef = F4453AF52024D6C200B58F36 /* UserRankResponse.swift */; };
		F4453B762024D6C200B58F36 /* Metric.swift in Sources */ = {isa = PBXBuildFile; fileRef = F4453AF72024D6C200B58F36 /* Metric.swift */; };
		F4453B772024D6C200B58F36 /* CategoriesBaseResponse.swift in Sources */ = {isa = PBXBuildFile; fileRef = F4453AF92024D6C200B58F36 /* CategoriesBaseResponse.swift */; };
		F4453B782024D6C200B58F36 /* CategoryAdditionalPropertie.swift in Sources */ = {isa = PBXBuildFile; fileRef = F4453AFA2024D6C200B58F36 /* CategoryAdditionalPropertie.swift */; };
		F4453B792024D6C200B58F36 /* CategoryMessage.swift in Sources */ = {isa = PBXBuildFile; fileRef = F4453AFB2024D6C200B58F36 /* CategoryMessage.swift */; };
		F4453B7A2024D6C200B58F36 /* CategoryObject.swift in Sources */ = {isa = PBXBuildFile; fileRef = F4453AFC2024D6C200B58F36 /* CategoryObject.swift */; };
		F4453B7B2024D6C200B58F36 /* CategoryPage.swift in Sources */ = {isa = PBXBuildFile; fileRef = F4453AFD2024D6C200B58F36 /* CategoryPage.swift */; };
		F4453B7C2024D6C200B58F36 /* CategoryThumbnail.swift in Sources */ = {isa = PBXBuildFile; fileRef = F4453AFE2024D6C200B58F36 /* CategoryThumbnail.swift */; };
		F4453B7D2024D6C200B58F36 /* GeneralAdditionalObject.swift in Sources */ = {isa = PBXBuildFile; fileRef = F4453AFF2024D6C200B58F36 /* GeneralAdditionalObject.swift */; };
		F4453B7E2024D6C200B58F36 /* GuestUser.swift in Sources */ = {isa = PBXBuildFile; fileRef = F4453B012024D6C200B58F36 /* GuestUser.swift */; };
		F4453B7F2024D6C200B58F36 /* GuestUserResponse.swift in Sources */ = {isa = PBXBuildFile; fileRef = F4453B022024D6C200B58F36 /* GuestUserResponse.swift */; };
		F4453B802024D6C200B58F36 /* RegisteredUser.swift in Sources */ = {isa = PBXBuildFile; fileRef = F4453B032024D6C200B58F36 /* RegisteredUser.swift */; };
		F4453B812024D6C200B58F36 /* RegisteredUserResponse.swift in Sources */ = {isa = PBXBuildFile; fileRef = F4453B042024D6C200B58F36 /* RegisteredUserResponse.swift */; };
		F4453B822024D6C200B58F36 /* Page.swift in Sources */ = {isa = PBXBuildFile; fileRef = F4453B062024D6C200B58F36 /* Page.swift */; };
		F4453B832024D6C200B58F36 /* Related.swift in Sources */ = {isa = PBXBuildFile; fileRef = F4453B072024D6C200B58F36 /* Related.swift */; };
		F4453B842024D6C200B58F36 /* Sku.swift in Sources */ = {isa = PBXBuildFile; fileRef = F4453B082024D6C200B58F36 /* Sku.swift */; };
		F4453B852024D6C200B58F36 /* StoreResponse.swift in Sources */ = {isa = PBXBuildFile; fileRef = F4453B092024D6C200B58F36 /* StoreResponse.swift */; };
		F4453B862024D6C200B58F36 /* Achievement.swift in Sources */ = {isa = PBXBuildFile; fileRef = F4453B0C2024D6C200B58F36 /* Achievement.swift */; };
		F4453B872024D6C200B58F36 /* Result.swift in Sources */ = {isa = PBXBuildFile; fileRef = F4453B0D2024D6C200B58F36 /* Result.swift */; };
		F4453B882024D6C200B58F36 /* UserAchievementsResponse.swift in Sources */ = {isa = PBXBuildFile; fileRef = F4453B0E2024D6C200B58F36 /* UserAchievementsResponse.swift */; };
		F4453B892024D6C200B58F36 /* BaseAvatarResponse.swift in Sources */ = {isa = PBXBuildFile; fileRef = F4453B0F2024D6C200B58F36 /* BaseAvatarResponse.swift */; };
		F4453B8A2024D6C200B58F36 /* Devicetoken.swift in Sources */ = {isa = PBXBuildFile; fileRef = F4453B102024D6C200B58F36 /* Devicetoken.swift */; };
		F4453B8B2024D6C200B58F36 /* Propertie.swift in Sources */ = {isa = PBXBuildFile; fileRef = F4453B112024D6C200B58F36 /* Propertie.swift */; };
		F4453B8C2024D6C200B58F36 /* S3FileResponse.swift in Sources */ = {isa = PBXBuildFile; fileRef = F4453B122024D6C200B58F36 /* S3FileResponse.swift */; };
		F4453B8D2024D6C200B58F36 /* SimpleUser.swift in Sources */ = {isa = PBXBuildFile; fileRef = F4453B132024D6C200B58F36 /* SimpleUser.swift */; };
		F4453B8E2024D6C200B58F36 /* StrategiesResponse.swift in Sources */ = {isa = PBXBuildFile; fileRef = F4453B152024D6C200B58F36 /* StrategiesResponse.swift */; };
		F4453B8F2024D6C200B58F36 /* User.swift in Sources */ = {isa = PBXBuildFile; fileRef = F4453B162024D6C200B58F36 /* User.swift */; };
		F4453B902024D6C200B58F36 /* UserAvatarObject.swift in Sources */ = {isa = PBXBuildFile; fileRef = F4453B172024D6C200B58F36 /* UserAvatarObject.swift */; };
		F4453B912024D6C200B58F36 /* UserResponse.swift in Sources */ = {isa = PBXBuildFile; fileRef = F4453B182024D6C200B58F36 /* UserResponse.swift */; };
		F4453B922024D6C200B58F36 /* Wallet.swift in Sources */ = {isa = PBXBuildFile; fileRef = F4453B192024D6C200B58F36 /* Wallet.swift */; };
		F4453B932024D6C200B58F36 /* AddVideoResponse.swift in Sources */ = {isa = PBXBuildFile; fileRef = F4453B1B2024D6C200B58F36 /* AddVideoResponse.swift */; };
		F4453B942024D6C200B58F36 /* Artist.swift in Sources */ = {isa = PBXBuildFile; fileRef = F4453B1C2024D6C200B58F36 /* Artist.swift */; };
		F4453B952024D6C200B58F36 /* Asset.swift in Sources */ = {isa = PBXBuildFile; fileRef = F4453B1D2024D6C200B58F36 /* Asset.swift */; };
		F4453B962024D6C200B58F36 /* Behavior.swift in Sources */ = {isa = PBXBuildFile; fileRef = F4453B1E2024D6C200B58F36 /* Behavior.swift */; };
		F4453B972024D6C200B58F36 /* Catalog.swift in Sources */ = {isa = PBXBuildFile; fileRef = F4453B1F2024D6C200B58F36 /* Catalog.swift */; };
		F4453B982024D6C200B58F36 /* Contributor.swift in Sources */ = {isa = PBXBuildFile; fileRef = F4453B202024D6C200B58F36 /* Contributor.swift */; };
		F4453B992024D6C200B58F36 /* NewVideo.swift in Sources */ = {isa = PBXBuildFile; fileRef = F4453B212024D6C200B58F36 /* NewVideo.swift */; };
		F4453B9A2024D6C200B58F36 /* Relation.swift in Sources */ = {isa = PBXBuildFile; fileRef = F4453B222024D6C200B58F36 /* Relation.swift */; };
		F4453B9B2024D6C300B58F36 /* RelationshipdBaseResponse.swift in Sources */ = {isa = PBXBuildFile; fileRef = F4453B232024D6C200B58F36 /* RelationshipdBaseResponse.swift */; };
		F4453B9C2024D6C300B58F36 /* RelationshipObject.swift in Sources */ = {isa = PBXBuildFile; fileRef = F4453B242024D6C200B58F36 /* RelationshipObject.swift */; };
		F4453B9D2024D6C300B58F36 /* UseUploaded.swift in Sources */ = {isa = PBXBuildFile; fileRef = F4453B252024D6C200B58F36 /* UseUploaded.swift */; };
		F4453B9E2024D6C300B58F36 /* Video.swift in Sources */ = {isa = PBXBuildFile; fileRef = F4453B262024D6C200B58F36 /* Video.swift */; };
		F4453B9F2024D6C300B58F36 /* VideoResponse.swift in Sources */ = {isa = PBXBuildFile; fileRef = F4453B272024D6C200B58F36 /* VideoResponse.swift */; };
		F4453BA02024D6C300B58F36 /* BaseVirtualItem.swift in Sources */ = {isa = PBXBuildFile; fileRef = F4453B292024D6C200B58F36 /* BaseVirtualItem.swift */; };
		F4453BA12024D6C300B58F36 /* BaseVirtualItemsWithAssets.swift in Sources */ = {isa = PBXBuildFile; fileRef = F4453B2A2024D6C200B58F36 /* BaseVirtualItemsWithAssets.swift */; };
		F4453BA22024D6C300B58F36 /* VirtualItem.swift in Sources */ = {isa = PBXBuildFile; fileRef = F4453B2B2024D6C200B58F36 /* VirtualItem.swift */; };
		F4453BA32024D6C300B58F36 /* VirtualItemPage.swift in Sources */ = {isa = PBXBuildFile; fileRef = F4453B2C2024D6C200B58F36 /* VirtualItemPage.swift */; };
		F4453BA42024D6C300B58F36 /* VirtualItemResultsAssets.swift in Sources */ = {isa = PBXBuildFile; fileRef = F4453B2D2024D6C200B58F36 /* VirtualItemResultsAssets.swift */; };
		F4453BA52024D6C300B58F36 /* WalletRequest.swift in Sources */ = {isa = PBXBuildFile; fileRef = F4453B2F2024D6C200B58F36 /* WalletRequest.swift */; };
		F4453BA62024D6C300B58F36 /* WalletResponse.swift in Sources */ = {isa = PBXBuildFile; fileRef = F4453B302024D6C200B58F36 /* WalletResponse.swift */; };
		F45DBA911C58208A006A23AE /* ArtistService.swift in Sources */ = {isa = PBXBuildFile; fileRef = F45DBA901C58208A006A23AE /* ArtistService.swift */; };
		F46ABB0B1BA70AC5004DF427 /* LeaderboardTest.swift in Sources */ = {isa = PBXBuildFile; fileRef = F46ABB0A1BA70AC5004DF427 /* LeaderboardTest.swift */; };
		F46ABB181BA721C0004DF427 /* MetricTest.swift in Sources */ = {isa = PBXBuildFile; fileRef = F46ABB171BA721C0004DF427 /* MetricTest.swift */; };
		F46E822C1CEE566A005B2F49 /* AchievementService.swift in Sources */ = {isa = PBXBuildFile; fileRef = F46E822B1CEE566A005B2F49 /* AchievementService.swift */; };
		F4759B781BAB1D220047C6BA /* WalletService.swift in Sources */ = {isa = PBXBuildFile; fileRef = F4759B771BAB1D220047C6BA /* WalletService.swift */; };
		F4759B791BAB1D220047C6BA /* WalletService.swift in Sources */ = {isa = PBXBuildFile; fileRef = F4759B771BAB1D220047C6BA /* WalletService.swift */; };
		F4759B811BAB208A0047C6BA /* WalletTest.swift in Sources */ = {isa = PBXBuildFile; fileRef = F4759B7F1BAB208A0047C6BA /* WalletTest.swift */; };
		F47822F41AA7967F004464E1 /* JsapiApi.swift in Sources */ = {isa = PBXBuildFile; fileRef = F4A1AAD71AA6172C00D17F43 /* JsapiApi.swift */; };
		F47822F51AA7967F004464E1 /* JSAPIConstant.swift in Sources */ = {isa = PBXBuildFile; fileRef = F48006631AA656F600B27561 /* JSAPIConstant.swift */; };
		F47861931AB1BD7400A10B02 /* Utilities.swift in Sources */ = {isa = PBXBuildFile; fileRef = F47861921AB1BD7400A10B02 /* Utilities.swift */; };
		F47861941AB1BD7400A10B02 /* Utilities.swift in Sources */ = {isa = PBXBuildFile; fileRef = F47861921AB1BD7400A10B02 /* Utilities.swift */; };
		F47861961AB1E62B00A10B02 /* JsapiRest.swift in Sources */ = {isa = PBXBuildFile; fileRef = F47861951AB1E62B00A10B02 /* JsapiRest.swift */; };
		F47861971AB1E62B00A10B02 /* JsapiRest.swift in Sources */ = {isa = PBXBuildFile; fileRef = F47861951AB1E62B00A10B02 /* JsapiRest.swift */; };
		F47B97CA1C9CB68600A2B30F /* ArticleService.swift in Sources */ = {isa = PBXBuildFile; fileRef = F47B97C91C9CB68600A2B30F /* ArticleService.swift */; };
		F47BB5A51ABC8457009AD1F6 /* UserService.swift in Sources */ = {isa = PBXBuildFile; fileRef = F47BB5A41ABC8457009AD1F6 /* UserService.swift */; };
		F47BB5A61ABC8457009AD1F6 /* UserService.swift in Sources */ = {isa = PBXBuildFile; fileRef = F47BB5A41ABC8457009AD1F6 /* UserService.swift */; };
		F47BF4E91AC2096200F2FB17 /* CommentService.swift in Sources */ = {isa = PBXBuildFile; fileRef = F47BF4E81AC2096200F2FB17 /* CommentService.swift */; };
		F47BF4EA1AC2096200F2FB17 /* CommentService.swift in Sources */ = {isa = PBXBuildFile; fileRef = F47BF4E81AC2096200F2FB17 /* CommentService.swift */; };
		F47F8F811B45A5A400934807 /* RegistrationTest.swift in Sources */ = {isa = PBXBuildFile; fileRef = F47F8F7F1B45A5A400934807 /* RegistrationTest.swift */; };
		F47F8F891B45A64700934807 /* UserTest.swift in Sources */ = {isa = PBXBuildFile; fileRef = F47F8F881B45A64700934807 /* UserTest.swift */; };
		F47F8F8B1B45A66F00934807 /* FavoriteTest.swift in Sources */ = {isa = PBXBuildFile; fileRef = F47F8F8A1B45A66F00934807 /* FavoriteTest.swift */; };
		F48006641AA656F600B27561 /* JSAPIConstant.swift in Sources */ = {isa = PBXBuildFile; fileRef = F48006631AA656F600B27561 /* JSAPIConstant.swift */; };
		F483B3E11AC5A48300A869C5 /* FriendshipService.swift in Sources */ = {isa = PBXBuildFile; fileRef = F483B3E01AC5A48300A869C5 /* FriendshipService.swift */; };
		F483B3E21AC5A48300A869C5 /* FriendshipService.swift in Sources */ = {isa = PBXBuildFile; fileRef = F483B3E01AC5A48300A869C5 /* FriendshipService.swift */; };
		F488C4F21C064C3300F2AF03 /* CategoriesService.swift in Sources */ = {isa = PBXBuildFile; fileRef = F488C4F11C064C3300F2AF03 /* CategoriesService.swift */; };
		F48B9BC41AB0EBDC0069DBFA /* CartService.swift in Sources */ = {isa = PBXBuildFile; fileRef = F48B9BC31AB0EBDC0069DBFA /* CartService.swift */; };
		F48B9BC51AB0EBDC0069DBFA /* CartService.swift in Sources */ = {isa = PBXBuildFile; fileRef = F48B9BC31AB0EBDC0069DBFA /* CartService.swift */; };
		F48BBD231ABB135B00EAFE09 /* Registration.swift in Sources */ = {isa = PBXBuildFile; fileRef = F48BBD221ABB135B00EAFE09 /* Registration.swift */; };
		F48BBD241ABB135B00EAFE09 /* Registration.swift in Sources */ = {isa = PBXBuildFile; fileRef = F48BBD221ABB135B00EAFE09 /* Registration.swift */; };
		F49EB5301ACAE8240030437F /* StoreService.swift in Sources */ = {isa = PBXBuildFile; fileRef = F49EB52F1ACAE8240030437F /* StoreService.swift */; };
		F49EB5311ACAE8240030437F /* StoreService.swift in Sources */ = {isa = PBXBuildFile; fileRef = F49EB52F1ACAE8240030437F /* StoreService.swift */; };
		F4A1AAC71AA6147600D17F43 /* JsapiApi.framework in Frameworks */ = {isa = PBXBuildFile; fileRef = F4A1AABB1AA6147500D17F43 /* JsapiApi.framework */; };
		F4A1AACE1AA6147600D17F43 /* JsapiApiTests.swift in Sources */ = {isa = PBXBuildFile; fileRef = F4A1AACD1AA6147600D17F43 /* JsapiApiTests.swift */; };
		F4A1AAD81AA6172C00D17F43 /* JsapiApi.swift in Sources */ = {isa = PBXBuildFile; fileRef = F4A1AAD71AA6172C00D17F43 /* JsapiApi.swift */; };
		F4ABA0D81C7E193300984274 /* ConfigService.swift in Sources */ = {isa = PBXBuildFile; fileRef = F4ABA0D71C7E193300984274 /* ConfigService.swift */; };
		F4AEA4211B8E1D0C0001F61A /* DispositionService.swift in Sources */ = {isa = PBXBuildFile; fileRef = F4AEA4201B8E1D0C0001F61A /* DispositionService.swift */; };
		F4AEA4231B8E1DD40001F61A /* DispositionTest.swift in Sources */ = {isa = PBXBuildFile; fileRef = F4AEA4221B8E1DD40001F61A /* DispositionTest.swift */; };
		F4AEA4241B8E1E420001F61A /* DispositionService.swift in Sources */ = {isa = PBXBuildFile; fileRef = F4AEA4201B8E1D0C0001F61A /* DispositionService.swift */; };
		F4B2EEF41BE417AB0045B898 /* FlagService.swift in Sources */ = {isa = PBXBuildFile; fileRef = F4B2EEF31BE417AB0045B898 /* FlagService.swift */; };
		F4C41C691B46D6CF0057F1A6 /* CartTest.swift in Sources */ = {isa = PBXBuildFile; fileRef = F4C41C681B46D6CF0057F1A6 /* CartTest.swift */; };
		F4C6FF0F1C7B6DED0039176A /* ChallengeService.swift in Sources */ = {isa = PBXBuildFile; fileRef = F4C6FF0E1C7B6DED0039176A /* ChallengeService.swift */; };
		F4D5867C1ACDC0AA001B47CA /* FavoriteService.swift in Sources */ = {isa = PBXBuildFile; fileRef = F4D5867B1ACDC0AA001B47CA /* FavoriteService.swift */; };
		F4D5867D1ACDC0AA001B47CA /* FavoriteService.swift in Sources */ = {isa = PBXBuildFile; fileRef = F4D5867B1ACDC0AA001B47CA /* FavoriteService.swift */; };
/* End PBXBuildFile section */

/* Begin PBXContainerItemProxy section */
		F4A1AAC81AA6147600D17F43 /* PBXContainerItemProxy */ = {
			isa = PBXContainerItemProxy;
			containerPortal = F4A1AAB21AA6147500D17F43 /* Project object */;
			proxyType = 1;
			remoteGlobalIDString = F4A1AABA1AA6147500D17F43;
			remoteInfo = JsapiApi;
		};
/* End PBXContainerItemProxy section */

/* Begin PBXFileReference section */
		F41B6FB11B4ACB8700B66B1A /* VideoService.swift */ = {isa = PBXFileReference; fileEncoding = 4; lastKnownFileType = sourcecode.swift; path = VideoService.swift; sourceTree = "<group>"; };
		F43641951C52B67D0062F95E /* BREService.swift */ = {isa = PBXFileReference; fileEncoding = 4; lastKnownFileType = sourcecode.swift; path = BREService.swift; sourceTree = "<group>"; };
		F43641981C52B7950062F95E /* PageRequest.swift */ = {isa = PBXFileReference; fileEncoding = 4; lastKnownFileType = sourcecode.swift; path = PageRequest.swift; sourceTree = "<group>"; };
		F436419E1C52B8CB0062F95E /* NotificationService.swift */ = {isa = PBXFileReference; fileEncoding = 4; lastKnownFileType = sourcecode.swift; path = NotificationService.swift; sourceTree = "<group>"; };
		F44231871BA370FD0004810F /* MetricService.swift */ = {isa = PBXFileReference; fileEncoding = 4; lastKnownFileType = sourcecode.swift; path = MetricService.swift; sourceTree = "<group>"; };
		F442318A1BA371CF0004810F /* LeaderboardService.swift */ = {isa = PBXFileReference; fileEncoding = 4; lastKnownFileType = sourcecode.swift; path = LeaderboardService.swift; sourceTree = "<group>"; };
		F4453AA32024D6C200B58F36 /* Achievements.swift */ = {isa = PBXFileReference; fileEncoding = 4; lastKnownFileType = sourcecode.swift; path = Achievements.swift; sourceTree = "<group>"; };
		F4453AA42024D6C200B58F36 /* AchievementsPage.swift */ = {isa = PBXFileReference; fileEncoding = 4; lastKnownFileType = sourcecode.swift; path = AchievementsPage.swift; sourceTree = "<group>"; };
		F4453AA52024D6C200B58F36 /* AchievementsResponse.swift */ = {isa = PBXFileReference; fileEncoding = 4; lastKnownFileType = sourcecode.swift; path = AchievementsResponse.swift; sourceTree = "<group>"; };
		F4453AA62024D6C200B58F36 /* AchievementsSingleResponse.swift */ = {isa = PBXFileReference; fileEncoding = 4; lastKnownFileType = sourcecode.swift; path = AchievementsSingleResponse.swift; sourceTree = "<group>"; };
		F4453AA72024D6C200B58F36 /* AchievementTitle.swift */ = {isa = PBXFileReference; fileEncoding = 4; lastKnownFileType = sourcecode.swift; path = AchievementTitle.swift; sourceTree = "<group>"; };
		F4453AA82024D6C200B58F36 /* Order.swift */ = {isa = PBXFileReference; fileEncoding = 4; lastKnownFileType = sourcecode.swift; path = Order.swift; sourceTree = "<group>"; };
		F4453AAA2024D6C200B58F36 /* Article.swift */ = {isa = PBXFileReference; fileEncoding = 4; lastKnownFileType = sourcecode.swift; path = Article.swift; sourceTree = "<group>"; };
		F4453AAB2024D6C200B58F36 /* ArticlePage.swift */ = {isa = PBXFileReference; fileEncoding = 4; lastKnownFileType = sourcecode.swift; path = ArticlePage.swift; sourceTree = "<group>"; };
		F4453AAC2024D6C200B58F36 /* BaseArticleResponse.swift */ = {isa = PBXFileReference; fileEncoding = 4; lastKnownFileType = sourcecode.swift; path = BaseArticleResponse.swift; sourceTree = "<group>"; };
		F4453AAE2024D6C200B58F36 /* ArtistAdditionalPropertie.swift */ = {isa = PBXFileReference; fileEncoding = 4; lastKnownFileType = sourcecode.swift; path = ArtistAdditionalPropertie.swift; sourceTree = "<group>"; };
		F4453AAF2024D6C200B58F36 /* ArtistAsset.swift */ = {isa = PBXFileReference; fileEncoding = 4; lastKnownFileType = sourcecode.swift; path = ArtistAsset.swift; sourceTree = "<group>"; };
		F4453AB02024D6C200B58F36 /* ArtistObject.swift */ = {isa = PBXFileReference; fileEncoding = 4; lastKnownFileType = sourcecode.swift; path = ArtistObject.swift; sourceTree = "<group>"; };
		F4453AB12024D6C200B58F36 /* ArtistPage.swift */ = {isa = PBXFileReference; fileEncoding = 4; lastKnownFileType = sourcecode.swift; path = ArtistPage.swift; sourceTree = "<group>"; };
		F4453AB22024D6C200B58F36 /* BaseArtistResponse.swift */ = {isa = PBXFileReference; fileEncoding = 4; lastKnownFileType = sourcecode.swift; path = BaseArtistResponse.swift; sourceTree = "<group>"; };
		F4453AB42024D6C200B58F36 /* AssetContent.swift */ = {isa = PBXFileReference; fileEncoding = 4; lastKnownFileType = sourcecode.swift; path = AssetContent.swift; sourceTree = "<group>"; };
		F4453AB52024D6C200B58F36 /* BaseAssetBatchResponse.swift */ = {isa = PBXFileReference; fileEncoding = 4; lastKnownFileType = sourcecode.swift; path = BaseAssetBatchResponse.swift; sourceTree = "<group>"; };
		F4453AB62024D6C200B58F36 /* Batch.swift */ = {isa = PBXFileReference; fileEncoding = 4; lastKnownFileType = sourcecode.swift; path = Batch.swift; sourceTree = "<group>"; };
		F4453AB72024D6C200B58F36 /* BatchAssetPage.swift */ = {isa = PBXFileReference; fileEncoding = 4; lastKnownFileType = sourcecode.swift; path = BatchAssetPage.swift; sourceTree = "<group>"; };
		F4453AB82024D6C200B58F36 /* BatchAssetResponseItem.swift */ = {isa = PBXFileReference; fileEncoding = 4; lastKnownFileType = sourcecode.swift; path = BatchAssetResponseItem.swift; sourceTree = "<group>"; };
		F4453AB92024D6C200B58F36 /* BatchRequest.swift */ = {isa = PBXFileReference; fileEncoding = 4; lastKnownFileType = sourcecode.swift; path = BatchRequest.swift; sourceTree = "<group>"; };
		F4453ABB2024D6C200B58F36 /* Cart.swift */ = {isa = PBXFileReference; fileEncoding = 4; lastKnownFileType = sourcecode.swift; path = Cart.swift; sourceTree = "<group>"; };
		F4453ABC2024D6C200B58F36 /* CartDetails.swift */ = {isa = PBXFileReference; fileEncoding = 4; lastKnownFileType = sourcecode.swift; path = CartDetails.swift; sourceTree = "<group>"; };
		F4453ABD2024D6C200B58F36 /* CartResponse.swift */ = {isa = PBXFileReference; fileEncoding = 4; lastKnownFileType = sourcecode.swift; path = CartResponse.swift; sourceTree = "<group>"; };
		F4453ABE2024D6C200B58F36 /* Cartsku.swift */ = {isa = PBXFileReference; fileEncoding = 4; lastKnownFileType = sourcecode.swift; path = Cartsku.swift; sourceTree = "<group>"; };
		F4453ABF2024D6C200B58F36 /* CartSKUResponse.swift */ = {isa = PBXFileReference; fileEncoding = 4; lastKnownFileType = sourcecode.swift; path = CartSKUResponse.swift; sourceTree = "<group>"; };
		F4453AC02024D6C200B58F36 /* Checkout.swift */ = {isa = PBXFileReference; fileEncoding = 4; lastKnownFileType = sourcecode.swift; path = Checkout.swift; sourceTree = "<group>"; };
		F4453AC12024D6C200B58F36 /* CheckoutResponse.swift */ = {isa = PBXFileReference; fileEncoding = 4; lastKnownFileType = sourcecode.swift; path = CheckoutResponse.swift; sourceTree = "<group>"; };
		F4453AC22024D6C200B58F36 /* Countries.swift */ = {isa = PBXFileReference; fileEncoding = 4; lastKnownFileType = sourcecode.swift; path = Countries.swift; sourceTree = "<group>"; };
		F4453AC32024D6C200B58F36 /* CountriesResponse.swift */ = {isa = PBXFileReference; fileEncoding = 4; lastKnownFileType = sourcecode.swift; path = CountriesResponse.swift; sourceTree = "<group>"; };
		F4453AC42024D6C200B58F36 /* Country.swift */ = {isa = PBXFileReference; fileEncoding = 4; lastKnownFileType = sourcecode.swift; path = Country.swift; sourceTree = "<group>"; };
		F4453AC52024D6C200B58F36 /* GetCartResponse.swift */ = {isa = PBXFileReference; fileEncoding = 4; lastKnownFileType = sourcecode.swift; path = GetCartResponse.swift; sourceTree = "<group>"; };
		F4453AC62024D6C200B58F36 /* Invoice.swift */ = {isa = PBXFileReference; fileEncoding = 4; lastKnownFileType = sourcecode.swift; path = Invoice.swift; sourceTree = "<group>"; };
		F4453AC72024D6C200B58F36 /* Item.swift */ = {isa = PBXFileReference; fileEncoding = 4; lastKnownFileType = sourcecode.swift; path = Item.swift; sourceTree = "<group>"; };
		F4453AC82024D6C200B58F36 /* Shippable.swift */ = {isa = PBXFileReference; fileEncoding = 4; lastKnownFileType = sourcecode.swift; path = Shippable.swift; sourceTree = "<group>"; };
		F4453AC92024D6C200B58F36 /* ShippableResponse.swift */ = {isa = PBXFileReference; fileEncoding = 4; lastKnownFileType = sourcecode.swift; path = ShippableResponse.swift; sourceTree = "<group>"; };
		F4453ACB2024D6C200B58F36 /* Activities.swift */ = {isa = PBXFileReference; fileEncoding = 4; lastKnownFileType = sourcecode.swift; path = Activities.swift; sourceTree = "<group>"; };
		F4453ACC2024D6C200B58F36 /* Activity.swift */ = {isa = PBXFileReference; fileEncoding = 4; lastKnownFileType = sourcecode.swift; path = Activity.swift; sourceTree = "<group>"; };
		F4453ACD2024D6C200B58F36 /* BaseChallengeActivity.swift */ = {isa = PBXFileReference; fileEncoding = 4; lastKnownFileType = sourcecode.swift; path = BaseChallengeActivity.swift; sourceTree = "<group>"; };
		F4453ACE2024D6C200B58F36 /* BaseChallengeResponse.swift */ = {isa = PBXFileReference; fileEncoding = 4; lastKnownFileType = sourcecode.swift; path = BaseChallengeResponse.swift; sourceTree = "<group>"; };
		F4453ACF2024D6C200B58F36 /* Challenge.swift */ = {isa = PBXFileReference; fileEncoding = 4; lastKnownFileType = sourcecode.swift; path = Challenge.swift; sourceTree = "<group>"; };
		F4453AD02024D6C200B58F36 /* ChallengeActivity.swift */ = {isa = PBXFileReference; fileEncoding = 4; lastKnownFileType = sourcecode.swift; path = ChallengeActivity.swift; sourceTree = "<group>"; };
		F4453AD12024D6C200B58F36 /* ChallengeAdditionalPropertie.swift */ = {isa = PBXFileReference; fileEncoding = 4; lastKnownFileType = sourcecode.swift; path = ChallengeAdditionalPropertie.swift; sourceTree = "<group>"; };
		F4453AD22024D6C200B58F36 /* ChallengeAsset.swift */ = {isa = PBXFileReference; fileEncoding = 4; lastKnownFileType = sourcecode.swift; path = ChallengeAsset.swift; sourceTree = "<group>"; };
		F4453AD32024D6C200B58F36 /* challengesPage.swift */ = {isa = PBXFileReference; fileEncoding = 4; lastKnownFileType = sourcecode.swift; path = challengesPage.swift; sourceTree = "<group>"; };
		F4453AD42024D6C200B58F36 /* CurrencyReward.swift */ = {isa = PBXFileReference; fileEncoding = 4; lastKnownFileType = sourcecode.swift; path = CurrencyReward.swift; sourceTree = "<group>"; };
		F4453AD52024D6C200B58F36 /* MainChallengeActiviyResponse.swift */ = {isa = PBXFileReference; fileEncoding = 4; lastKnownFileType = sourcecode.swift; path = MainChallengeActiviyResponse.swift; sourceTree = "<group>"; };
		F4453AD62024D6C200B58F36 /* RewardSet.swift */ = {isa = PBXFileReference; fileEncoding = 4; lastKnownFileType = sourcecode.swift; path = RewardSet.swift; sourceTree = "<group>"; };
		F4453AD72024D6C200B58F36 /* Setting.swift */ = {isa = PBXFileReference; fileEncoding = 4; lastKnownFileType = sourcecode.swift; path = Setting.swift; sourceTree = "<group>"; };
		F4453AD92024D6C200B58F36 /* Comment.swift */ = {isa = PBXFileReference; fileEncoding = 4; lastKnownFileType = sourcecode.swift; path = Comment.swift; sourceTree = "<group>"; };
		F4453ADA2024D6C200B58F36 /* CommentResponse.swift */ = {isa = PBXFileReference; fileEncoding = 4; lastKnownFileType = sourcecode.swift; path = CommentResponse.swift; sourceTree = "<group>"; };
		F4453ADC2024D6C200B58F36 /* BaseResponse.swift */ = {isa = PBXFileReference; fileEncoding = 4; lastKnownFileType = sourcecode.swift; path = BaseResponse.swift; sourceTree = "<group>"; };
		F4453ADD2024D6C200B58F36 /* Error.swift */ = {isa = PBXFileReference; fileEncoding = 4; lastKnownFileType = sourcecode.swift; path = Error.swift; sourceTree = "<group>"; };
		F4453ADF2024D6C200B58F36 /* BaseConfigResponse.swift */ = {isa = PBXFileReference; fileEncoding = 4; lastKnownFileType = sourcecode.swift; path = BaseConfigResponse.swift; sourceTree = "<group>"; };
		F4453AE02024D6C200B58F36 /* Config.swift */ = {isa = PBXFileReference; fileEncoding = 4; lastKnownFileType = sourcecode.swift; path = Config.swift; sourceTree = "<group>"; };
		F4453AE22024D6C200B58F36 /* Disposition.swift */ = {isa = PBXFileReference; fileEncoding = 4; lastKnownFileType = sourcecode.swift; path = Disposition.swift; sourceTree = "<group>"; };
		F4453AE32024D6C200B58F36 /* DispositionResponse.swift */ = {isa = PBXFileReference; fileEncoding = 4; lastKnownFileType = sourcecode.swift; path = DispositionResponse.swift; sourceTree = "<group>"; };
		F4453AE42024D6C200B58F36 /* Dispositions.swift */ = {isa = PBXFileReference; fileEncoding = 4; lastKnownFileType = sourcecode.swift; path = Dispositions.swift; sourceTree = "<group>"; };
		F4453AE52024D6C200B58F36 /* NewDispositionResponse.swift */ = {isa = PBXFileReference; fileEncoding = 4; lastKnownFileType = sourcecode.swift; path = NewDispositionResponse.swift; sourceTree = "<group>"; };
		F4453AE72024D6C200B58F36 /* Favorite.swift */ = {isa = PBXFileReference; fileEncoding = 4; lastKnownFileType = sourcecode.swift; path = Favorite.swift; sourceTree = "<group>"; };
		F4453AE82024D6C200B58F36 /* FavoriteResponse.swift */ = {isa = PBXFileReference; fileEncoding = 4; lastKnownFileType = sourcecode.swift; path = FavoriteResponse.swift; sourceTree = "<group>"; };
		F4453AEA2024D6C200B58F36 /* Flag.swift */ = {isa = PBXFileReference; fileEncoding = 4; lastKnownFileType = sourcecode.swift; path = Flag.swift; sourceTree = "<group>"; };
		F4453AEB2024D6C200B58F36 /* FlagBaseResponse.swift */ = {isa = PBXFileReference; fileEncoding = 4; lastKnownFileType = sourcecode.swift; path = FlagBaseResponse.swift; sourceTree = "<group>"; };
		F4453AEC2024D6C200B58F36 /* FlagContent.swift */ = {isa = PBXFileReference; fileEncoding = 4; lastKnownFileType = sourcecode.swift; path = FlagContent.swift; sourceTree = "<group>"; };
		F4453AEE2024D6C200B58F36 /* Friend.swift */ = {isa = PBXFileReference; fileEncoding = 4; lastKnownFileType = sourcecode.swift; path = Friend.swift; sourceTree = "<group>"; };
		F4453AEF2024D6C200B58F36 /* FriendsResponse.swift */ = {isa = PBXFileReference; fileEncoding = 4; lastKnownFileType = sourcecode.swift; path = FriendsResponse.swift; sourceTree = "<group>"; };
		F4453AF12024D6C200B58F36 /* Entrie.swift */ = {isa = PBXFileReference; fileEncoding = 4; lastKnownFileType = sourcecode.swift; path = Entrie.swift; sourceTree = "<group>"; };
		F4453AF22024D6C200B58F36 /* Leaderboard.swift */ = {isa = PBXFileReference; fileEncoding = 4; lastKnownFileType = sourcecode.swift; path = Leaderboard.swift; sourceTree = "<group>"; };
		F4453AF32024D6C200B58F36 /* LeaderboardResponse.swift */ = {isa = PBXFileReference; fileEncoding = 4; lastKnownFileType = sourcecode.swift; path = LeaderboardResponse.swift; sourceTree = "<group>"; };
		F4453AF52024D6C200B58F36 /* UserRankResponse.swift */ = {isa = PBXFileReference; fileEncoding = 4; lastKnownFileType = sourcecode.swift; path = UserRankResponse.swift; sourceTree = "<group>"; };
		F4453AF72024D6C200B58F36 /* Metric.swift */ = {isa = PBXFileReference; fileEncoding = 4; lastKnownFileType = sourcecode.swift; path = Metric.swift; sourceTree = "<group>"; };
		F4453AF92024D6C200B58F36 /* CategoriesBaseResponse.swift */ = {isa = PBXFileReference; fileEncoding = 4; lastKnownFileType = sourcecode.swift; path = CategoriesBaseResponse.swift; sourceTree = "<group>"; };
		F4453AFA2024D6C200B58F36 /* CategoryAdditionalPropertie.swift */ = {isa = PBXFileReference; fileEncoding = 4; lastKnownFileType = sourcecode.swift; path = CategoryAdditionalPropertie.swift; sourceTree = "<group>"; };
		F4453AFB2024D6C200B58F36 /* CategoryMessage.swift */ = {isa = PBXFileReference; fileEncoding = 4; lastKnownFileType = sourcecode.swift; path = CategoryMessage.swift; sourceTree = "<group>"; };
		F4453AFC2024D6C200B58F36 /* CategoryObject.swift */ = {isa = PBXFileReference; fileEncoding = 4; lastKnownFileType = sourcecode.swift; path = CategoryObject.swift; sourceTree = "<group>"; };
		F4453AFD2024D6C200B58F36 /* CategoryPage.swift */ = {isa = PBXFileReference; fileEncoding = 4; lastKnownFileType = sourcecode.swift; path = CategoryPage.swift; sourceTree = "<group>"; };
		F4453AFE2024D6C200B58F36 /* CategoryThumbnail.swift */ = {isa = PBXFileReference; fileEncoding = 4; lastKnownFileType = sourcecode.swift; path = CategoryThumbnail.swift; sourceTree = "<group>"; };
		F4453AFF2024D6C200B58F36 /* GeneralAdditionalObject.swift */ = {isa = PBXFileReference; fileEncoding = 4; lastKnownFileType = sourcecode.swift; path = GeneralAdditionalObject.swift; sourceTree = "<group>"; };
		F4453B012024D6C200B58F36 /* GuestUser.swift */ = {isa = PBXFileReference; fileEncoding = 4; lastKnownFileType = sourcecode.swift; path = GuestUser.swift; sourceTree = "<group>"; };
		F4453B022024D6C200B58F36 /* GuestUserResponse.swift */ = {isa = PBXFileReference; fileEncoding = 4; lastKnownFileType = sourcecode.swift; path = GuestUserResponse.swift; sourceTree = "<group>"; };
		F4453B032024D6C200B58F36 /* RegisteredUser.swift */ = {isa = PBXFileReference; fileEncoding = 4; lastKnownFileType = sourcecode.swift; path = RegisteredUser.swift; sourceTree = "<group>"; };
		F4453B042024D6C200B58F36 /* RegisteredUserResponse.swift */ = {isa = PBXFileReference; fileEncoding = 4; lastKnownFileType = sourcecode.swift; path = RegisteredUserResponse.swift; sourceTree = "<group>"; };
		F4453B062024D6C200B58F36 /* Page.swift */ = {isa = PBXFileReference; fileEncoding = 4; lastKnownFileType = sourcecode.swift; path = Page.swift; sourceTree = "<group>"; };
		F4453B072024D6C200B58F36 /* Related.swift */ = {isa = PBXFileReference; fileEncoding = 4; lastKnownFileType = sourcecode.swift; path = Related.swift; sourceTree = "<group>"; };
		F4453B082024D6C200B58F36 /* Sku.swift */ = {isa = PBXFileReference; fileEncoding = 4; lastKnownFileType = sourcecode.swift; path = Sku.swift; sourceTree = "<group>"; };
		F4453B092024D6C200B58F36 /* StoreResponse.swift */ = {isa = PBXFileReference; fileEncoding = 4; lastKnownFileType = sourcecode.swift; path = StoreResponse.swift; sourceTree = "<group>"; };
		F4453B0C2024D6C200B58F36 /* Achievement.swift */ = {isa = PBXFileReference; fileEncoding = 4; lastKnownFileType = sourcecode.swift; path = Achievement.swift; sourceTree = "<group>"; };
		F4453B0D2024D6C200B58F36 /* Result.swift */ = {isa = PBXFileReference; fileEncoding = 4; lastKnownFileType = sourcecode.swift; path = Result.swift; sourceTree = "<group>"; };
		F4453B0E2024D6C200B58F36 /* UserAchievementsResponse.swift */ = {isa = PBXFileReference; fileEncoding = 4; lastKnownFileType = sourcecode.swift; path = UserAchievementsResponse.swift; sourceTree = "<group>"; };
		F4453B0F2024D6C200B58F36 /* BaseAvatarResponse.swift */ = {isa = PBXFileReference; fileEncoding = 4; lastKnownFileType = sourcecode.swift; path = BaseAvatarResponse.swift; sourceTree = "<group>"; };
		F4453B102024D6C200B58F36 /* Devicetoken.swift */ = {isa = PBXFileReference; fileEncoding = 4; lastKnownFileType = sourcecode.swift; path = Devicetoken.swift; sourceTree = "<group>"; };
		F4453B112024D6C200B58F36 /* Propertie.swift */ = {isa = PBXFileReference; fileEncoding = 4; lastKnownFileType = sourcecode.swift; path = Propertie.swift; sourceTree = "<group>"; };
		F4453B122024D6C200B58F36 /* S3FileResponse.swift */ = {isa = PBXFileReference; fileEncoding = 4; lastKnownFileType = sourcecode.swift; path = S3FileResponse.swift; sourceTree = "<group>"; };
		F4453B132024D6C200B58F36 /* SimpleUser.swift */ = {isa = PBXFileReference; fileEncoding = 4; lastKnownFileType = sourcecode.swift; path = SimpleUser.swift; sourceTree = "<group>"; };
		F4453B152024D6C200B58F36 /* StrategiesResponse.swift */ = {isa = PBXFileReference; fileEncoding = 4; lastKnownFileType = sourcecode.swift; path = StrategiesResponse.swift; sourceTree = "<group>"; };
		F4453B162024D6C200B58F36 /* User.swift */ = {isa = PBXFileReference; fileEncoding = 4; lastKnownFileType = sourcecode.swift; path = User.swift; sourceTree = "<group>"; };
		F4453B172024D6C200B58F36 /* UserAvatarObject.swift */ = {isa = PBXFileReference; fileEncoding = 4; lastKnownFileType = sourcecode.swift; path = UserAvatarObject.swift; sourceTree = "<group>"; };
		F4453B182024D6C200B58F36 /* UserResponse.swift */ = {isa = PBXFileReference; fileEncoding = 4; lastKnownFileType = sourcecode.swift; path = UserResponse.swift; sourceTree = "<group>"; };
		F4453B192024D6C200B58F36 /* Wallet.swift */ = {isa = PBXFileReference; fileEncoding = 4; lastKnownFileType = sourcecode.swift; path = Wallet.swift; sourceTree = "<group>"; };
		F4453B1B2024D6C200B58F36 /* AddVideoResponse.swift */ = {isa = PBXFileReference; fileEncoding = 4; lastKnownFileType = sourcecode.swift; path = AddVideoResponse.swift; sourceTree = "<group>"; };
		F4453B1C2024D6C200B58F36 /* Artist.swift */ = {isa = PBXFileReference; fileEncoding = 4; lastKnownFileType = sourcecode.swift; path = Artist.swift; sourceTree = "<group>"; };
		F4453B1D2024D6C200B58F36 /* Asset.swift */ = {isa = PBXFileReference; fileEncoding = 4; lastKnownFileType = sourcecode.swift; path = Asset.swift; sourceTree = "<group>"; };
		F4453B1E2024D6C200B58F36 /* Behavior.swift */ = {isa = PBXFileReference; fileEncoding = 4; lastKnownFileType = sourcecode.swift; path = Behavior.swift; sourceTree = "<group>"; };
		F4453B1F2024D6C200B58F36 /* Catalog.swift */ = {isa = PBXFileReference; fileEncoding = 4; lastKnownFileType = sourcecode.swift; path = Catalog.swift; sourceTree = "<group>"; };
		F4453B202024D6C200B58F36 /* Contributor.swift */ = {isa = PBXFileReference; fileEncoding = 4; lastKnownFileType = sourcecode.swift; path = Contributor.swift; sourceTree = "<group>"; };
		F4453B212024D6C200B58F36 /* NewVideo.swift */ = {isa = PBXFileReference; fileEncoding = 4; lastKnownFileType = sourcecode.swift; path = NewVideo.swift; sourceTree = "<group>"; };
		F4453B222024D6C200B58F36 /* Relation.swift */ = {isa = PBXFileReference; fileEncoding = 4; lastKnownFileType = sourcecode.swift; path = Relation.swift; sourceTree = "<group>"; };
		F4453B232024D6C200B58F36 /* RelationshipdBaseResponse.swift */ = {isa = PBXFileReference; fileEncoding = 4; lastKnownFileType = sourcecode.swift; path = RelationshipdBaseResponse.swift; sourceTree = "<group>"; };
		F4453B242024D6C200B58F36 /* RelationshipObject.swift */ = {isa = PBXFileReference; fileEncoding = 4; lastKnownFileType = sourcecode.swift; path = RelationshipObject.swift; sourceTree = "<group>"; };
		F4453B252024D6C200B58F36 /* UseUploaded.swift */ = {isa = PBXFileReference; fileEncoding = 4; lastKnownFileType = sourcecode.swift; path = UseUploaded.swift; sourceTree = "<group>"; };
		F4453B262024D6C200B58F36 /* Video.swift */ = {isa = PBXFileReference; fileEncoding = 4; lastKnownFileType = sourcecode.swift; path = Video.swift; sourceTree = "<group>"; };
		F4453B272024D6C200B58F36 /* VideoResponse.swift */ = {isa = PBXFileReference; fileEncoding = 4; lastKnownFileType = sourcecode.swift; path = VideoResponse.swift; sourceTree = "<group>"; };
		F4453B292024D6C200B58F36 /* BaseVirtualItem.swift */ = {isa = PBXFileReference; fileEncoding = 4; lastKnownFileType = sourcecode.swift; path = BaseVirtualItem.swift; sourceTree = "<group>"; };
		F4453B2A2024D6C200B58F36 /* BaseVirtualItemsWithAssets.swift */ = {isa = PBXFileReference; fileEncoding = 4; lastKnownFileType = sourcecode.swift; path = BaseVirtualItemsWithAssets.swift; sourceTree = "<group>"; };
		F4453B2B2024D6C200B58F36 /* VirtualItem.swift */ = {isa = PBXFileReference; fileEncoding = 4; lastKnownFileType = sourcecode.swift; path = VirtualItem.swift; sourceTree = "<group>"; };
		F4453B2C2024D6C200B58F36 /* VirtualItemPage.swift */ = {isa = PBXFileReference; fileEncoding = 4; lastKnownFileType = sourcecode.swift; path = VirtualItemPage.swift; sourceTree = "<group>"; };
		F4453B2D2024D6C200B58F36 /* VirtualItemResultsAssets.swift */ = {isa = PBXFileReference; fileEncoding = 4; lastKnownFileType = sourcecode.swift; path = VirtualItemResultsAssets.swift; sourceTree = "<group>"; };
		F4453B2F2024D6C200B58F36 /* WalletRequest.swift */ = {isa = PBXFileReference; fileEncoding = 4; lastKnownFileType = sourcecode.swift; path = WalletRequest.swift; sourceTree = "<group>"; };
		F4453B302024D6C200B58F36 /* WalletResponse.swift */ = {isa = PBXFileReference; fileEncoding = 4; lastKnownFileType = sourcecode.swift; path = WalletResponse.swift; sourceTree = "<group>"; };
		F45DBA901C58208A006A23AE /* ArtistService.swift */ = {isa = PBXFileReference; fileEncoding = 4; lastKnownFileType = sourcecode.swift; path = ArtistService.swift; sourceTree = "<group>"; };
		F46ABB0A1BA70AC5004DF427 /* LeaderboardTest.swift */ = {isa = PBXFileReference; fileEncoding = 4; lastKnownFileType = sourcecode.swift; path = LeaderboardTest.swift; sourceTree = "<group>"; };
		F46ABB171BA721C0004DF427 /* MetricTest.swift */ = {isa = PBXFileReference; fileEncoding = 4; lastKnownFileType = sourcecode.swift; path = MetricTest.swift; sourceTree = "<group>"; };
		F46E822B1CEE566A005B2F49 /* AchievementService.swift */ = {isa = PBXFileReference; fileEncoding = 4; lastKnownFileType = sourcecode.swift; path = AchievementService.swift; sourceTree = "<group>"; };
		F4759B771BAB1D220047C6BA /* WalletService.swift */ = {isa = PBXFileReference; fileEncoding = 4; lastKnownFileType = sourcecode.swift; path = WalletService.swift; sourceTree = "<group>"; };
		F4759B7F1BAB208A0047C6BA /* WalletTest.swift */ = {isa = PBXFileReference; fileEncoding = 4; lastKnownFileType = sourcecode.swift; path = WalletTest.swift; sourceTree = "<group>"; };
		F47861921AB1BD7400A10B02 /* Utilities.swift */ = {isa = PBXFileReference; fileEncoding = 4; lastKnownFileType = sourcecode.swift; path = Utilities.swift; sourceTree = "<group>"; };
		F47861951AB1E62B00A10B02 /* JsapiRest.swift */ = {isa = PBXFileReference; fileEncoding = 4; lastKnownFileType = sourcecode.swift; path = JsapiRest.swift; sourceTree = "<group>"; };
		F47B97C91C9CB68600A2B30F /* ArticleService.swift */ = {isa = PBXFileReference; fileEncoding = 4; lastKnownFileType = sourcecode.swift; path = ArticleService.swift; sourceTree = "<group>"; };
		F47BB5A41ABC8457009AD1F6 /* UserService.swift */ = {isa = PBXFileReference; fileEncoding = 4; lastKnownFileType = sourcecode.swift; path = UserService.swift; sourceTree = "<group>"; };
		F47BF4E81AC2096200F2FB17 /* CommentService.swift */ = {isa = PBXFileReference; fileEncoding = 4; lastKnownFileType = sourcecode.swift; path = CommentService.swift; sourceTree = "<group>"; };
		F47F8F7F1B45A5A400934807 /* RegistrationTest.swift */ = {isa = PBXFileReference; fileEncoding = 4; lastKnownFileType = sourcecode.swift; path = RegistrationTest.swift; sourceTree = "<group>"; };
		F47F8F881B45A64700934807 /* UserTest.swift */ = {isa = PBXFileReference; fileEncoding = 4; lastKnownFileType = sourcecode.swift; path = UserTest.swift; sourceTree = "<group>"; };
		F47F8F8A1B45A66F00934807 /* FavoriteTest.swift */ = {isa = PBXFileReference; fileEncoding = 4; lastKnownFileType = sourcecode.swift; path = FavoriteTest.swift; sourceTree = "<group>"; };
		F48006631AA656F600B27561 /* JSAPIConstant.swift */ = {isa = PBXFileReference; fileEncoding = 4; lastKnownFileType = sourcecode.swift; path = JSAPIConstant.swift; sourceTree = "<group>"; };
		F483B3E01AC5A48300A869C5 /* FriendshipService.swift */ = {isa = PBXFileReference; fileEncoding = 4; lastKnownFileType = sourcecode.swift; path = FriendshipService.swift; sourceTree = "<group>"; };
		F488C4F11C064C3300F2AF03 /* CategoriesService.swift */ = {isa = PBXFileReference; fileEncoding = 4; lastKnownFileType = sourcecode.swift; path = CategoriesService.swift; sourceTree = "<group>"; };
		F48B9BC31AB0EBDC0069DBFA /* CartService.swift */ = {isa = PBXFileReference; fileEncoding = 4; lastKnownFileType = sourcecode.swift; path = CartService.swift; sourceTree = "<group>"; };
		F48BBD221ABB135B00EAFE09 /* Registration.swift */ = {isa = PBXFileReference; fileEncoding = 4; lastKnownFileType = sourcecode.swift; path = Registration.swift; sourceTree = "<group>"; };
		F49EB52F1ACAE8240030437F /* StoreService.swift */ = {isa = PBXFileReference; fileEncoding = 4; lastKnownFileType = sourcecode.swift; path = StoreService.swift; sourceTree = "<group>"; };
		F4A1AABB1AA6147500D17F43 /* JsapiApi.framework */ = {isa = PBXFileReference; explicitFileType = wrapper.framework; includeInIndex = 0; path = JsapiApi.framework; sourceTree = BUILT_PRODUCTS_DIR; };
		F4A1AABF1AA6147500D17F43 /* Info.plist */ = {isa = PBXFileReference; lastKnownFileType = text.plist.xml; path = Info.plist; sourceTree = "<group>"; };
		F4A1AAC61AA6147600D17F43 /* JsapiApiTests.xctest */ = {isa = PBXFileReference; explicitFileType = wrapper.cfbundle; includeInIndex = 0; path = JsapiApiTests.xctest; sourceTree = BUILT_PRODUCTS_DIR; };
		F4A1AACC1AA6147600D17F43 /* Info.plist */ = {isa = PBXFileReference; lastKnownFileType = text.plist.xml; path = Info.plist; sourceTree = "<group>"; };
		F4A1AACD1AA6147600D17F43 /* JsapiApiTests.swift */ = {isa = PBXFileReference; lastKnownFileType = sourcecode.swift; path = JsapiApiTests.swift; sourceTree = "<group>"; };
		F4A1AAD71AA6172C00D17F43 /* JsapiApi.swift */ = {isa = PBXFileReference; fileEncoding = 4; lastKnownFileType = sourcecode.swift; path = JsapiApi.swift; sourceTree = "<group>"; };
		F4ABA0D71C7E193300984274 /* ConfigService.swift */ = {isa = PBXFileReference; fileEncoding = 4; lastKnownFileType = sourcecode.swift; path = ConfigService.swift; sourceTree = "<group>"; };
		F4AEA4201B8E1D0C0001F61A /* DispositionService.swift */ = {isa = PBXFileReference; fileEncoding = 4; lastKnownFileType = sourcecode.swift; path = DispositionService.swift; sourceTree = "<group>"; };
		F4AEA4221B8E1DD40001F61A /* DispositionTest.swift */ = {isa = PBXFileReference; fileEncoding = 4; lastKnownFileType = sourcecode.swift; path = DispositionTest.swift; sourceTree = "<group>"; };
		F4B2EEF31BE417AB0045B898 /* FlagService.swift */ = {isa = PBXFileReference; fileEncoding = 4; lastKnownFileType = sourcecode.swift; path = FlagService.swift; sourceTree = "<group>"; };
		F4C41C681B46D6CF0057F1A6 /* CartTest.swift */ = {isa = PBXFileReference; fileEncoding = 4; lastKnownFileType = sourcecode.swift; path = CartTest.swift; sourceTree = "<group>"; };
		F4C6FF0E1C7B6DED0039176A /* ChallengeService.swift */ = {isa = PBXFileReference; fileEncoding = 4; lastKnownFileType = sourcecode.swift; path = ChallengeService.swift; sourceTree = "<group>"; };
		F4D5867B1ACDC0AA001B47CA /* FavoriteService.swift */ = {isa = PBXFileReference; fileEncoding = 4; lastKnownFileType = sourcecode.swift; path = FavoriteService.swift; sourceTree = "<group>"; };
/* End PBXFileReference section */

/* Begin PBXFrameworksBuildPhase section */
		F4A1AAB71AA6147500D17F43 /* Frameworks */ = {
			isa = PBXFrameworksBuildPhase;
			buildActionMask = 2147483647;
			files = (
			);
			runOnlyForDeploymentPostprocessing = 0;
		};
		F4A1AAC31AA6147600D17F43 /* Frameworks */ = {
			isa = PBXFrameworksBuildPhase;
			buildActionMask = 2147483647;
			files = (
				F4A1AAC71AA6147600D17F43 /* JsapiApi.framework in Frameworks */,
			);
			runOnlyForDeploymentPostprocessing = 0;
		};
/* End PBXFrameworksBuildPhase section */

/* Begin PBXGroup section */
		F4453AA12024D6C200B58F36 /* Model */ = {
			isa = PBXGroup;
			children = (
				F4453AA22024D6C200B58F36 /* Achievements */,
				F4453AA92024D6C200B58F36 /* article */,
				F4453AAD2024D6C200B58F36 /* artist */,
				F4453AB32024D6C200B58F36 /* asset */,
				F4453ABA2024D6C200B58F36 /* Cart */,
				F4453ACA2024D6C200B58F36 /* challenge */,
				F4453AD82024D6C200B58F36 /* Comment */,
				F4453ADB2024D6C200B58F36 /* Common */,
				F4453ADE2024D6C200B58F36 /* config */,
				F4453AE12024D6C200B58F36 /* Disposition */,
				F4453AE62024D6C200B58F36 /* Favorite */,
				F4453AE92024D6C200B58F36 /* flags */,
				F4453AED2024D6C200B58F36 /* Friendship */,
				F4453AF02024D6C200B58F36 /* leaderboard */,
				F4453AF62024D6C200B58F36 /* metric */,
				F4453AF82024D6C200B58F36 /* modelcategory */,
				F4453B002024D6C200B58F36 /* Registration */,
				F4453B052024D6C200B58F36 /* Store */,
				F4453B0A2024D6C200B58F36 /* User */,
				F4453B1A2024D6C200B58F36 /* Video */,
				F4453B282024D6C200B58F36 /* virtualitems */,
				F4453B2E2024D6C200B58F36 /* wallet */,
			);
			path = Model;
			sourceTree = "<group>";
		};
		F4453AA22024D6C200B58F36 /* Achievements */ = {
			isa = PBXGroup;
			children = (
				F4453AA32024D6C200B58F36 /* Achievements.swift */,
				F4453AA42024D6C200B58F36 /* AchievementsPage.swift */,
				F4453AA52024D6C200B58F36 /* AchievementsResponse.swift */,
				F4453AA62024D6C200B58F36 /* AchievementsSingleResponse.swift */,
				F4453AA72024D6C200B58F36 /* AchievementTitle.swift */,
				F4453AA82024D6C200B58F36 /* Order.swift */,
			);
			path = Achievements;
			sourceTree = "<group>";
		};
		F4453AA92024D6C200B58F36 /* article */ = {
			isa = PBXGroup;
			children = (
				F4453AAA2024D6C200B58F36 /* Article.swift */,
				F4453AAB2024D6C200B58F36 /* ArticlePage.swift */,
				F4453AAC2024D6C200B58F36 /* BaseArticleResponse.swift */,
			);
			path = article;
			sourceTree = "<group>";
		};
		F4453AAD2024D6C200B58F36 /* artist */ = {
			isa = PBXGroup;
			children = (
				F4453AAE2024D6C200B58F36 /* ArtistAdditionalPropertie.swift */,
				F4453AAF2024D6C200B58F36 /* ArtistAsset.swift */,
				F4453AB02024D6C200B58F36 /* ArtistObject.swift */,
				F4453AB12024D6C200B58F36 /* ArtistPage.swift */,
				F4453AB22024D6C200B58F36 /* BaseArtistResponse.swift */,
			);
			path = artist;
			sourceTree = "<group>";
		};
		F4453AB32024D6C200B58F36 /* asset */ = {
			isa = PBXGroup;
			children = (
				F4453AB42024D6C200B58F36 /* AssetContent.swift */,
				F4453AB52024D6C200B58F36 /* BaseAssetBatchResponse.swift */,
				F4453AB62024D6C200B58F36 /* Batch.swift */,
				F4453AB72024D6C200B58F36 /* BatchAssetPage.swift */,
				F4453AB82024D6C200B58F36 /* BatchAssetResponseItem.swift */,
				F4453AB92024D6C200B58F36 /* BatchRequest.swift */,
			);
			path = asset;
			sourceTree = "<group>";
		};
		F4453ABA2024D6C200B58F36 /* Cart */ = {
			isa = PBXGroup;
			children = (
				F4453ABB2024D6C200B58F36 /* Cart.swift */,
				F4453ABC2024D6C200B58F36 /* CartDetails.swift */,
				F4453ABD2024D6C200B58F36 /* CartResponse.swift */,
				F4453ABE2024D6C200B58F36 /* Cartsku.swift */,
				F4453ABF2024D6C200B58F36 /* CartSKUResponse.swift */,
				F4453AC02024D6C200B58F36 /* Checkout.swift */,
				F4453AC12024D6C200B58F36 /* CheckoutResponse.swift */,
				F4453AC22024D6C200B58F36 /* Countries.swift */,
				F4453AC32024D6C200B58F36 /* CountriesResponse.swift */,
				F4453AC42024D6C200B58F36 /* Country.swift */,
				F4453AC52024D6C200B58F36 /* GetCartResponse.swift */,
				F4453AC62024D6C200B58F36 /* Invoice.swift */,
				F4453AC72024D6C200B58F36 /* Item.swift */,
				F4453AC82024D6C200B58F36 /* Shippable.swift */,
				F4453AC92024D6C200B58F36 /* ShippableResponse.swift */,
			);
			path = Cart;
			sourceTree = "<group>";
		};
		F4453ACA2024D6C200B58F36 /* challenge */ = {
			isa = PBXGroup;
			children = (
				F4453ACB2024D6C200B58F36 /* Activities.swift */,
				F4453ACC2024D6C200B58F36 /* Activity.swift */,
				F4453ACD2024D6C200B58F36 /* BaseChallengeActivity.swift */,
				F4453ACE2024D6C200B58F36 /* BaseChallengeResponse.swift */,
				F4453ACF2024D6C200B58F36 /* Challenge.swift */,
				F4453AD02024D6C200B58F36 /* ChallengeActivity.swift */,
				F4453AD12024D6C200B58F36 /* ChallengeAdditionalPropertie.swift */,
				F4453AD22024D6C200B58F36 /* ChallengeAsset.swift */,
				F4453AD32024D6C200B58F36 /* challengesPage.swift */,
				F4453AD42024D6C200B58F36 /* CurrencyReward.swift */,
				F4453AD52024D6C200B58F36 /* MainChallengeActiviyResponse.swift */,
				F4453AD62024D6C200B58F36 /* RewardSet.swift */,
				F4453AD72024D6C200B58F36 /* Setting.swift */,
			);
			path = challenge;
			sourceTree = "<group>";
		};
		F4453AD82024D6C200B58F36 /* Comment */ = {
			isa = PBXGroup;
			children = (
				F4453AD92024D6C200B58F36 /* Comment.swift */,
				F4453ADA2024D6C200B58F36 /* CommentResponse.swift */,
			);
			path = Comment;
			sourceTree = "<group>";
		};
		F4453ADB2024D6C200B58F36 /* Common */ = {
			isa = PBXGroup;
			children = (
				F4453ADC2024D6C200B58F36 /* BaseResponse.swift */,
				F4453ADD2024D6C200B58F36 /* Error.swift */,
			);
			path = Common;
			sourceTree = "<group>";
		};
		F4453ADE2024D6C200B58F36 /* config */ = {
			isa = PBXGroup;
			children = (
				F4453ADF2024D6C200B58F36 /* BaseConfigResponse.swift */,
				F4453AE02024D6C200B58F36 /* Config.swift */,
			);
			path = config;
			sourceTree = "<group>";
		};
		F4453AE12024D6C200B58F36 /* Disposition */ = {
			isa = PBXGroup;
			children = (
				F4453AE22024D6C200B58F36 /* Disposition.swift */,
				F4453AE32024D6C200B58F36 /* DispositionResponse.swift */,
				F4453AE42024D6C200B58F36 /* Dispositions.swift */,
				F4453AE52024D6C200B58F36 /* NewDispositionResponse.swift */,
			);
			path = Disposition;
			sourceTree = "<group>";
		};
		F4453AE62024D6C200B58F36 /* Favorite */ = {
			isa = PBXGroup;
			children = (
				F4453AE72024D6C200B58F36 /* Favorite.swift */,
				F4453AE82024D6C200B58F36 /* FavoriteResponse.swift */,
			);
			path = Favorite;
			sourceTree = "<group>";
		};
		F4453AE92024D6C200B58F36 /* flags */ = {
			isa = PBXGroup;
			children = (
				F4453AEA2024D6C200B58F36 /* Flag.swift */,
				F4453AEB2024D6C200B58F36 /* FlagBaseResponse.swift */,
				F4453AEC2024D6C200B58F36 /* FlagContent.swift */,
			);
			path = flags;
			sourceTree = "<group>";
		};
		F4453AED2024D6C200B58F36 /* Friendship */ = {
			isa = PBXGroup;
			children = (
				F4453AEE2024D6C200B58F36 /* Friend.swift */,
				F4453AEF2024D6C200B58F36 /* FriendsResponse.swift */,
			);
			path = Friendship;
			sourceTree = "<group>";
		};
		F4453AF02024D6C200B58F36 /* leaderboard */ = {
			isa = PBXGroup;
			children = (
				F4453AF12024D6C200B58F36 /* Entrie.swift */,
				F4453AF22024D6C200B58F36 /* Leaderboard.swift */,
				F4453AF32024D6C200B58F36 /* LeaderboardResponse.swift */,
				F4453AF42024D6C200B58F36 /* userrank */,
			);
			path = leaderboard;
			sourceTree = "<group>";
		};
		F4453AF42024D6C200B58F36 /* userrank */ = {
			isa = PBXGroup;
			children = (
				F4453AF52024D6C200B58F36 /* UserRankResponse.swift */,
			);
			path = userrank;
			sourceTree = "<group>";
		};
		F4453AF62024D6C200B58F36 /* metric */ = {
			isa = PBXGroup;
			children = (
				F4453AF72024D6C200B58F36 /* Metric.swift */,
			);
			path = metric;
			sourceTree = "<group>";
		};
		F4453AF82024D6C200B58F36 /* modelcategory */ = {
			isa = PBXGroup;
			children = (
				F4453AF92024D6C200B58F36 /* CategoriesBaseResponse.swift */,
				F4453AFA2024D6C200B58F36 /* CategoryAdditionalPropertie.swift */,
				F4453AFB2024D6C200B58F36 /* CategoryMessage.swift */,
				F4453AFC2024D6C200B58F36 /* CategoryObject.swift */,
				F4453AFD2024D6C200B58F36 /* CategoryPage.swift */,
				F4453AFE2024D6C200B58F36 /* CategoryThumbnail.swift */,
				F4453AFF2024D6C200B58F36 /* GeneralAdditionalObject.swift */,
			);
			path = modelcategory;
			sourceTree = "<group>";
		};
		F4453B002024D6C200B58F36 /* Registration */ = {
			isa = PBXGroup;
			children = (
				F4453B012024D6C200B58F36 /* GuestUser.swift */,
				F4453B022024D6C200B58F36 /* GuestUserResponse.swift */,
				F4453B032024D6C200B58F36 /* RegisteredUser.swift */,
				F4453B042024D6C200B58F36 /* RegisteredUserResponse.swift */,
			);
			path = Registration;
			sourceTree = "<group>";
		};
		F4453B052024D6C200B58F36 /* Store */ = {
			isa = PBXGroup;
			children = (
				F4453B062024D6C200B58F36 /* Page.swift */,
				F4453B072024D6C200B58F36 /* Related.swift */,
				F4453B082024D6C200B58F36 /* Sku.swift */,
				F4453B092024D6C200B58F36 /* StoreResponse.swift */,
			);
			path = Store;
			sourceTree = "<group>";
		};
		F4453B0A2024D6C200B58F36 /* User */ = {
			isa = PBXGroup;
			children = (
				F4453B0B2024D6C200B58F36 /* achievements */,
				F4453B0F2024D6C200B58F36 /* BaseAvatarResponse.swift */,
				F4453B102024D6C200B58F36 /* Devicetoken.swift */,
				F4453B112024D6C200B58F36 /* Propertie.swift */,
				F4453B122024D6C200B58F36 /* S3FileResponse.swift */,
				F4453B132024D6C200B58F36 /* SimpleUser.swift */,
				F4453B142024D6C200B58F36 /* strategies */,
				F4453B162024D6C200B58F36 /* User.swift */,
				F4453B172024D6C200B58F36 /* UserAvatarObject.swift */,
				F4453B182024D6C200B58F36 /* UserResponse.swift */,
				F4453B192024D6C200B58F36 /* Wallet.swift */,
			);
			path = User;
			sourceTree = "<group>";
		};
		F4453B0B2024D6C200B58F36 /* achievements */ = {
			isa = PBXGroup;
			children = (
				F4453B0C2024D6C200B58F36 /* Achievement.swift */,
				F4453B0D2024D6C200B58F36 /* Result.swift */,
				F4453B0E2024D6C200B58F36 /* UserAchievementsResponse.swift */,
			);
			path = achievements;
			sourceTree = "<group>";
		};
		F4453B142024D6C200B58F36 /* strategies */ = {
			isa = PBXGroup;
			children = (
				F4453B152024D6C200B58F36 /* StrategiesResponse.swift */,
			);
			path = strategies;
			sourceTree = "<group>";
		};
		F4453B1A2024D6C200B58F36 /* Video */ = {
			isa = PBXGroup;
			children = (
				F4453B1B2024D6C200B58F36 /* AddVideoResponse.swift */,
				F4453B1C2024D6C200B58F36 /* Artist.swift */,
				F4453B1D2024D6C200B58F36 /* Asset.swift */,
				F4453B1E2024D6C200B58F36 /* Behavior.swift */,
				F4453B1F2024D6C200B58F36 /* Catalog.swift */,
				F4453B202024D6C200B58F36 /* Contributor.swift */,
				F4453B212024D6C200B58F36 /* NewVideo.swift */,
				F4453B222024D6C200B58F36 /* Relation.swift */,
				F4453B232024D6C200B58F36 /* RelationshipdBaseResponse.swift */,
				F4453B242024D6C200B58F36 /* RelationshipObject.swift */,
				F4453B252024D6C200B58F36 /* UseUploaded.swift */,
				F4453B262024D6C200B58F36 /* Video.swift */,
				F4453B272024D6C200B58F36 /* VideoResponse.swift */,
			);
			path = Video;
			sourceTree = "<group>";
		};
		F4453B282024D6C200B58F36 /* virtualitems */ = {
			isa = PBXGroup;
			children = (
				F4453B292024D6C200B58F36 /* BaseVirtualItem.swift */,
				F4453B2A2024D6C200B58F36 /* BaseVirtualItemsWithAssets.swift */,
				F4453B2B2024D6C200B58F36 /* VirtualItem.swift */,
				F4453B2C2024D6C200B58F36 /* VirtualItemPage.swift */,
				F4453B2D2024D6C200B58F36 /* VirtualItemResultsAssets.swift */,
			);
			path = virtualitems;
			sourceTree = "<group>";
		};
		F4453B2E2024D6C200B58F36 /* wallet */ = {
			isa = PBXGroup;
			children = (
				F4453B2F2024D6C200B58F36 /* WalletRequest.swift */,
				F4453B302024D6C200B58F36 /* WalletResponse.swift */,
			);
			path = wallet;
			sourceTree = "<group>";
		};
		F4A1AAB11AA6147500D17F43 = {
			isa = PBXGroup;
			children = (
				F4A1AABD1AA6147500D17F43 /* JsapiApi */,
				F4A1AACA1AA6147600D17F43 /* JsapiApiTests */,
				F4A1AABC1AA6147500D17F43 /* Products */,
			);
			sourceTree = "<group>";
		};
		F4A1AABC1AA6147500D17F43 /* Products */ = {
			isa = PBXGroup;
			children = (
				F4A1AABB1AA6147500D17F43 /* JsapiApi.framework */,
				F4A1AAC61AA6147600D17F43 /* JsapiApiTests.xctest */,
			);
			name = Products;
			sourceTree = "<group>";
		};
		F4A1AABD1AA6147500D17F43 /* JsapiApi */ = {
			isa = PBXGroup;
			children = (
				F4453AA12024D6C200B58F36 /* Model */,
				F4A1AAD71AA6172C00D17F43 /* JsapiApi.swift */,
				F46E822B1CEE566A005B2F49 /* AchievementService.swift */,
				F47B97C91C9CB68600A2B30F /* ArticleService.swift */,
				F488C4F11C064C3300F2AF03 /* CategoriesService.swift */,
				F48006631AA656F600B27561 /* JSAPIConstant.swift */,
				F43641981C52B7950062F95E /* PageRequest.swift */,
				F47BB5A41ABC8457009AD1F6 /* UserService.swift */,
				F4B2EEF31BE417AB0045B898 /* FlagService.swift */,
				F48B9BC31AB0EBDC0069DBFA /* CartService.swift */,
				F47BF4E81AC2096200F2FB17 /* CommentService.swift */,
				F4C6FF0E1C7B6DED0039176A /* ChallengeService.swift */,
				F483B3E01AC5A48300A869C5 /* FriendshipService.swift */,
				F4D5867B1ACDC0AA001B47CA /* FavoriteService.swift */,
				F48BBD221ABB135B00EAFE09 /* Registration.swift */,
				F49EB52F1ACAE8240030437F /* StoreService.swift */,
				F41B6FB11B4ACB8700B66B1A /* VideoService.swift */,
				F45DBA901C58208A006A23AE /* ArtistService.swift */,
				F4AEA4201B8E1D0C0001F61A /* DispositionService.swift */,
				F44231871BA370FD0004810F /* MetricService.swift */,
				F442318A1BA371CF0004810F /* LeaderboardService.swift */,
				F4759B771BAB1D220047C6BA /* WalletService.swift */,
				F436419E1C52B8CB0062F95E /* NotificationService.swift */,
				F4ABA0D71C7E193300984274 /* ConfigService.swift */,
				F47861951AB1E62B00A10B02 /* JsapiRest.swift */,
				F43641951C52B67D0062F95E /* BREService.swift */,
				F47861921AB1BD7400A10B02 /* Utilities.swift */,
				F4A1AABE1AA6147500D17F43 /* Supporting Files */,
			);
			path = JsapiApi;
			sourceTree = "<group>";
		};
		F4A1AABE1AA6147500D17F43 /* Supporting Files */ = {
			isa = PBXGroup;
			children = (
				F4A1AABF1AA6147500D17F43 /* Info.plist */,
			);
			name = "Supporting Files";
			sourceTree = "<group>";
		};
		F4A1AACA1AA6147600D17F43 /* JsapiApiTests */ = {
			isa = PBXGroup;
			children = (
				F4759B7F1BAB208A0047C6BA /* WalletTest.swift */,
				F46ABB0A1BA70AC5004DF427 /* LeaderboardTest.swift */,
				F46ABB171BA721C0004DF427 /* MetricTest.swift */,
				F4C41C681B46D6CF0057F1A6 /* CartTest.swift */,
				F47F8F8A1B45A66F00934807 /* FavoriteTest.swift */,
				F47F8F881B45A64700934807 /* UserTest.swift */,
				F4AEA4221B8E1DD40001F61A /* DispositionTest.swift */,
				F4A1AACD1AA6147600D17F43 /* JsapiApiTests.swift */,
				F47F8F7F1B45A5A400934807 /* RegistrationTest.swift */,
				F4A1AACB1AA6147600D17F43 /* Supporting Files */,
			);
			path = JsapiApiTests;
			sourceTree = "<group>";
		};
		F4A1AACB1AA6147600D17F43 /* Supporting Files */ = {
			isa = PBXGroup;
			children = (
				F4A1AACC1AA6147600D17F43 /* Info.plist */,
			);
			name = "Supporting Files";
			sourceTree = "<group>";
		};
/* End PBXGroup section */

/* Begin PBXHeadersBuildPhase section */
		F4A1AAB81AA6147500D17F43 /* Headers */ = {
			isa = PBXHeadersBuildPhase;
			buildActionMask = 2147483647;
			files = (
			);
			runOnlyForDeploymentPostprocessing = 0;
		};
/* End PBXHeadersBuildPhase section */

/* Begin PBXNativeTarget section */
		F4A1AABA1AA6147500D17F43 /* JsapiApi */ = {
			isa = PBXNativeTarget;
			buildConfigurationList = F4A1AAD11AA6147600D17F43 /* Build configuration list for PBXNativeTarget "JsapiApi" */;
			buildPhases = (
				F4A1AAB61AA6147500D17F43 /* Sources */,
				F4A1AAB71AA6147500D17F43 /* Frameworks */,
				F4A1AAB81AA6147500D17F43 /* Headers */,
				F4A1AAB91AA6147500D17F43 /* Resources */,
			);
			buildRules = (
			);
			dependencies = (
			);
			name = JsapiApi;
			productName = JsapiApi;
			productReference = F4A1AABB1AA6147500D17F43 /* JsapiApi.framework */;
			productType = "com.apple.product-type.framework";
		};
		F4A1AAC51AA6147600D17F43 /* JsapiApiTests */ = {
			isa = PBXNativeTarget;
			buildConfigurationList = F4A1AAD41AA6147600D17F43 /* Build configuration list for PBXNativeTarget "JsapiApiTests" */;
			buildPhases = (
				F4A1AAC21AA6147600D17F43 /* Sources */,
				F4A1AAC31AA6147600D17F43 /* Frameworks */,
				F4A1AAC41AA6147600D17F43 /* Resources */,
			);
			buildRules = (
			);
			dependencies = (
				F4A1AAC91AA6147600D17F43 /* PBXTargetDependency */,
			);
			name = JsapiApiTests;
			productName = JsapiApiTests;
			productReference = F4A1AAC61AA6147600D17F43 /* JsapiApiTests.xctest */;
			productType = "com.apple.product-type.bundle.unit-test";
		};
/* End PBXNativeTarget section */

/* Begin PBXProject section */
		F4A1AAB21AA6147500D17F43 /* Project object */ = {
			isa = PBXProject;
			attributes = {
				LastSwiftMigration = 0700;
				LastSwiftUpdateCheck = 0700;
				LastUpgradeCheck = 0700;
				ORGANIZATIONNAME = Knetik;
				TargetAttributes = {
					F4A1AABA1AA6147500D17F43 = {
						CreatedOnToolsVersion = 6.1.1;
						LastSwiftMigration = 0800;
					};
					F4A1AAC51AA6147600D17F43 = {
						CreatedOnToolsVersion = 6.1.1;
					};
				};
			};
			buildConfigurationList = F4A1AAB51AA6147500D17F43 /* Build configuration list for PBXProject "JsapiApi" */;
			compatibilityVersion = "Xcode 3.2";
			developmentRegion = English;
			hasScannedForEncodings = 0;
			knownRegions = (
				en,
			);
			mainGroup = F4A1AAB11AA6147500D17F43;
			productRefGroup = F4A1AABC1AA6147500D17F43 /* Products */;
			projectDirPath = "";
			projectRoot = "";
			targets = (
				F4A1AABA1AA6147500D17F43 /* JsapiApi */,
				F4A1AAC51AA6147600D17F43 /* JsapiApiTests */,
			);
		};
/* End PBXProject section */

/* Begin PBXResourcesBuildPhase section */
		F4A1AAB91AA6147500D17F43 /* Resources */ = {
			isa = PBXResourcesBuildPhase;
			buildActionMask = 2147483647;
			files = (
			);
			runOnlyForDeploymentPostprocessing = 0;
		};
		F4A1AAC41AA6147600D17F43 /* Resources */ = {
			isa = PBXResourcesBuildPhase;
			buildActionMask = 2147483647;
			files = (
			);
			runOnlyForDeploymentPostprocessing = 0;
		};
/* End PBXResourcesBuildPhase section */

/* Begin PBXSourcesBuildPhase section */
		F4A1AAB61AA6147500D17F43 /* Sources */ = {
			isa = PBXSourcesBuildPhase;
			buildActionMask = 2147483647;
			files = (
				F4453B742024D6C200B58F36 /* LeaderboardResponse.swift in Sources */,
				F4453B6C2024D6C200B58F36 /* FavoriteResponse.swift in Sources */,
				F48BBD231ABB135B00EAFE09 /* Registration.swift in Sources */,
				F4453B872024D6C200B58F36 /* Result.swift in Sources */,
				F4453B7F2024D6C200B58F36 /* GuestUserResponse.swift in Sources */,
				F4453B562024D6C200B58F36 /* BaseChallengeActivity.swift in Sources */,
				F4453B652024D6C200B58F36 /* BaseConfigResponse.swift in Sources */,
				F4453B8B2024D6C200B58F36 /* Propertie.swift in Sources */,
				F4453B482024D6C200B58F36 /* Cartsku.swift in Sources */,
				F4453B312024D6C200B58F36 /* Achievements.swift in Sources */,
				F4453B422024D6C200B58F36 /* BatchAssetPage.swift in Sources */,
				F4453B362024D6C200B58F36 /* Order.swift in Sources */,
				F4453B7E2024D6C200B58F36 /* GuestUser.swift in Sources */,
				F4453B9F2024D6C300B58F36 /* VideoResponse.swift in Sources */,
				F4453B3C2024D6C200B58F36 /* ArtistObject.swift in Sources */,
				F4B2EEF41BE417AB0045B898 /* FlagService.swift in Sources */,
				F4453BA42024D6C300B58F36 /* VirtualItemResultsAssets.swift in Sources */,
				F4453B502024D6C200B58F36 /* Invoice.swift in Sources */,
				F46E822C1CEE566A005B2F49 /* AchievementService.swift in Sources */,
				F4453B612024D6C200B58F36 /* Comment.swift in Sources */,
				F4453B9D2024D6C300B58F36 /* UseUploaded.swift in Sources */,
				F4453B5C2024D6C200B58F36 /* challengesPage.swift in Sources */,
				F4453B382024D6C200B58F36 /* ArticlePage.swift in Sources */,
				F47861931AB1BD7400A10B02 /* Utilities.swift in Sources */,
				F488C4F21C064C3300F2AF03 /* CategoriesService.swift in Sources */,
				F4453BA52024D6C300B58F36 /* WalletRequest.swift in Sources */,
				F4453B5F2024D6C200B58F36 /* RewardSet.swift in Sources */,
				F4453B642024D6C200B58F36 /* Error.swift in Sources */,
				F4453B542024D6C200B58F36 /* Activities.swift in Sources */,
				F4453B962024D6C200B58F36 /* Behavior.swift in Sources */,
				F4453B402024D6C200B58F36 /* BaseAssetBatchResponse.swift in Sources */,
				F4453B622024D6C200B58F36 /* CommentResponse.swift in Sources */,
				F4453B842024D6C200B58F36 /* Sku.swift in Sources */,
				F4453B692024D6C200B58F36 /* Dispositions.swift in Sources */,
				F4453B772024D6C200B58F36 /* CategoriesBaseResponse.swift in Sources */,
				F4453B332024D6C200B58F36 /* AchievementsResponse.swift in Sources */,
				F4453B5E2024D6C200B58F36 /* MainChallengeActiviyResponse.swift in Sources */,
				F4453B8F2024D6C200B58F36 /* User.swift in Sources */,
				F4453B462024D6C200B58F36 /* CartDetails.swift in Sources */,
				F4453B832024D6C200B58F36 /* Related.swift in Sources */,
				F4453B8C2024D6C200B58F36 /* S3FileResponse.swift in Sources */,
				F4A1AAD81AA6172C00D17F43 /* JsapiApi.swift in Sources */,
				F4453B352024D6C200B58F36 /* AchievementTitle.swift in Sources */,
				F44231881BA370FD0004810F /* MetricService.swift in Sources */,
				F4453B6E2024D6C200B58F36 /* FlagBaseResponse.swift in Sources */,
				F4453B712024D6C200B58F36 /* FriendsResponse.swift in Sources */,
				F4453B862024D6C200B58F36 /* Achievement.swift in Sources */,
				F4453B9A2024D6C200B58F36 /* Relation.swift in Sources */,
				F4453B9E2024D6C300B58F36 /* Video.swift in Sources */,
				F4453B852024D6C200B58F36 /* StoreResponse.swift in Sources */,
				F4453B732024D6C200B58F36 /* Leaderboard.swift in Sources */,
				F4453B3D2024D6C200B58F36 /* ArtistPage.swift in Sources */,
				F4453B3B2024D6C200B58F36 /* ArtistAsset.swift in Sources */,
				F4453B902024D6C200B58F36 /* UserAvatarObject.swift in Sources */,
				F4453B8E2024D6C200B58F36 /* StrategiesResponse.swift in Sources */,
				F4453B9B2024D6C300B58F36 /* RelationshipdBaseResponse.swift in Sources */,
				F4453B942024D6C200B58F36 /* Artist.swift in Sources */,
				F4453B4A2024D6C200B58F36 /* Checkout.swift in Sources */,
				F4453B372024D6C200B58F36 /* Article.swift in Sources */,
				F4453B5D2024D6C200B58F36 /* CurrencyReward.swift in Sources */,
				F4453BA22024D6C300B58F36 /* VirtualItem.swift in Sources */,
				F4453B472024D6C200B58F36 /* CartResponse.swift in Sources */,
				F4453B512024D6C200B58F36 /* Item.swift in Sources */,
				F4453B8D2024D6C200B58F36 /* SimpleUser.swift in Sources */,
				F4453B952024D6C200B58F36 /* Asset.swift in Sources */,
				F4453B4C2024D6C200B58F36 /* Countries.swift in Sources */,
				F4453B452024D6C200B58F36 /* Cart.swift in Sources */,
				F4453B6A2024D6C200B58F36 /* NewDispositionResponse.swift in Sources */,
				F4453B392024D6C200B58F36 /* BaseArticleResponse.swift in Sources */,
				F45DBA911C58208A006A23AE /* ArtistService.swift in Sources */,
				F49EB5301ACAE8240030437F /* StoreService.swift in Sources */,
				F4453B782024D6C200B58F36 /* CategoryAdditionalPropertie.swift in Sources */,
				F4453B822024D6C200B58F36 /* Page.swift in Sources */,
				F436419F1C52B8CB0062F95E /* NotificationService.swift in Sources */,
				F4453B792024D6C200B58F36 /* CategoryMessage.swift in Sources */,
				F4453B4E2024D6C200B58F36 /* Country.swift in Sources */,
				F4453B442024D6C200B58F36 /* BatchRequest.swift in Sources */,
				F4759B781BAB1D220047C6BA /* WalletService.swift in Sources */,
				F43641961C52B67D0062F95E /* BREService.swift in Sources */,
				F4453B572024D6C200B58F36 /* BaseChallengeResponse.swift in Sources */,
				F4453B932024D6C200B58F36 /* AddVideoResponse.swift in Sources */,
				F4453B582024D6C200B58F36 /* Challenge.swift in Sources */,
				F4AEA4211B8E1D0C0001F61A /* DispositionService.swift in Sources */,
				F4453B7B2024D6C200B58F36 /* CategoryPage.swift in Sources */,
				F4453B322024D6C200B58F36 /* AchievementsPage.swift in Sources */,
				F4453B5B2024D6C200B58F36 /* ChallengeAsset.swift in Sources */,
				F4453B672024D6C200B58F36 /* Disposition.swift in Sources */,
				F4453B8A2024D6C200B58F36 /* Devicetoken.swift in Sources */,
				F43641991C52B7950062F95E /* PageRequest.swift in Sources */,
				F48006641AA656F600B27561 /* JSAPIConstant.swift in Sources */,
				F4453B342024D6C200B58F36 /* AchievementsSingleResponse.swift in Sources */,
				F4453B432024D6C200B58F36 /* BatchAssetResponseItem.swift in Sources */,
				F4453B892024D6C200B58F36 /* BaseAvatarResponse.swift in Sources */,
				F4453B7A2024D6C200B58F36 /* CategoryObject.swift in Sources */,
				F442318B1BA371CF0004810F /* LeaderboardService.swift in Sources */,
				F4453B4F2024D6C200B58F36 /* GetCartResponse.swift in Sources */,
				F4453B632024D6C200B58F36 /* BaseResponse.swift in Sources */,
				F4453B522024D6C200B58F36 /* Shippable.swift in Sources */,
				F4453B812024D6C200B58F36 /* RegisteredUserResponse.swift in Sources */,
				F4453B682024D6C200B58F36 /* DispositionResponse.swift in Sources */,
				F4453B3E2024D6C200B58F36 /* BaseArtistResponse.swift in Sources */,
				F48B9BC41AB0EBDC0069DBFA /* CartService.swift in Sources */,
				F4ABA0D81C7E193300984274 /* ConfigService.swift in Sources */,
				F4453B882024D6C200B58F36 /* UserAchievementsResponse.swift in Sources */,
				F4453B972024D6C200B58F36 /* Catalog.swift in Sources */,
				F4453B412024D6C200B58F36 /* Batch.swift in Sources */,
				F4453B3F2024D6C200B58F36 /* AssetContent.swift in Sources */,
				F47BF4E91AC2096200F2FB17 /* CommentService.swift in Sources */,
				F4453B992024D6C200B58F36 /* NewVideo.swift in Sources */,
				F4453B722024D6C200B58F36 /* Entrie.swift in Sources */,
				F4453B4B2024D6C200B58F36 /* CheckoutResponse.swift in Sources */,
				F4453B592024D6C200B58F36 /* ChallengeActivity.swift in Sources */,
				F4453B762024D6C200B58F36 /* Metric.swift in Sources */,
				F4453B6D2024D6C200B58F36 /* Flag.swift in Sources */,
				F4453B552024D6C200B58F36 /* Activity.swift in Sources */,
				F47BB5A51ABC8457009AD1F6 /* UserService.swift in Sources */,
				F47861961AB1E62B00A10B02 /* JsapiRest.swift in Sources */,
				F41B6FB21B4ACB8700B66B1A /* VideoService.swift in Sources */,
				F4453B912024D6C200B58F36 /* UserResponse.swift in Sources */,
				F4453B492024D6C200B58F36 /* CartSKUResponse.swift in Sources */,
				F4453B9C2024D6C300B58F36 /* RelationshipObject.swift in Sources */,
				F4453B532024D6C200B58F36 /* ShippableResponse.swift in Sources */,
				F4453BA02024D6C300B58F36 /* BaseVirtualItem.swift in Sources */,
				F4C6FF0F1C7B6DED0039176A /* ChallengeService.swift in Sources */,
				F4453B922024D6C200B58F36 /* Wallet.swift in Sources */,
				F4453BA32024D6C300B58F36 /* VirtualItemPage.swift in Sources */,
				F4453B3A2024D6C200B58F36 /* ArtistAdditionalPropertie.swift in Sources */,
				F4D5867C1ACDC0AA001B47CA /* FavoriteService.swift in Sources */,
				F483B3E11AC5A48300A869C5 /* FriendshipService.swift in Sources */,
				F4453B802024D6C200B58F36 /* RegisteredUser.swift in Sources */,
				F4453BA12024D6C300B58F36 /* BaseVirtualItemsWithAssets.swift in Sources */,
				F4453B602024D6C200B58F36 /* Setting.swift in Sources */,
				F4453B6B2024D6C200B58F36 /* Favorite.swift in Sources */,
				F4453B7C2024D6C200B58F36 /* CategoryThumbnail.swift in Sources */,
				F4453B982024D6C200B58F36 /* Contributor.swift in Sources */,
				F4453BA62024D6C300B58F36 /* WalletResponse.swift in Sources */,
				F4453B6F2024D6C200B58F36 /* FlagContent.swift in Sources */,
				F4453B4D2024D6C200B58F36 /* CountriesResponse.swift in Sources */,
				F4453B662024D6C200B58F36 /* Config.swift in Sources */,
				F4453B702024D6C200B58F36 /* Friend.swift in Sources */,
				F47B97CA1C9CB68600A2B30F /* ArticleService.swift in Sources */,
				F4453B5A2024D6C200B58F36 /* ChallengeAdditionalPropertie.swift in Sources */,
				F4453B7D2024D6C200B58F36 /* GeneralAdditionalObject.swift in Sources */,
				F4453B752024D6C200B58F36 /* UserRankResponse.swift in Sources */,
			);
			runOnlyForDeploymentPostprocessing = 0;
		};
		F4A1AAC21AA6147600D17F43 /* Sources */ = {
			isa = PBXSourcesBuildPhase;
			buildActionMask = 2147483647;
			files = (
				F47822F41AA7967F004464E1 /* JsapiApi.swift in Sources */,
				F4759B811BAB208A0047C6BA /* WalletTest.swift in Sources */,
				F47F8F891B45A64700934807 /* UserTest.swift in Sources */,
				F48B9BC51AB0EBDC0069DBFA /* CartService.swift in Sources */,
				F4D5867D1ACDC0AA001B47CA /* FavoriteService.swift in Sources */,
				F47861941AB1BD7400A10B02 /* Utilities.swift in Sources */,
				F4AEA4231B8E1DD40001F61A /* DispositionTest.swift in Sources */,
				F436419A1C52B7950062F95E /* PageRequest.swift in Sources */,
				F43641A01C52B8CB0062F95E /* NotificationService.swift in Sources */,
				F4C41C691B46D6CF0057F1A6 /* CartTest.swift in Sources */,
				F47822F51AA7967F004464E1 /* JSAPIConstant.swift in Sources */,
				F48BBD241ABB135B00EAFE09 /* Registration.swift in Sources */,
				F46ABB0B1BA70AC5004DF427 /* LeaderboardTest.swift in Sources */,
				F41B6FB51B4AD79A00B66B1A /* VideoService.swift in Sources */,
				F46ABB181BA721C0004DF427 /* MetricTest.swift in Sources */,
				F4A1AACE1AA6147600D17F43 /* JsapiApiTests.swift in Sources */,
				F4AEA4241B8E1E420001F61A /* DispositionService.swift in Sources */,
				F47F8F8B1B45A66F00934807 /* FavoriteTest.swift in Sources */,
				F47F8F811B45A5A400934807 /* RegistrationTest.swift in Sources */,
				F49EB5311ACAE8240030437F /* StoreService.swift in Sources */,
				F44231891BA371240004810F /* MetricService.swift in Sources */,
				F483B3E21AC5A48300A869C5 /* FriendshipService.swift in Sources */,
				F47BB5A61ABC8457009AD1F6 /* UserService.swift in Sources */,
				F442318C1BA371D40004810F /* LeaderboardService.swift in Sources */,
				F47BF4EA1AC2096200F2FB17 /* CommentService.swift in Sources */,
				F4759B791BAB1D220047C6BA /* WalletService.swift in Sources */,
				F43641971C52B67D0062F95E /* BREService.swift in Sources */,
				F47861971AB1E62B00A10B02 /* JsapiRest.swift in Sources */,
			);
			runOnlyForDeploymentPostprocessing = 0;
		};
/* End PBXSourcesBuildPhase section */

/* Begin PBXTargetDependency section */
		F4A1AAC91AA6147600D17F43 /* PBXTargetDependency */ = {
			isa = PBXTargetDependency;
			target = F4A1AABA1AA6147500D17F43 /* JsapiApi */;
			targetProxy = F4A1AAC81AA6147600D17F43 /* PBXContainerItemProxy */;
		};
/* End PBXTargetDependency section */

/* Begin XCBuildConfiguration section */
		F4A1AACF1AA6147600D17F43 /* Debug */ = {
			isa = XCBuildConfiguration;
			buildSettings = {
				ALWAYS_SEARCH_USER_PATHS = NO;
				CLANG_CXX_LANGUAGE_STANDARD = "gnu++0x";
				CLANG_CXX_LIBRARY = "libc++";
				CLANG_ENABLE_MODULES = YES;
				CLANG_ENABLE_OBJC_ARC = YES;
				CLANG_WARN_BOOL_CONVERSION = YES;
				CLANG_WARN_CONSTANT_CONVERSION = YES;
				CLANG_WARN_DIRECT_OBJC_ISA_USAGE = YES_ERROR;
				CLANG_WARN_EMPTY_BODY = YES;
				CLANG_WARN_ENUM_CONVERSION = YES;
				CLANG_WARN_INT_CONVERSION = YES;
				CLANG_WARN_OBJC_ROOT_CLASS = YES_ERROR;
				CLANG_WARN_UNREACHABLE_CODE = YES;
				CLANG_WARN__DUPLICATE_METHOD_MATCH = YES;
				"CODE_SIGN_IDENTITY[sdk=iphoneos*]" = "iPhone Developer";
				COPY_PHASE_STRIP = NO;
				CURRENT_PROJECT_VERSION = 1;
				ENABLE_STRICT_OBJC_MSGSEND = YES;
				ENABLE_TESTABILITY = YES;
				GCC_C_LANGUAGE_STANDARD = gnu99;
				GCC_DYNAMIC_NO_PIC = NO;
				GCC_OPTIMIZATION_LEVEL = 0;
				GCC_PREPROCESSOR_DEFINITIONS = (
					"DEBUG=1",
					"$(inherited)",
				);
				GCC_SYMBOLS_PRIVATE_EXTERN = NO;
				GCC_WARN_64_TO_32_BIT_CONVERSION = YES;
				GCC_WARN_ABOUT_RETURN_TYPE = YES_ERROR;
				GCC_WARN_UNDECLARED_SELECTOR = YES;
				GCC_WARN_UNINITIALIZED_AUTOS = YES_AGGRESSIVE;
				GCC_WARN_UNUSED_FUNCTION = YES;
				GCC_WARN_UNUSED_VARIABLE = YES;
				IPHONEOS_DEPLOYMENT_TARGET = 7.0;
				MTL_ENABLE_DEBUG_INFO = YES;
				ONLY_ACTIVE_ARCH = YES;
				SDKROOT = iphoneos;
				SWIFT_OPTIMIZATION_LEVEL = "-Onone";
				TARGETED_DEVICE_FAMILY = "1,2";
				VERSIONING_SYSTEM = "apple-generic";
				VERSION_INFO_PREFIX = "";
			};
			name = Debug;
		};
		F4A1AAD01AA6147600D17F43 /* Release */ = {
			isa = XCBuildConfiguration;
			buildSettings = {
				ALWAYS_SEARCH_USER_PATHS = NO;
				CLANG_CXX_LANGUAGE_STANDARD = "gnu++0x";
				CLANG_CXX_LIBRARY = "libc++";
				CLANG_ENABLE_MODULES = YES;
				CLANG_ENABLE_OBJC_ARC = YES;
				CLANG_WARN_BOOL_CONVERSION = YES;
				CLANG_WARN_CONSTANT_CONVERSION = YES;
				CLANG_WARN_DIRECT_OBJC_ISA_USAGE = YES_ERROR;
				CLANG_WARN_EMPTY_BODY = YES;
				CLANG_WARN_ENUM_CONVERSION = YES;
				CLANG_WARN_INT_CONVERSION = YES;
				CLANG_WARN_OBJC_ROOT_CLASS = YES_ERROR;
				CLANG_WARN_UNREACHABLE_CODE = YES;
				CLANG_WARN__DUPLICATE_METHOD_MATCH = YES;
				"CODE_SIGN_IDENTITY[sdk=iphoneos*]" = "iPhone Developer";
				COPY_PHASE_STRIP = YES;
				CURRENT_PROJECT_VERSION = 1;
				ENABLE_NS_ASSERTIONS = NO;
				ENABLE_STRICT_OBJC_MSGSEND = YES;
				GCC_C_LANGUAGE_STANDARD = gnu99;
				GCC_WARN_64_TO_32_BIT_CONVERSION = YES;
				GCC_WARN_ABOUT_RETURN_TYPE = YES_ERROR;
				GCC_WARN_UNDECLARED_SELECTOR = YES;
				GCC_WARN_UNINITIALIZED_AUTOS = YES_AGGRESSIVE;
				GCC_WARN_UNUSED_FUNCTION = YES;
				GCC_WARN_UNUSED_VARIABLE = YES;
				IPHONEOS_DEPLOYMENT_TARGET = 7.0;
				MTL_ENABLE_DEBUG_INFO = NO;
				SDKROOT = iphoneos;
				TARGETED_DEVICE_FAMILY = "1,2";
				VALIDATE_PRODUCT = YES;
				VERSIONING_SYSTEM = "apple-generic";
				VERSION_INFO_PREFIX = "";
			};
			name = Release;
		};
		F4A1AAD21AA6147600D17F43 /* Debug */ = {
			isa = XCBuildConfiguration;
			buildSettings = {
				APPLICATION_EXTENSION_API_ONLY = NO;
				CLANG_ENABLE_MODULES = YES;
				DEFINES_MODULE = YES;
				DYLIB_COMPATIBILITY_VERSION = 1;
				DYLIB_CURRENT_VERSION = 1;
				DYLIB_INSTALL_NAME_BASE = "@rpath";
				INFOPLIST_FILE = JsapiApi/Info.plist;
				INSTALL_PATH = "$(LOCAL_LIBRARY_DIR)/Frameworks";
				IPHONEOS_DEPLOYMENT_TARGET = 8.0;
				LD_RUNPATH_SEARCH_PATHS = "$(inherited) @executable_path/Frameworks @loader_path/Frameworks";
				LIBRARY_SEARCH_PATHS = (
					"$(inherited)",
					"$(SDKROOT)/usr/lib/system",
				);
				MACH_O_TYPE = mh_dylib;
				PRODUCT_BUNDLE_IDENTIFIER = "Knetik.$(PRODUCT_NAME:rfc1034identifier)";
				PRODUCT_NAME = "$(TARGET_NAME)";
				SKIP_INSTALL = YES;
				SWIFT_OPTIMIZATION_LEVEL = "-Onone";
				SWIFT_VERSION = 3.0;
			};
			name = Debug;
		};
		F4A1AAD31AA6147600D17F43 /* Release */ = {
			isa = XCBuildConfiguration;
			buildSettings = {
				APPLICATION_EXTENSION_API_ONLY = NO;
				CLANG_ENABLE_MODULES = YES;
				DEFINES_MODULE = YES;
				DYLIB_COMPATIBILITY_VERSION = 1;
				DYLIB_CURRENT_VERSION = 1;
				DYLIB_INSTALL_NAME_BASE = "@rpath";
				INFOPLIST_FILE = JsapiApi/Info.plist;
				INSTALL_PATH = "$(LOCAL_LIBRARY_DIR)/Frameworks";
				IPHONEOS_DEPLOYMENT_TARGET = 8.0;
				LD_RUNPATH_SEARCH_PATHS = "$(inherited) @executable_path/Frameworks @loader_path/Frameworks";
				LIBRARY_SEARCH_PATHS = (
					"$(inherited)",
					"$(SDKROOT)/usr/lib/system",
				);
				MACH_O_TYPE = mh_dylib;
				PRODUCT_BUNDLE_IDENTIFIER = "Knetik.$(PRODUCT_NAME:rfc1034identifier)";
				PRODUCT_NAME = "$(TARGET_NAME)";
				SKIP_INSTALL = YES;
				SWIFT_VERSION = 3.0;
			};
			name = Release;
		};
		F4A1AAD51AA6147600D17F43 /* Debug */ = {
			isa = XCBuildConfiguration;
			buildSettings = {
				FRAMEWORK_SEARCH_PATHS = (
					"$(SDKROOT)/Developer/Library/Frameworks",
					"$(inherited)",
				);
				GCC_PREPROCESSOR_DEFINITIONS = (
					"DEBUG=1",
					"$(inherited)",
				);
				INFOPLIST_FILE = JsapiApiTests/Info.plist;
				LD_RUNPATH_SEARCH_PATHS = "$(inherited) @executable_path/Frameworks @loader_path/Frameworks";
				PRODUCT_BUNDLE_IDENTIFIER = "Knetik.$(PRODUCT_NAME:rfc1034identifier)";
				PRODUCT_NAME = "$(TARGET_NAME)";
			};
			name = Debug;
		};
		F4A1AAD61AA6147600D17F43 /* Release */ = {
			isa = XCBuildConfiguration;
			buildSettings = {
				FRAMEWORK_SEARCH_PATHS = (
					"$(SDKROOT)/Developer/Library/Frameworks",
					"$(inherited)",
				);
				INFOPLIST_FILE = JsapiApiTests/Info.plist;
				LD_RUNPATH_SEARCH_PATHS = "$(inherited) @executable_path/Frameworks @loader_path/Frameworks";
				PRODUCT_BUNDLE_IDENTIFIER = "Knetik.$(PRODUCT_NAME:rfc1034identifier)";
				PRODUCT_NAME = "$(TARGET_NAME)";
			};
			name = Release;
		};
/* End XCBuildConfiguration section */

/* Begin XCConfigurationList section */
		F4A1AAB51AA6147500D17F43 /* Build configuration list for PBXProject "JsapiApi" */ = {
			isa = XCConfigurationList;
			buildConfigurations = (
				F4A1AACF1AA6147600D17F43 /* Debug */,
				F4A1AAD01AA6147600D17F43 /* Release */,
			);
			defaultConfigurationIsVisible = 0;
			defaultConfigurationName = Release;
		};
		F4A1AAD11AA6147600D17F43 /* Build configuration list for PBXNativeTarget "JsapiApi" */ = {
			isa = XCConfigurationList;
			buildConfigurations = (
				F4A1AAD21AA6147600D17F43 /* Debug */,
				F4A1AAD31AA6147600D17F43 /* Release */,
			);
			defaultConfigurationIsVisible = 0;
			defaultConfigurationName = Release;
		};
		F4A1AAD41AA6147600D17F43 /* Build configuration list for PBXNativeTarget "JsapiApiTests" */ = {
			isa = XCConfigurationList;
			buildConfigurations = (
				F4A1AAD51AA6147600D17F43 /* Debug */,
				F4A1AAD61AA6147600D17F43 /* Release */,
			);
			defaultConfigurationIsVisible = 0;
			defaultConfigurationName = Release;
		};
/* End XCConfigurationList section */
	};
	rootObject = F4A1AAB21AA6147500D17F43 /* Project object */;
}
