// !$*UTF8*$!
{
	archiveVersion = 1;
	classes = {
	};
	objectVersion = 46;
	objects = {

/* Begin PBXBuildFile section */
		F438C33C1B4468B8006B4726 /* JsapiApi.framework in Frameworks */ = {isa = PBXBuildFile; fileRef = F438C33B1B4468B8006B4726 /* JsapiApi.framework */; };
		F48006061AA639A100B27561 /* AppDelegate.swift in Sources */ = {isa = PBXBuildFile; fileRef = F48006051AA639A100B27561 /* AppDelegate.swift */; };
		F48006081AA639A100B27561 /* ViewController.swift in Sources */ = {isa = PBXBuildFile; fileRef = F48006071AA639A100B27561 /* ViewController.swift */; };
		F480060B1AA639A100B27561 /* Main.storyboard in Resources */ = {isa = PBXBuildFile; fileRef = F48006091AA639A100B27561 /* Main.storyboard */; };
		F480060D1AA639A100B27561 /* Images.xcassets in Resources */ = {isa = PBXBuildFile; fileRef = F480060C1AA639A100B27561 /* Images.xcassets */; };
		F48006101AA639A100B27561 /* LaunchScreen.xib in Resources */ = {isa = PBXBuildFile; fileRef = F480060E1AA639A100B27561 /* LaunchScreen.xib */; };
		F480061C1AA639A200B27561 /* JsapiApiTestTests.swift in Sources */ = {isa = PBXBuildFile; fileRef = F480061B1AA639A200B27561 /* JsapiApiTestTests.swift */; };
/* End PBXBuildFile section */

/* Begin PBXContainerItemProxy section */
		F48006161AA639A200B27561 /* PBXContainerItemProxy */ = {
			isa = PBXContainerItemProxy;
			containerPortal = F48005F81AA639A100B27561 /* Project object */;
			proxyType = 1;
			remoteGlobalIDString = F48005FF1AA639A100B27561;
			remoteInfo = JsapiApiTest;
		};
/* End PBXContainerItemProxy section */

/* Begin PBXCopyFilesBuildPhase section */
		F48006611AA64E8300B27561 /* CopyFiles */ = {
			isa = PBXCopyFilesBuildPhase;
			buildActionMask = 2147483647;
			dstPath = "";
			dstSubfolderSpec = 10;
			files = (
			);
			runOnlyForDeploymentPostprocessing = 0;
		};
/* End PBXCopyFilesBuildPhase section */

/* Begin PBXFileReference section */
		F438C33B1B4468B8006B4726 /* JsapiApi.framework */ = {isa = PBXFileReference; lastKnownFileType = wrapper.framework; name = JsapiApi.framework; path = "../JSAPI SDK/build/Debug-iphoneos/JsapiApi.framework"; sourceTree = "<group>"; };
		F48006001AA639A100B27561 /* JsapiApiTest.app */ = {isa = PBXFileReference; explicitFileType = wrapper.application; includeInIndex = 0; path = JsapiApiTest.app; sourceTree = BUILT_PRODUCTS_DIR; };
		F48006041AA639A100B27561 /* Info.plist */ = {isa = PBXFileReference; lastKnownFileType = text.plist.xml; path = Info.plist; sourceTree = "<group>"; };
		F48006051AA639A100B27561 /* AppDelegate.swift */ = {isa = PBXFileReference; lastKnownFileType = sourcecode.swift; path = AppDelegate.swift; sourceTree = "<group>"; };
		F48006071AA639A100B27561 /* ViewController.swift */ = {isa = PBXFileReference; lastKnownFileType = sourcecode.swift; path = ViewController.swift; sourceTree = "<group>"; };
		F480060A1AA639A100B27561 /* Base */ = {isa = PBXFileReference; lastKnownFileType = file.storyboard; name = Base; path = Base.lproj/Main.storyboard; sourceTree = "<group>"; };
		F480060C1AA639A100B27561 /* Images.xcassets */ = {isa = PBXFileReference; lastKnownFileType = folder.assetcatalog; path = Images.xcassets; sourceTree = "<group>"; };
		F480060F1AA639A100B27561 /* Base */ = {isa = PBXFileReference; lastKnownFileType = file.xib; name = Base; path = Base.lproj/LaunchScreen.xib; sourceTree = "<group>"; };
		F48006151AA639A200B27561 /* JsapiApiTestTests.xctest */ = {isa = PBXFileReference; explicitFileType = wrapper.cfbundle; includeInIndex = 0; path = JsapiApiTestTests.xctest; sourceTree = BUILT_PRODUCTS_DIR; };
		F480061A1AA639A200B27561 /* Info.plist */ = {isa = PBXFileReference; lastKnownFileType = text.plist.xml; path = Info.plist; sourceTree = "<group>"; };
		F480061B1AA639A200B27561 /* JsapiApiTestTests.swift */ = {isa = PBXFileReference; lastKnownFileType = sourcecode.swift; path = JsapiApiTestTests.swift; sourceTree = "<group>"; };
		F4ABE5871AA8F6660099836A /* JsapiApi.framework */ = {isa = PBXFileReference; lastKnownFileType = wrapper.framework; name = JsapiApi.framework; path = "../../../Users/Home/Library/Developer/Xcode/DerivedData/JsapiApiWorkSpace-gwhlbghlhlkammceclngqlctcdba/Build/Products/Debug-iphoneos/JsapiApi.framework"; sourceTree = "<group>"; };
/* End PBXFileReference section */

/* Begin PBXFrameworksBuildPhase section */
		F48005FD1AA639A100B27561 /* Frameworks */ = {
			isa = PBXFrameworksBuildPhase;
			buildActionMask = 2147483647;
			files = (
				F438C33C1B4468B8006B4726 /* JsapiApi.framework in Frameworks */,
			);
			runOnlyForDeploymentPostprocessing = 0;
		};
		F48006121AA639A200B27561 /* Frameworks */ = {
			isa = PBXFrameworksBuildPhase;
			buildActionMask = 2147483647;
			files = (
			);
			runOnlyForDeploymentPostprocessing = 0;
		};
/* End PBXFrameworksBuildPhase section */

/* Begin PBXGroup section */
		F48005F71AA639A100B27561 = {
			isa = PBXGroup;
			children = (
				F438C33B1B4468B8006B4726 /* JsapiApi.framework */,
				F4ABE5871AA8F6660099836A /* JsapiApi.framework */,
				F48006021AA639A100B27561 /* JsapiApiTest */,
				F48006181AA639A200B27561 /* JsapiApiTestTests */,
				F48006011AA639A100B27561 /* Products */,
			);
			sourceTree = "<group>";
		};
		F48006011AA639A100B27561 /* Products */ = {
			isa = PBXGroup;
			children = (
				F48006001AA639A100B27561 /* JsapiApiTest.app */,
				F48006151AA639A200B27561 /* JsapiApiTestTests.xctest */,
			);
			name = Products;
			sourceTree = "<group>";
		};
		F48006021AA639A100B27561 /* JsapiApiTest */ = {
			isa = PBXGroup;
			children = (
				F48006051AA639A100B27561 /* AppDelegate.swift */,
				F48006071AA639A100B27561 /* ViewController.swift */,
				F48006091AA639A100B27561 /* Main.storyboard */,
				F480060C1AA639A100B27561 /* Images.xcassets */,
				F480060E1AA639A100B27561 /* LaunchScreen.xib */,
				F48006031AA639A100B27561 /* Supporting Files */,
			);
			path = JsapiApiTest;
			sourceTree = "<group>";
		};
		F48006031AA639A100B27561 /* Supporting Files */ = {
			isa = PBXGroup;
			children = (
				F48006041AA639A100B27561 /* Info.plist */,
			);
			name = "Supporting Files";
			sourceTree = "<group>";
		};
		F48006181AA639A200B27561 /* JsapiApiTestTests */ = {
			isa = PBXGroup;
			children = (
				F480061B1AA639A200B27561 /* JsapiApiTestTests.swift */,
				F48006191AA639A200B27561 /* Supporting Files */,
			);
			path = JsapiApiTestTests;
			sourceTree = "<group>";
		};
		F48006191AA639A200B27561 /* Supporting Files */ = {
			isa = PBXGroup;
			children = (
				F480061A1AA639A200B27561 /* Info.plist */,
			);
			name = "Supporting Files";
			sourceTree = "<group>";
		};
/* End PBXGroup section */

/* Begin PBXNativeTarget section */
		F48005FF1AA639A100B27561 /* JsapiApiTest */ = {
			isa = PBXNativeTarget;
			buildConfigurationList = F480061F1AA639A200B27561 /* Build configuration list for PBXNativeTarget "JsapiApiTest" */;
			buildPhases = (
				F48005FC1AA639A100B27561 /* Sources */,
				F48005FD1AA639A100B27561 /* Frameworks */,
				F48005FE1AA639A100B27561 /* Resources */,
				F48006611AA64E8300B27561 /* CopyFiles */,
			);
			buildRules = (
			);
			dependencies = (
			);
			name = JsapiApiTest;
			productName = JsapiApiTest;
			productReference = F48006001AA639A100B27561 /* JsapiApiTest.app */;
			productType = "com.apple.product-type.application";
		};
		F48006141AA639A200B27561 /* JsapiApiTestTests */ = {
			isa = PBXNativeTarget;
			buildConfigurationList = F48006221AA639A200B27561 /* Build configuration list for PBXNativeTarget "JsapiApiTestTests" */;
			buildPhases = (
				F48006111AA639A200B27561 /* Sources */,
				F48006121AA639A200B27561 /* Frameworks */,
				F48006131AA639A200B27561 /* Resources */,
			);
			buildRules = (
			);
			dependencies = (
				F48006171AA639A200B27561 /* PBXTargetDependency */,
			);
			name = JsapiApiTestTests;
			productName = JsapiApiTestTests;
			productReference = F48006151AA639A200B27561 /* JsapiApiTestTests.xctest */;
			productType = "com.apple.product-type.bundle.unit-test";
		};
/* End PBXNativeTarget section */

/* Begin PBXProject section */
		F48005F81AA639A100B27561 /* Project object */ = {
			isa = PBXProject;
			attributes = {
				LastSwiftMigration = 0700;
				LastSwiftUpdateCheck = 0700;
				LastUpgradeCheck = 0610;
				ORGANIZATIONNAME = Knetik;
				TargetAttributes = {
					F48005FF1AA639A100B27561 = {
						CreatedOnToolsVersion = 6.1.1;
					};
					F48006141AA639A200B27561 = {
						CreatedOnToolsVersion = 6.1.1;
						TestTargetID = F48005FF1AA639A100B27561;
					};
				};
			};
			buildConfigurationList = F48005FB1AA639A100B27561 /* Build configuration list for PBXProject "JsapiApiTest" */;
			compatibilityVersion = "Xcode 3.2";
			developmentRegion = English;
			hasScannedForEncodings = 0;
			knownRegions = (
				en,
				Base,
			);
			mainGroup = F48005F71AA639A100B27561;
			productRefGroup = F48006011AA639A100B27561 /* Products */;
			projectDirPath = "";
			projectRoot = "";
			targets = (
				F48005FF1AA639A100B27561 /* JsapiApiTest */,
				F48006141AA639A200B27561 /* JsapiApiTestTests */,
			);
		};
/* End PBXProject section */

/* Begin PBXResourcesBuildPhase section */
		F48005FE1AA639A100B27561 /* Resources */ = {
			isa = PBXResourcesBuildPhase;
			buildActionMask = 2147483647;
			files = (
				F480060B1AA639A100B27561 /* Main.storyboard in Resources */,
				F48006101AA639A100B27561 /* LaunchScreen.xib in Resources */,
				F480060D1AA639A100B27561 /* Images.xcassets in Resources */,
			);
			runOnlyForDeploymentPostprocessing = 0;
		};
		F48006131AA639A200B27561 /* Resources */ = {
			isa = PBXResourcesBuildPhase;
			buildActionMask = 2147483647;
			files = (
			);
			runOnlyForDeploymentPostprocessing = 0;
		};
/* End PBXResourcesBuildPhase section */

/* Begin PBXSourcesBuildPhase section */
		F48005FC1AA639A100B27561 /* Sources */ = {
			isa = PBXSourcesBuildPhase;
			buildActionMask = 2147483647;
			files = (
				F48006081AA639A100B27561 /* ViewController.swift in Sources */,
				F48006061AA639A100B27561 /* AppDelegate.swift in Sources */,
			);
			runOnlyForDeploymentPostprocessing = 0;
		};
		F48006111AA639A200B27561 /* Sources */ = {
			isa = PBXSourcesBuildPhase;
			buildActionMask = 2147483647;
			files = (
				F480061C1AA639A200B27561 /* JsapiApiTestTests.swift in Sources */,
			);
			runOnlyForDeploymentPostprocessing = 0;
		};
/* End PBXSourcesBuildPhase section */

/* Begin PBXTargetDependency section */
		F48006171AA639A200B27561 /* PBXTargetDependency */ = {
			isa = PBXTargetDependency;
			target = F48005FF1AA639A100B27561 /* JsapiApiTest */;
			targetProxy = F48006161AA639A200B27561 /* PBXContainerItemProxy */;
		};
/* End PBXTargetDependency section */

/* Begin PBXVariantGroup section */
		F48006091AA639A100B27561 /* Main.storyboard */ = {
			isa = PBXVariantGroup;
			children = (
				F480060A1AA639A100B27561 /* Base */,
			);
			name = Main.storyboard;
			sourceTree = "<group>";
		};
		F480060E1AA639A100B27561 /* LaunchScreen.xib */ = {
			isa = PBXVariantGroup;
			children = (
				F480060F1AA639A100B27561 /* Base */,
			);
			name = LaunchScreen.xib;
			sourceTree = "<group>";
		};
/* End PBXVariantGroup section */

/* Begin XCBuildConfiguration section */
		F480061D1AA639A200B27561 /* Debug */ = {
			isa = XCBuildConfiguration;
			buildSettings = {
				ALWAYS_SEARCH_USER_PATHS = NO;
				CLANG_CXX_LANGUAGE_STANDARD = "gnu++0x";
				CLANG_CXX_LIBRARY = "libc++";
				CLANG_ENABLE_MODULES = YES;
				CLANG_ENABLE_OBJC_ARC = YES;
				CLANG_WARN_BOOL_CONVERSION = YES;
				CLANG_WARN_CONSTANT_CONVERSION = YES;
				CLANG_WARN_DIRECT_OBJC_ISA_USAGE = YES_ERROR;
				CLANG_WARN_EMPTY_BODY = YES;
				CLANG_WARN_ENUM_CONVERSION = YES;
				CLANG_WARN_INT_CONVERSION = YES;
				CLANG_WARN_OBJC_ROOT_CLASS = YES_ERROR;
				CLANG_WARN_UNREACHABLE_CODE = YES;
				CLANG_WARN__DUPLICATE_METHOD_MATCH = YES;
				"CODE_SIGN_IDENTITY[sdk=iphoneos*]" = "iPhone Developer";
				COPY_PHASE_STRIP = NO;
				ENABLE_STRICT_OBJC_MSGSEND = YES;
				GCC_C_LANGUAGE_STANDARD = gnu99;
				GCC_DYNAMIC_NO_PIC = NO;
				GCC_OPTIMIZATION_LEVEL = 0;
				GCC_PREPROCESSOR_DEFINITIONS = (
					"DEBUG=1",
					"$(inherited)",
				);
				GCC_SYMBOLS_PRIVATE_EXTERN = NO;
				GCC_WARN_64_TO_32_BIT_CONVERSION = YES;
				GCC_WARN_ABOUT_RETURN_TYPE = YES_ERROR;
				GCC_WARN_UNDECLARED_SELECTOR = YES;
				GCC_WARN_UNINITIALIZED_AUTOS = YES_AGGRESSIVE;
				GCC_WARN_UNUSED_FUNCTION = YES;
				GCC_WARN_UNUSED_VARIABLE = YES;
				IPHONEOS_DEPLOYMENT_TARGET = 8.1;
				MTL_ENABLE_DEBUG_INFO = YES;
				ONLY_ACTIVE_ARCH = YES;
				SDKROOT = iphoneos;
				SWIFT_OPTIMIZATION_LEVEL = "-Onone";
			};
			name = Debug;
		};
		F480061E1AA639A200B27561 /* Release */ = {
			isa = XCBuildConfiguration;
			buildSettings = {
				ALWAYS_SEARCH_USER_PATHS = NO;
				CLANG_CXX_LANGUAGE_STANDARD = "gnu++0x";
				CLANG_CXX_LIBRARY = "libc++";
				CLANG_ENABLE_MODULES = YES;
				CLANG_ENABLE_OBJC_ARC = YES;
				CLANG_WARN_BOOL_CONVERSION = YES;
				CLANG_WARN_CONSTANT_CONVERSION = YES;
				CLANG_WARN_DIRECT_OBJC_ISA_USAGE = YES_ERROR;
				CLANG_WARN_EMPTY_BODY = YES;
				CLANG_WARN_ENUM_CONVERSION = YES;
				CLANG_WARN_INT_CONVERSION = YES;
				CLANG_WARN_OBJC_ROOT_CLASS = YES_ERROR;
				CLANG_WARN_UNREACHABLE_CODE = YES;
				CLANG_WARN__DUPLICATE_METHOD_MATCH = YES;
				"CODE_SIGN_IDENTITY[sdk=iphoneos*]" = "iPhone Developer";
				COPY_PHASE_STRIP = YES;
				ENABLE_NS_ASSERTIONS = NO;
				ENABLE_STRICT_OBJC_MSGSEND = YES;
				GCC_C_LANGUAGE_STANDARD = gnu99;
				GCC_WARN_64_TO_32_BIT_CONVERSION = YES;
				GCC_WARN_ABOUT_RETURN_TYPE = YES_ERROR;
				GCC_WARN_UNDECLARED_SELECTOR = YES;
				GCC_WARN_UNINITIALIZED_AUTOS = YES_AGGRESSIVE;
				GCC_WARN_UNUSED_FUNCTION = YES;
				GCC_WARN_UNUSED_VARIABLE = YES;
				IPHONEOS_DEPLOYMENT_TARGET = 8.1;
				MTL_ENABLE_DEBUG_INFO = NO;
				SDKROOT = iphoneos;
				VALIDATE_PRODUCT = YES;
			};
			name = Release;
		};
		F48006201AA639A200B27561 /* Debug */ = {
			isa = XCBuildConfiguration;
			buildSettings = {
				ASSETCATALOG_COMPILER_APPICON_NAME = AppIcon;
				FRAMEWORK_SEARCH_PATHS = (
					"$(inherited)",
					/KnetikProjects/JsapiApi/JSAPI,
					"SDK/build/Debug-iphoneos",
					/KnetikProjects/JsapiApi/JSAPI,
					"SDK/build/Debug-iphoneos",
					"$(USER_LIBRARY_DIR)/Developer/Xcode/DerivedData/JsapiApiWorkSpace-gwhlbghlhlkammceclngqlctcdba/Build/Products/Debug-iphoneos",
					"/KnetikProjects/JSAPI-Mobile_SDK/iOS-SDK/JSAPI",
					"SDK/build/Debug-iphoneos",
				);
				INFOPLIST_FILE = JsapiApiTest/Info.plist;
				IPHONEOS_DEPLOYMENT_TARGET = 7.1;
				LD_RUNPATH_SEARCH_PATHS = "$(inherited) @executable_path/Frameworks";
				ONLY_ACTIVE_ARCH = YES;
				PRODUCT_NAME = "$(TARGET_NAME)";
			};
			name = Debug;
		};
		F48006211AA639A200B27561 /* Release */ = {
			isa = XCBuildConfiguration;
			buildSettings = {
				ASSETCATALOG_COMPILER_APPICON_NAME = AppIcon;
				FRAMEWORK_SEARCH_PATHS = (
					"$(inherited)",
					/KnetikProjects/JsapiApi/JSAPI,
					"SDK/build/Debug-iphoneos",
					/KnetikProjects/JsapiApi/JSAPI,
					"SDK/build/Debug-iphoneos",
					"$(USER_LIBRARY_DIR)/Developer/Xcode/DerivedData/JsapiApiWorkSpace-gwhlbghlhlkammceclngqlctcdba/Build/Products/Debug-iphoneos",
					"/KnetikProjects/JSAPI-Mobile_SDK/iOS-SDK/JSAPI",
					"SDK/build/Debug-iphoneos",
				);
				INFOPLIST_FILE = JsapiApiTest/Info.plist;
				IPHONEOS_DEPLOYMENT_TARGET = 7.1;
				LD_RUNPATH_SEARCH_PATHS = "$(inherited) @executable_path/Frameworks";
				ONLY_ACTIVE_ARCH = YES;
				PRODUCT_NAME = "$(TARGET_NAME)";
			};
			name = Release;
		};
		F48006231AA639A200B27561 /* Debug */ = {
			isa = XCBuildConfiguration;
			buildSettings = {
				BUNDLE_LOADER = "$(TEST_HOST)";
				FRAMEWORK_SEARCH_PATHS = (
					"$(SDKROOT)/Developer/Library/Frameworks",
					"$(inherited)",
				);
				GCC_PREPROCESSOR_DEFINITIONS = (
					"DEBUG=1",
					"$(inherited)",
				);
				INFOPLIST_FILE = JsapiApiTestTests/Info.plist;
				LD_RUNPATH_SEARCH_PATHS = "$(inherited) @executable_path/Frameworks @loader_path/Frameworks";
				PRODUCT_NAME = "$(TARGET_NAME)";
				TEST_HOST = "$(BUILT_PRODUCTS_DIR)/JsapiApiTest.app/JsapiApiTest";
			};
			name = Debug;
		};
		F48006241AA639A200B27561 /* Release */ = {
			isa = XCBuildConfiguration;
			buildSettings = {
				BUNDLE_LOADER = "$(TEST_HOST)";
				FRAMEWORK_SEARCH_PATHS = (
					"$(SDKROOT)/Developer/Library/Frameworks",
					"$(inherited)",
				);
				INFOPLIST_FILE = JsapiApiTestTests/Info.plist;
				LD_RUNPATH_SEARCH_PATHS = "$(inherited) @executable_path/Frameworks @loader_path/Frameworks";
				PRODUCT_NAME = "$(TARGET_NAME)";
				TEST_HOST = "$(BUILT_PRODUCTS_DIR)/JsapiApiTest.app/JsapiApiTest";
			};
			name = Release;
		};
/* End XCBuildConfiguration section */

/* Begin XCConfigurationList section */
		F48005FB1AA639A100B27561 /* Build configuration list for PBXProject "JsapiApiTest" */ = {
			isa = XCConfigurationList;
			buildConfigurations = (
				F480061D1AA639A200B27561 /* Debug */,
				F480061E1AA639A200B27561 /* Release */,
			);
			defaultConfigurationIsVisible = 0;
			defaultConfigurationName = Release;
		};
		F480061F1AA639A200B27561 /* Build configuration list for PBXNativeTarget "JsapiApiTest" */ = {
			isa = XCConfigurationList;
			buildConfigurations = (
				F48006201AA639A200B27561 /* Debug */,
				F48006211AA639A200B27561 /* Release */,
			);
			defaultConfigurationIsVisible = 0;
			defaultConfigurationName = Release;
		};
		F48006221AA639A200B27561 /* Build configuration list for PBXNativeTarget "JsapiApiTestTests" */ = {
			isa = XCConfigurationList;
			buildConfigurations = (
				F48006231AA639A200B27561 /* Debug */,
				F48006241AA639A200B27561 /* Release */,
			);
			defaultConfigurationIsVisible = 0;
			defaultConfigurationName = Release;
		};
/* End XCConfigurationList section */
	};
	rootObject = F48005F81AA639A100B27561 /* Project object */;
}
